// !$*UTF8*$!
{
	archiveVersion = 1;
	classes = {
	};
	objectVersion = 46;
	objects = {

/* Begin PBXAggregateTarget section */
		2CAD9FDD7E7F44E1AFC9A3AD /* ZERO_CHECK */ = {
			isa = PBXAggregateTarget;
			buildConfigurationList = E8C75EBB0BEB42A8A26242C8 /* Build configuration list for PBXAggregateTarget "ZERO_CHECK" */;
			buildPhases = (
				E9810FB974C54F4385E9BD4A /* CMake Rules */,
			);
			dependencies = (
			);
			name = ZERO_CHECK;
			productName = ZERO_CHECK;
		};
		59F9F2C1B1E2466CB42C03D7 /* ALL_BUILD */ = {
			isa = PBXAggregateTarget;
			buildConfigurationList = E7EF0449BDBA472D94DF13E6 /* Build configuration list for PBXAggregateTarget "ALL_BUILD" */;
			buildPhases = (
				4E49F3D851B2476AA9BCD412 /* CMake Rules */,
			);
			dependencies = (
				D2F980ACBB074F95B8E6F948 /* PBXTargetDependency */,
				3E84E99630464009A032AA30 /* PBXTargetDependency */,
				97FA1203310E4749B391CD85 /* PBXTargetDependency */,
			);
			name = ALL_BUILD;
			productName = ALL_BUILD;
		};
		ED5A9F841A214F728B8E2425 /* install */ = {
			isa = PBXAggregateTarget;
			buildConfigurationList = 2B7C9E537D244746B3F82E03 /* Build configuration list for PBXAggregateTarget "install" */;
			buildPhases = (
				A45E712FB9D944B686152CC0 /* CMake PostBuild Rules */,
			);
			dependencies = (
				9D70AB50127B46B88BF7DBA0 /* PBXTargetDependency */,
			);
			name = install;
			productName = install;
		};
		EEDD7E4312D24F479F508786 /* uninstall */ = {
			isa = PBXAggregateTarget;
			buildConfigurationList = 39F233CC8F9D4D21AE4FC441 /* Build configuration list for PBXAggregateTarget "uninstall" */;
			buildPhases = (
				69E9AD53132645D0A7A12BDF /* CMake Rules */,
			);
			dependencies = (
			);
			name = uninstall;
			productName = uninstall;
		};
/* End PBXAggregateTarget section */

/* Begin PBXBuildFile section */
		00D234F0F9F1417D80C17035 /* /Users/shanikawijerathna/projects/camid/video-app/lib/glfw/src/monitor.c */ = {isa = PBXBuildFile; fileRef = 1E87A0BB8DBC40A397E9223E /* /Users/shanikawijerathna/projects/camid/video-app/lib/glfw/src/monitor.c */; settings = {COMPILER_FLAGS = "-Wdeclaration-after-statement"; }; };
		0D631551734D4671811C4947 /* /Users/shanikawijerathna/projects/camid/video-app/lib/glfw/src/posix_thread.h */ = {isa = PBXBuildFile; fileRef = 2BDFF369E25644B194EBED9B /* /Users/shanikawijerathna/projects/camid/video-app/lib/glfw/src/posix_thread.h */; };
		19D6B98394B9430ABCAFA160 /* /Users/shanikawijerathna/projects/camid/video-app/lib/glfw/src/window.c */ = {isa = PBXBuildFile; fileRef = F4AAA445FBA74CC7A0986709 /* /Users/shanikawijerathna/projects/camid/video-app/lib/glfw/src/window.c */; settings = {COMPILER_FLAGS = "-Wdeclaration-after-statement"; }; };
		22377592B4DF48D28ECD4A54 /* /Users/shanikawijerathna/projects/camid/video-app/lib/glfw/src/input.c */ = {isa = PBXBuildFile; fileRef = 052C9CEE413D42729096CC26 /* /Users/shanikawijerathna/projects/camid/video-app/lib/glfw/src/input.c */; settings = {COMPILER_FLAGS = "-Wdeclaration-after-statement"; }; };
		22B7658C3F9C4A39862CAB85 /* /Users/shanikawijerathna/projects/camid/video-app/lib/glfw/src/cocoa_window.m */ = {isa = PBXBuildFile; fileRef = 3DF7810788AC4FB4B37D4080 /* /Users/shanikawijerathna/projects/camid/video-app/lib/glfw/src/cocoa_window.m */; };
		2559354070DD4A7F80A41A94 /* /Users/shanikawijerathna/projects/camid/video-app/lib/glfw/include/GLFW/glfw3native.h */ = {isa = PBXBuildFile; fileRef = FA647FB392A7435BB7876A83 /* /Users/shanikawijerathna/projects/camid/video-app/lib/glfw/include/GLFW/glfw3native.h */; };
		2825F29C09A146EC9FF466C3 /* /Users/shanikawijerathna/projects/camid/video-app/lib/glfw/src/nsgl_context.h */ = {isa = PBXBuildFile; fileRef = 528E42AC60D04D09B41C642E /* /Users/shanikawijerathna/projects/camid/video-app/lib/glfw/src/nsgl_context.h */; };
		294C89B1225B4641AE68D0C2 /* /Users/shanikawijerathna/projects/camid/video-app/lib/glfw/src/osmesa_context.c */ = {isa = PBXBuildFile; fileRef = DCD10673EB9F45B3A6399FAB /* /Users/shanikawijerathna/projects/camid/video-app/lib/glfw/src/osmesa_context.c */; settings = {COMPILER_FLAGS = "-Wdeclaration-after-statement"; }; };
		2E8A17E0CFD04C18B19D9DD3 /* /Users/shanikawijerathna/projects/camid/video-app/lib/glfw/src/cocoa_platform.h */ = {isa = PBXBuildFile; fileRef = DB574549BD5A4CCB953C8C96 /* /Users/shanikawijerathna/projects/camid/video-app/lib/glfw/src/cocoa_platform.h */; };
		3A4FFDCEE8E34B8985A8C8E8 /* /Users/shanikawijerathna/projects/camid/video-app/lib/glfw/src/cocoa_joystick.m */ = {isa = PBXBuildFile; fileRef = A3590B82FD0A4465ACB77888 /* /Users/shanikawijerathna/projects/camid/video-app/lib/glfw/src/cocoa_joystick.m */; };
		45E566F0EDC64D74AB6FEE23 /* /Users/shanikawijerathna/projects/camid/video-app/lib/glfw/src/vulkan.c */ = {isa = PBXBuildFile; fileRef = 977B1CBA96844D3AA0F04F78 /* /Users/shanikawijerathna/projects/camid/video-app/lib/glfw/src/vulkan.c */; settings = {COMPILER_FLAGS = "-Wdeclaration-after-statement"; }; };
		46CBCF3166F94C859A6E45EB /* /Users/shanikawijerathna/projects/camid/video-app/lib/glfw/src/context.c */ = {isa = PBXBuildFile; fileRef = 4774D2BF971044299FD040E4 /* /Users/shanikawijerathna/projects/camid/video-app/lib/glfw/src/context.c */; settings = {COMPILER_FLAGS = "-Wdeclaration-after-statement"; }; };
		57A5C8D669A74C238281BA10 /* /Users/shanikawijerathna/projects/camid/video-app/lib/glfw/src/internal.h */ = {isa = PBXBuildFile; fileRef = 9FE6E99442084D9E9558E8EA /* /Users/shanikawijerathna/projects/camid/video-app/lib/glfw/src/internal.h */; };
		66177FB9FB4641E39D76959E /* /Users/shanikawijerathna/projects/camid/video-app/lib/glfw/src/osmesa_context.h */ = {isa = PBXBuildFile; fileRef = 4723A7D95C944EBBB5AADDAA /* /Users/shanikawijerathna/projects/camid/video-app/lib/glfw/src/osmesa_context.h */; };
		6AD44E99699B441FB58B5B71 /* /Users/shanikawijerathna/projects/camid/video-app/lib/glfw/src/mappings.h */ = {isa = PBXBuildFile; fileRef = 5FFC67E18C554D18A2D620B2 /* /Users/shanikawijerathna/projects/camid/video-app/lib/glfw/src/mappings.h */; };
		6B1412822036439FBF5E7294 /* /Users/shanikawijerathna/projects/camid/video-app/lib/glfw/src/CMakeLists.txt */ = {isa = PBXBuildFile; fileRef = B6C5B2CC116D4C5595A96BD2 /* /Users/shanikawijerathna/projects/camid/video-app/lib/glfw/src/CMakeLists.txt */; };
		6BEDCD5AF97B47489F729B13 /* /Users/shanikawijerathna/projects/camid/video-app/lib/glfw/src/cocoa_monitor.m */ = {isa = PBXBuildFile; fileRef = 8026CD0F8EBA4B39863979C1 /* /Users/shanikawijerathna/projects/camid/video-app/lib/glfw/src/cocoa_monitor.m */; };
		7A5E1B74134E4DB3BF96F2E8 /* /Users/shanikawijerathna/projects/camid/video-app/lib/glfw/src/egl_context.h */ = {isa = PBXBuildFile; fileRef = B2734C174DC341B98EC45067 /* /Users/shanikawijerathna/projects/camid/video-app/lib/glfw/src/egl_context.h */; };
		82788ECC2FA043C69016A333 /* /Users/shanikawijerathna/projects/camid/video-app/lib/glfw/src/egl_context.c */ = {isa = PBXBuildFile; fileRef = 77766C0CC7BF4EFB80F6B9B9 /* /Users/shanikawijerathna/projects/camid/video-app/lib/glfw/src/egl_context.c */; settings = {COMPILER_FLAGS = "-Wdeclaration-after-statement"; }; };
		ABE2E74C49734F31B30B6576 /* /Users/shanikawijerathna/projects/camid/video-app/lib/glfw/src/cocoa_init.m */ = {isa = PBXBuildFile; fileRef = 2CB0BE4598E94FC78E1464F5 /* /Users/shanikawijerathna/projects/camid/video-app/lib/glfw/src/cocoa_init.m */; };
		BE1FAAACC9394C2B9E668B7B /* /Users/shanikawijerathna/projects/camid/video-app/lib/glfw/src/cocoa_joystick.h */ = {isa = PBXBuildFile; fileRef = 635B9FEC3E4C4F91A8CE49FD /* /Users/shanikawijerathna/projects/camid/video-app/lib/glfw/src/cocoa_joystick.h */; };
		C927AF7C23D34D63BFAFDC96 /* /Users/shanikawijerathna/projects/camid/video-app/src/main.cpp */ = {isa = PBXBuildFile; fileRef = 3CF34299D65F4C87953383D8 /* /Users/shanikawijerathna/projects/camid/video-app/src/main.cpp */; };
		C941F8886F0441DB8D477788 /* /Users/shanikawijerathna/projects/camid/video-app/lib/glfw/src/nsgl_context.m */ = {isa = PBXBuildFile; fileRef = 6D0A5E1CEACE42498F52B1A1 /* /Users/shanikawijerathna/projects/camid/video-app/lib/glfw/src/nsgl_context.m */; };
		CF220D3F0A1F460C8AB83DDA /* /Users/shanikawijerathna/projects/camid/video-app/lib/glfw/src/init.c */ = {isa = PBXBuildFile; fileRef = 09E2763BD90E426797F1FD29 /* /Users/shanikawijerathna/projects/camid/video-app/lib/glfw/src/init.c */; settings = {COMPILER_FLAGS = "-Wdeclaration-after-statement"; }; };
		DD11A6FC84B843A68F222D9D /* /Users/shanikawijerathna/projects/camid/video-app/lib/glfw/src/posix_thread.c */ = {isa = PBXBuildFile; fileRef = DEB666B39B174A75A8A8FF20 /* /Users/shanikawijerathna/projects/camid/video-app/lib/glfw/src/posix_thread.c */; };
		E0AA5B2BFC1D4391A8233797 /* /Users/shanikawijerathna/projects/camid/video-app/lib/glfw/include/GLFW/glfw3.h */ = {isa = PBXBuildFile; fileRef = 969539DC8AD44060A8C55D4C /* /Users/shanikawijerathna/projects/camid/video-app/lib/glfw/include/GLFW/glfw3.h */; };
		E8EDA751904D44009E31FA14 /* /Users/shanikawijerathna/projects/camid/video-app/xcode/lib/glfw/src/glfw_config.h */ = {isa = PBXBuildFile; fileRef = ED26005B68C34F6686758095 /* /Users/shanikawijerathna/projects/camid/video-app/xcode/lib/glfw/src/glfw_config.h */; };
		EC8035A26B29402FB72E8DCF /* /Users/shanikawijerathna/projects/camid/video-app/lib/glfw/src/cocoa_time.c */ = {isa = PBXBuildFile; fileRef = DF90E99BEDD946BB907615FE /* /Users/shanikawijerathna/projects/camid/video-app/lib/glfw/src/cocoa_time.c */; };
		F637B2DB7AC34AF0BA3D0BFF /* /Users/shanikawijerathna/projects/camid/video-app/CMakeLists.txt */ = {isa = PBXBuildFile; fileRef = 90C087740D844E86BAAE272F /* /Users/shanikawijerathna/projects/camid/video-app/CMakeLists.txt */; };
/* End PBXBuildFile section */

/* Begin PBXBuildStyle section */
		1D2891EB89F14A54B25BE845 /* MinSizeRel */ = {
			isa = PBXBuildStyle;
			buildSettings = {
				COPY_PHASE_STRIP = NO;
			};
			name = MinSizeRel;
		};
		27F9F394EEBA488ABC94AECB /* Debug */ = {
			isa = PBXBuildStyle;
			buildSettings = {
				COPY_PHASE_STRIP = NO;
			};
			name = Debug;
		};
		596E02729C464E7A9887CFFE /* Release */ = {
			isa = PBXBuildStyle;
			buildSettings = {
				COPY_PHASE_STRIP = NO;
			};
			name = Release;
		};
		EB7A0D7A30BB496C9EBC1D14 /* RelWithDebInfo */ = {
			isa = PBXBuildStyle;
			buildSettings = {
				COPY_PHASE_STRIP = NO;
			};
			name = RelWithDebInfo;
		};
/* End PBXBuildStyle section */

/* Begin PBXContainerItemProxy section */
		093951277C8B45A5AB164DE4 /* PBXContainerItemProxy */ = {
			isa = PBXContainerItemProxy;
			containerPortal = 8A0C9BEF4C984AFDB59CD48D /* Project object */;
			proxyType = 1;
			remoteGlobalIDString = 2CAD9FDD7E7F44E1AFC9A3AD;
			remoteInfo = ZERO_CHECK;
		};
		1D36CA8187F24DC7B786588B /* PBXContainerItemProxy */ = {
			isa = PBXContainerItemProxy;
			containerPortal = 8A0C9BEF4C984AFDB59CD48D /* Project object */;
			proxyType = 1;
			remoteGlobalIDString = 6E09F6CDFA1443FBB76FF498;
			remoteInfo = glfw;
		};
		4968BE45661C414097DAD792 /* PBXContainerItemProxy */ = {
			isa = PBXContainerItemProxy;
			containerPortal = 8A0C9BEF4C984AFDB59CD48D /* Project object */;
			proxyType = 1;
			remoteGlobalIDString = 59F9F2C1B1E2466CB42C03D7;
			remoteInfo = ALL_BUILD;
		};
		4FCF153C98FE41C899629967 /* PBXContainerItemProxy */ = {
			isa = PBXContainerItemProxy;
			containerPortal = 8A0C9BEF4C984AFDB59CD48D /* Project object */;
			proxyType = 1;
			remoteGlobalIDString = 2CAD9FDD7E7F44E1AFC9A3AD;
			remoteInfo = ZERO_CHECK;
		};
		9E2D133A6482455697FF431B /* PBXContainerItemProxy */ = {
			isa = PBXContainerItemProxy;
			containerPortal = 8A0C9BEF4C984AFDB59CD48D /* Project object */;
			proxyType = 1;
			remoteGlobalIDString = 99CA4098B8B6488A8BEBBEE9;
			remoteInfo = "video-app";
		};
		B3C13B33DA57418A81AE130E /* PBXContainerItemProxy */ = {
			isa = PBXContainerItemProxy;
			containerPortal = 8A0C9BEF4C984AFDB59CD48D /* Project object */;
			proxyType = 1;
			remoteGlobalIDString = 2CAD9FDD7E7F44E1AFC9A3AD;
			remoteInfo = ZERO_CHECK;
		};
		DCAE1BE42E53444A8B2D1DA9 /* PBXContainerItemProxy */ = {
			isa = PBXContainerItemProxy;
			containerPortal = 8A0C9BEF4C984AFDB59CD48D /* Project object */;
			proxyType = 1;
			remoteGlobalIDString = 6E09F6CDFA1443FBB76FF498;
			remoteInfo = glfw;
		};
/* End PBXContainerItemProxy section */

/* Begin PBXFileReference section */
		052C9CEE413D42729096CC26 /* /Users/shanikawijerathna/projects/camid/video-app/lib/glfw/src/input.c */ = {isa = PBXFileReference; explicitFileType = sourcecode.c.c; fileEncoding = 4; name = input.c; path = lib/glfw/src/input.c; sourceTree = SOURCE_ROOT; };
		09E2763BD90E426797F1FD29 /* /Users/shanikawijerathna/projects/camid/video-app/lib/glfw/src/init.c */ = {isa = PBXFileReference; explicitFileType = sourcecode.c.c; fileEncoding = 4; name = init.c; path = lib/glfw/src/init.c; sourceTree = SOURCE_ROOT; };
		1E87A0BB8DBC40A397E9223E /* /Users/shanikawijerathna/projects/camid/video-app/lib/glfw/src/monitor.c */ = {isa = PBXFileReference; explicitFileType = sourcecode.c.c; fileEncoding = 4; name = monitor.c; path = lib/glfw/src/monitor.c; sourceTree = SOURCE_ROOT; };
		2BDFF369E25644B194EBED9B /* /Users/shanikawijerathna/projects/camid/video-app/lib/glfw/src/posix_thread.h */ = {isa = PBXFileReference; explicitFileType = sourcecode.c.h; fileEncoding = 4; name = posix_thread.h; path = lib/glfw/src/posix_thread.h; sourceTree = SOURCE_ROOT; };
		2CB0BE4598E94FC78E1464F5 /* /Users/shanikawijerathna/projects/camid/video-app/lib/glfw/src/cocoa_init.m */ = {isa = PBXFileReference; explicitFileType = sourcecode.c.objc; fileEncoding = 4; name = cocoa_init.m; path = lib/glfw/src/cocoa_init.m; sourceTree = SOURCE_ROOT; };
		3CF34299D65F4C87953383D8 /* /Users/shanikawijerathna/projects/camid/video-app/src/main.cpp */ = {isa = PBXFileReference; explicitFileType = sourcecode.cpp.cpp; fileEncoding = 4; name = main.cpp; path = src/main.cpp; sourceTree = SOURCE_ROOT; };
		3DF7810788AC4FB4B37D4080 /* /Users/shanikawijerathna/projects/camid/video-app/lib/glfw/src/cocoa_window.m */ = {isa = PBXFileReference; explicitFileType = sourcecode.c.objc; fileEncoding = 4; name = cocoa_window.m; path = lib/glfw/src/cocoa_window.m; sourceTree = SOURCE_ROOT; };
		4258E7042C8244F5BF158566 /* /Users/shanikawijerathna/projects/camid/video-app/CMakeLists.txt */ = {isa = PBXFileReference; explicitFileType = sourcecode.text; fileEncoding = 4; name = CMakeLists.txt; path = CMakeLists.txt; sourceTree = SOURCE_ROOT; };
		4723A7D95C944EBBB5AADDAA /* /Users/shanikawijerathna/projects/camid/video-app/lib/glfw/src/osmesa_context.h */ = {isa = PBXFileReference; explicitFileType = sourcecode.c.h; fileEncoding = 4; name = osmesa_context.h; path = lib/glfw/src/osmesa_context.h; sourceTree = SOURCE_ROOT; };
		4774D2BF971044299FD040E4 /* /Users/shanikawijerathna/projects/camid/video-app/lib/glfw/src/context.c */ = {isa = PBXFileReference; explicitFileType = sourcecode.c.c; fileEncoding = 4; name = context.c; path = lib/glfw/src/context.c; sourceTree = SOURCE_ROOT; };
		528E42AC60D04D09B41C642E /* /Users/shanikawijerathna/projects/camid/video-app/lib/glfw/src/nsgl_context.h */ = {isa = PBXFileReference; explicitFileType = sourcecode.c.h; fileEncoding = 4; name = nsgl_context.h; path = lib/glfw/src/nsgl_context.h; sourceTree = SOURCE_ROOT; };
		58B78BC6C47941BAB3CB3B90 /* glfw */ = {isa = PBXFileReference; explicitFileType = archive.ar; path = libglfw3.a; sourceTree = BUILT_PRODUCTS_DIR; };
		5FFC67E18C554D18A2D620B2 /* /Users/shanikawijerathna/projects/camid/video-app/lib/glfw/src/mappings.h */ = {isa = PBXFileReference; explicitFileType = sourcecode.c.h; fileEncoding = 4; name = mappings.h; path = lib/glfw/src/mappings.h; sourceTree = SOURCE_ROOT; };
		635B9FEC3E4C4F91A8CE49FD /* /Users/shanikawijerathna/projects/camid/video-app/lib/glfw/src/cocoa_joystick.h */ = {isa = PBXFileReference; explicitFileType = sourcecode.c.h; fileEncoding = 4; name = cocoa_joystick.h; path = lib/glfw/src/cocoa_joystick.h; sourceTree = SOURCE_ROOT; };
		6D0A5E1CEACE42498F52B1A1 /* /Users/shanikawijerathna/projects/camid/video-app/lib/glfw/src/nsgl_context.m */ = {isa = PBXFileReference; explicitFileType = sourcecode.c.objc; fileEncoding = 4; name = nsgl_context.m; path = lib/glfw/src/nsgl_context.m; sourceTree = SOURCE_ROOT; };
		77766C0CC7BF4EFB80F6B9B9 /* /Users/shanikawijerathna/projects/camid/video-app/lib/glfw/src/egl_context.c */ = {isa = PBXFileReference; explicitFileType = sourcecode.c.c; fileEncoding = 4; name = egl_context.c; path = lib/glfw/src/egl_context.c; sourceTree = SOURCE_ROOT; };
		8026CD0F8EBA4B39863979C1 /* /Users/shanikawijerathna/projects/camid/video-app/lib/glfw/src/cocoa_monitor.m */ = {isa = PBXFileReference; explicitFileType = sourcecode.c.objc; fileEncoding = 4; name = cocoa_monitor.m; path = lib/glfw/src/cocoa_monitor.m; sourceTree = SOURCE_ROOT; };
		90C087740D844E86BAAE272F /* /Users/shanikawijerathna/projects/camid/video-app/CMakeLists.txt */ = {isa = PBXFileReference; explicitFileType = sourcecode.text; fileEncoding = 4; name = CMakeLists.txt; path = CMakeLists.txt; sourceTree = SOURCE_ROOT; };
		969539DC8AD44060A8C55D4C /* /Users/shanikawijerathna/projects/camid/video-app/lib/glfw/include/GLFW/glfw3.h */ = {isa = PBXFileReference; explicitFileType = sourcecode.c.h; fileEncoding = 4; name = glfw3.h; path = lib/glfw/include/GLFW/glfw3.h; sourceTree = SOURCE_ROOT; };
		977B1CBA96844D3AA0F04F78 /* /Users/shanikawijerathna/projects/camid/video-app/lib/glfw/src/vulkan.c */ = {isa = PBXFileReference; explicitFileType = sourcecode.c.c; fileEncoding = 4; name = vulkan.c; path = lib/glfw/src/vulkan.c; sourceTree = SOURCE_ROOT; };
		9FE6E99442084D9E9558E8EA /* /Users/shanikawijerathna/projects/camid/video-app/lib/glfw/src/internal.h */ = {isa = PBXFileReference; explicitFileType = sourcecode.c.h; fileEncoding = 4; name = internal.h; path = lib/glfw/src/internal.h; sourceTree = SOURCE_ROOT; };
		A2008264FFDE4138966237FD /* /Users/shanikawijerathna/projects/camid/video-app/lib/glfw/CMakeLists.txt */ = {isa = PBXFileReference; explicitFileType = sourcecode.text; fileEncoding = 4; name = CMakeLists.txt; path = lib/glfw/CMakeLists.txt; sourceTree = SOURCE_ROOT; };
		A3590B82FD0A4465ACB77888 /* /Users/shanikawijerathna/projects/camid/video-app/lib/glfw/src/cocoa_joystick.m */ = {isa = PBXFileReference; explicitFileType = sourcecode.c.objc; fileEncoding = 4; name = cocoa_joystick.m; path = lib/glfw/src/cocoa_joystick.m; sourceTree = SOURCE_ROOT; };
		B2734C174DC341B98EC45067 /* /Users/shanikawijerathna/projects/camid/video-app/lib/glfw/src/egl_context.h */ = {isa = PBXFileReference; explicitFileType = sourcecode.c.h; fileEncoding = 4; name = egl_context.h; path = lib/glfw/src/egl_context.h; sourceTree = SOURCE_ROOT; };
		B6C5B2CC116D4C5595A96BD2 /* /Users/shanikawijerathna/projects/camid/video-app/lib/glfw/src/CMakeLists.txt */ = {isa = PBXFileReference; explicitFileType = sourcecode.text; fileEncoding = 4; name = CMakeLists.txt; path = lib/glfw/src/CMakeLists.txt; sourceTree = SOURCE_ROOT; };
		D3C897F63F5840839EE2B158 /* video-app */ = {isa = PBXFileReference; explicitFileType = "compiled.mach-o.executable"; path = "video-app"; sourceTree = BUILT_PRODUCTS_DIR; };
		DB574549BD5A4CCB953C8C96 /* /Users/shanikawijerathna/projects/camid/video-app/lib/glfw/src/cocoa_platform.h */ = {isa = PBXFileReference; explicitFileType = sourcecode.c.h; fileEncoding = 4; name = cocoa_platform.h; path = lib/glfw/src/cocoa_platform.h; sourceTree = SOURCE_ROOT; };
		DCD10673EB9F45B3A6399FAB /* /Users/shanikawijerathna/projects/camid/video-app/lib/glfw/src/osmesa_context.c */ = {isa = PBXFileReference; explicitFileType = sourcecode.c.c; fileEncoding = 4; name = osmesa_context.c; path = lib/glfw/src/osmesa_context.c; sourceTree = SOURCE_ROOT; };
		DEB666B39B174A75A8A8FF20 /* /Users/shanikawijerathna/projects/camid/video-app/lib/glfw/src/posix_thread.c */ = {isa = PBXFileReference; explicitFileType = sourcecode.c.c; fileEncoding = 4; name = posix_thread.c; path = lib/glfw/src/posix_thread.c; sourceTree = SOURCE_ROOT; };
		DF90E99BEDD946BB907615FE /* /Users/shanikawijerathna/projects/camid/video-app/lib/glfw/src/cocoa_time.c */ = {isa = PBXFileReference; explicitFileType = sourcecode.c.c; fileEncoding = 4; name = cocoa_time.c; path = lib/glfw/src/cocoa_time.c; sourceTree = SOURCE_ROOT; };
		ED26005B68C34F6686758095 /* /Users/shanikawijerathna/projects/camid/video-app/xcode/lib/glfw/src/glfw_config.h */ = {isa = PBXFileReference; explicitFileType = sourcecode.c.h; fileEncoding = 4; name = glfw_config.h; path = xcode/lib/glfw/src/glfw_config.h; sourceTree = SOURCE_ROOT; };
		F4AAA445FBA74CC7A0986709 /* /Users/shanikawijerathna/projects/camid/video-app/lib/glfw/src/window.c */ = {isa = PBXFileReference; explicitFileType = sourcecode.c.c; fileEncoding = 4; name = window.c; path = lib/glfw/src/window.c; sourceTree = SOURCE_ROOT; };
		FA647FB392A7435BB7876A83 /* /Users/shanikawijerathna/projects/camid/video-app/lib/glfw/include/GLFW/glfw3native.h */ = {isa = PBXFileReference; explicitFileType = sourcecode.c.h; fileEncoding = 4; name = glfw3native.h; path = lib/glfw/include/GLFW/glfw3native.h; sourceTree = SOURCE_ROOT; };
/* End PBXFileReference section */

/* Begin PBXGroup section */
		0596F5E383DB403EBF5DE77A /* CMake Rules */ = {
			isa = PBXGroup;
			children = (
			);
			name = "CMake Rules";
			sourceTree = "<group>";
		};
		1A923A4DBD8F46749BA9FC62 /* video-app */ = {
			isa = PBXGroup;
			children = (
				45A28FCCE4D34A368DAE94B3 /* Source Files */,
				90C087740D844E86BAAE272F /* /Users/shanikawijerathna/projects/camid/video-app/CMakeLists.txt */,
			);
			name = "video-app";
			sourceTree = "<group>";
		};
		26E3B8DF30DF4C2A879DB9D2 /* Products */ = {
			isa = PBXGroup;
			children = (
				58B78BC6C47941BAB3CB3B90 /* glfw */,
				D3C897F63F5840839EE2B158 /* video-app */,
			);
			name = Products;
			sourceTree = "<group>";
		};
		45A28FCCE4D34A368DAE94B3 /* Source Files */ = {
			isa = PBXGroup;
			children = (
				3CF34299D65F4C87953383D8 /* /Users/shanikawijerathna/projects/camid/video-app/src/main.cpp */,
			);
			name = "Source Files";
			sourceTree = "<group>";
		};
		486F802847D3486A839BE588 /* glfw */ = {
			isa = PBXGroup;
			children = (
				743EDA2AB997455D92503FB3 /* Header Files */,
				BBE0303501C240AF9C3C3345 /* Source Files */,
				B6C5B2CC116D4C5595A96BD2 /* /Users/shanikawijerathna/projects/camid/video-app/lib/glfw/src/CMakeLists.txt */,
			);
			name = glfw;
			sourceTree = "<group>";
		};
		5AC4DA37DC4843F69AE3B49D = {
			isa = PBXGroup;
			children = (
				1A923A4DBD8F46749BA9FC62 /* video-app */,
				A034DF7773544D2A83631957 /* ALL_BUILD */,
				966E69AEB1C44E5990E7D71C /* GLFW3 */,
				26E3B8DF30DF4C2A879DB9D2 /* Products */,
			);
			sourceTree = "<group>";
		};
		743EDA2AB997455D92503FB3 /* Header Files */ = {
			isa = PBXGroup;
			children = (
				969539DC8AD44060A8C55D4C /* /Users/shanikawijerathna/projects/camid/video-app/lib/glfw/include/GLFW/glfw3.h */,
				FA647FB392A7435BB7876A83 /* /Users/shanikawijerathna/projects/camid/video-app/lib/glfw/include/GLFW/glfw3native.h */,
				635B9FEC3E4C4F91A8CE49FD /* /Users/shanikawijerathna/projects/camid/video-app/lib/glfw/src/cocoa_joystick.h */,
				DB574549BD5A4CCB953C8C96 /* /Users/shanikawijerathna/projects/camid/video-app/lib/glfw/src/cocoa_platform.h */,
				B2734C174DC341B98EC45067 /* /Users/shanikawijerathna/projects/camid/video-app/lib/glfw/src/egl_context.h */,
				9FE6E99442084D9E9558E8EA /* /Users/shanikawijerathna/projects/camid/video-app/lib/glfw/src/internal.h */,
				5FFC67E18C554D18A2D620B2 /* /Users/shanikawijerathna/projects/camid/video-app/lib/glfw/src/mappings.h */,
				528E42AC60D04D09B41C642E /* /Users/shanikawijerathna/projects/camid/video-app/lib/glfw/src/nsgl_context.h */,
				4723A7D95C944EBBB5AADDAA /* /Users/shanikawijerathna/projects/camid/video-app/lib/glfw/src/osmesa_context.h */,
				2BDFF369E25644B194EBED9B /* /Users/shanikawijerathna/projects/camid/video-app/lib/glfw/src/posix_thread.h */,
				ED26005B68C34F6686758095 /* /Users/shanikawijerathna/projects/camid/video-app/xcode/lib/glfw/src/glfw_config.h */,
			);
			name = "Header Files";
			sourceTree = "<group>";
		};
		955F41AA94C045DF954A5B51 /* uninstall */ = {
			isa = PBXGroup;
			children = (
				E220C7C27EA841D9AF176C21 /* CMake Rules */,
				A2008264FFDE4138966237FD /* /Users/shanikawijerathna/projects/camid/video-app/lib/glfw/CMakeLists.txt */,
			);
			name = uninstall;
			sourceTree = "<group>";
		};
		966E69AEB1C44E5990E7D71C /* GLFW3 */ = {
			isa = PBXGroup;
			children = (
				955F41AA94C045DF954A5B51 /* uninstall */,
				486F802847D3486A839BE588 /* glfw */,
			);
			name = GLFW3;
			sourceTree = "<group>";
		};
		A034DF7773544D2A83631957 /* ALL_BUILD */ = {
			isa = PBXGroup;
			children = (
				0596F5E383DB403EBF5DE77A /* CMake Rules */,
				4258E7042C8244F5BF158566 /* /Users/shanikawijerathna/projects/camid/video-app/CMakeLists.txt */,
			);
			name = ALL_BUILD;
			sourceTree = "<group>";
		};
		BBE0303501C240AF9C3C3345 /* Source Files */ = {
			isa = PBXGroup;
			children = (
				2CB0BE4598E94FC78E1464F5 /* /Users/shanikawijerathna/projects/camid/video-app/lib/glfw/src/cocoa_init.m */,
				A3590B82FD0A4465ACB77888 /* /Users/shanikawijerathna/projects/camid/video-app/lib/glfw/src/cocoa_joystick.m */,
				8026CD0F8EBA4B39863979C1 /* /Users/shanikawijerathna/projects/camid/video-app/lib/glfw/src/cocoa_monitor.m */,
				DF90E99BEDD946BB907615FE /* /Users/shanikawijerathna/projects/camid/video-app/lib/glfw/src/cocoa_time.c */,
				3DF7810788AC4FB4B37D4080 /* /Users/shanikawijerathna/projects/camid/video-app/lib/glfw/src/cocoa_window.m */,
				4774D2BF971044299FD040E4 /* /Users/shanikawijerathna/projects/camid/video-app/lib/glfw/src/context.c */,
				77766C0CC7BF4EFB80F6B9B9 /* /Users/shanikawijerathna/projects/camid/video-app/lib/glfw/src/egl_context.c */,
				09E2763BD90E426797F1FD29 /* /Users/shanikawijerathna/projects/camid/video-app/lib/glfw/src/init.c */,
				052C9CEE413D42729096CC26 /* /Users/shanikawijerathna/projects/camid/video-app/lib/glfw/src/input.c */,
				1E87A0BB8DBC40A397E9223E /* /Users/shanikawijerathna/projects/camid/video-app/lib/glfw/src/monitor.c */,
				6D0A5E1CEACE42498F52B1A1 /* /Users/shanikawijerathna/projects/camid/video-app/lib/glfw/src/nsgl_context.m */,
				DCD10673EB9F45B3A6399FAB /* /Users/shanikawijerathna/projects/camid/video-app/lib/glfw/src/osmesa_context.c */,
				DEB666B39B174A75A8A8FF20 /* /Users/shanikawijerathna/projects/camid/video-app/lib/glfw/src/posix_thread.c */,
				977B1CBA96844D3AA0F04F78 /* /Users/shanikawijerathna/projects/camid/video-app/lib/glfw/src/vulkan.c */,
				F4AAA445FBA74CC7A0986709 /* /Users/shanikawijerathna/projects/camid/video-app/lib/glfw/src/window.c */,
			);
			name = "Source Files";
			sourceTree = "<group>";
		};
		E220C7C27EA841D9AF176C21 /* CMake Rules */ = {
			isa = PBXGroup;
			children = (
			);
			name = "CMake Rules";
			sourceTree = "<group>";
		};
/* End PBXGroup section */

/* Begin PBXNativeTarget section */
		6E09F6CDFA1443FBB76FF498 /* glfw */ = {
			isa = PBXNativeTarget;
			buildConfigurationList = 6487C3E0AE5B4EB88956D992 /* Build configuration list for PBXNativeTarget "glfw" */;
			buildPhases = (
				C7BF159E3A84443CA8083519 /* Sources */,
			);
			buildRules = (
			);
			dependencies = (
				A37DDC4B787041F69F4D6A6D /* PBXTargetDependency */,
			);
			name = glfw;
			productName = glfw;
			productReference = 58B78BC6C47941BAB3CB3B90 /* glfw */;
			productType = "com.apple.product-type.library.static";
		};
		99CA4098B8B6488A8BEBBEE9 /* video-app */ = {
			isa = PBXNativeTarget;
			buildConfigurationList = 7228BE5980744C16B9D3AA19 /* Build configuration list for PBXNativeTarget "video-app" */;
			buildPhases = (
				CBEA1F46165141F0A5718187 /* Sources */,
			);
			buildRules = (
			);
			dependencies = (
				97E69E59C5D745058A974700 /* PBXTargetDependency */,
				70CDE0829DBB45F891804CEC /* PBXTargetDependency */,
			);
			name = "video-app";
			productName = "video-app";
			productReference = D3C897F63F5840839EE2B158 /* video-app */;
			productType = "com.apple.product-type.tool";
		};
/* End PBXNativeTarget section */

/* Begin PBXProject section */
		8A0C9BEF4C984AFDB59CD48D /* Project object */ = {
			isa = PBXProject;
			attributes = {
				BuildIndependentTargetsInParallel = YES;
				LastUpgradeCheck = 1140;
			};
			buildConfigurationList = 23B63B507142449D9694E670 /* Build configuration list for PBXProject "video-app" */;
			buildSettings = {
			};
			buildStyles = (
				27F9F394EEBA488ABC94AECB /* Debug */,
				596E02729C464E7A9887CFFE /* Release */,
				1D2891EB89F14A54B25BE845 /* MinSizeRel */,
				EB7A0D7A30BB496C9EBC1D14 /* RelWithDebInfo */,
			);
			compatibilityVersion = "Xcode 3.2";
			hasScannedForEncodings = 0;
			mainGroup = 5AC4DA37DC4843F69AE3B49D;
			projectDirPath = ../;
			projectRoot = "";
			targets = (
				59F9F2C1B1E2466CB42C03D7 /* ALL_BUILD */,
				2CAD9FDD7E7F44E1AFC9A3AD /* ZERO_CHECK */,
				6E09F6CDFA1443FBB76FF498 /* glfw */,
				ED5A9F841A214F728B8E2425 /* install */,
				EEDD7E4312D24F479F508786 /* uninstall */,
				99CA4098B8B6488A8BEBBEE9 /* video-app */,
			);
		};
/* End PBXProject section */

/* Begin PBXShellScriptBuildPhase section */
		00F1D3C9CF08436FA673A804 = {
			isa = PBXShellScriptBuildPhase;
			buildActionMask = 2147483647;
			files = (
			);
			inputPaths = (
			);
			outputPaths = (
			);
			runOnlyForDeploymentPostprocessing = 0;
			shellPath = /bin/sh;
			shellScript = "# shell script goes here
exit 0";
			showEnvVarsInLog = 0;
		};
		28632985BB884B68A7F72878 = {
			isa = PBXShellScriptBuildPhase;
			buildActionMask = 2147483647;
			files = (
			);
			inputPaths = (
			);
			outputPaths = (
			);
			runOnlyForDeploymentPostprocessing = 0;
			shellPath = /bin/sh;
			shellScript = "# shell script goes here
exit 0";
			showEnvVarsInLog = 0;
		};
		4E49F3D851B2476AA9BCD412 /* CMake Rules */ = {
			isa = PBXShellScriptBuildPhase;
			buildActionMask = 2147483647;
			files = (
			);
			name = "CMake Rules";
			runOnlyForDeploymentPostprocessing = 0;
			shellPath = /bin/sh;
			shellScript = "make -C /Users/shanikawijerathna/projects/camid/video-app/xcode -f /Users/shanikawijerathna/projects/camid/video-app/xcode/CMakeScripts/ALL_BUILD_cmakeRulesBuildPhase.make$CONFIGURATION OBJDIR=$(basename \"$OBJECT_FILE_DIR_normal\") all";
			showEnvVarsInLog = 0;
		};
		4F5E0AEF8F50475F8F50653D = {
			isa = PBXShellScriptBuildPhase;
			buildActionMask = 2147483647;
			files = (
			);
			inputPaths = (
			);
			outputPaths = (
			);
			runOnlyForDeploymentPostprocessing = 0;
			shellPath = /bin/sh;
			shellScript = "# shell script goes here
exit 0";
			showEnvVarsInLog = 0;
		};
		5B7AB46F5CF04124AA3C4CD1 = {
			isa = PBXShellScriptBuildPhase;
			buildActionMask = 2147483647;
			files = (
			);
			inputPaths = (
			);
			outputPaths = (
			);
			runOnlyForDeploymentPostprocessing = 0;
			shellPath = /bin/sh;
			shellScript = "# shell script goes here
exit 0";
			showEnvVarsInLog = 0;
		};
		69E9AD53132645D0A7A12BDF /* CMake Rules */ = {
			isa = PBXShellScriptBuildPhase;
			buildActionMask = 2147483647;
			files = (
			);
			name = "CMake Rules";
			runOnlyForDeploymentPostprocessing = 0;
			shellPath = /bin/sh;
			shellScript = "make -C /Users/shanikawijerathna/projects/camid/video-app/xcode/lib/glfw -f /Users/shanikawijerathna/projects/camid/video-app/xcode/lib/glfw/CMakeScripts/uninstall_cmakeRulesBuildPhase.make$CONFIGURATION OBJDIR=$(basename \"$OBJECT_FILE_DIR_normal\") all";
			showEnvVarsInLog = 0;
		};
		A45E712FB9D944B686152CC0 /* CMake PostBuild Rules */ = {
			isa = PBXShellScriptBuildPhase;
			buildActionMask = 2147483647;
			files = (
			);
			name = "CMake PostBuild Rules";
			runOnlyForDeploymentPostprocessing = 0;
			shellPath = /bin/sh;
			shellScript = "make -C /Users/shanikawijerathna/projects/camid/video-app/xcode -f /Users/shanikawijerathna/projects/camid/video-app/xcode/CMakeScripts/install_postBuildPhase.make$CONFIGURATION OBJDIR=$(basename \"$OBJECT_FILE_DIR_normal\") all";
			showEnvVarsInLog = 0;
		};
		E9810FB974C54F4385E9BD4A /* CMake Rules */ = {
			isa = PBXShellScriptBuildPhase;
			buildActionMask = 2147483647;
			files = (
			);
			name = "CMake Rules";
			runOnlyForDeploymentPostprocessing = 0;
			shellPath = /bin/sh;
			shellScript = "make -C /Users/shanikawijerathna/projects/camid/video-app/xcode -f /Users/shanikawijerathna/projects/camid/video-app/xcode/CMakeScripts/ZERO_CHECK_cmakeRulesBuildPhase.make$CONFIGURATION OBJDIR=$(basename \"$OBJECT_FILE_DIR_normal\") all";
			showEnvVarsInLog = 0;
		};
/* End PBXShellScriptBuildPhase section */

/* Begin PBXSourcesBuildPhase section */
		C7BF159E3A84443CA8083519 /* Sources */ = {
			isa = PBXSourcesBuildPhase;
			buildActionMask = 2147483647;
			files = (
				ABE2E74C49734F31B30B6576 /* /Users/shanikawijerathna/projects/camid/video-app/lib/glfw/src/cocoa_init.m */,
				3A4FFDCEE8E34B8985A8C8E8 /* /Users/shanikawijerathna/projects/camid/video-app/lib/glfw/src/cocoa_joystick.m */,
				6BEDCD5AF97B47489F729B13 /* /Users/shanikawijerathna/projects/camid/video-app/lib/glfw/src/cocoa_monitor.m */,
				EC8035A26B29402FB72E8DCF /* /Users/shanikawijerathna/projects/camid/video-app/lib/glfw/src/cocoa_time.c */,
				22B7658C3F9C4A39862CAB85 /* /Users/shanikawijerathna/projects/camid/video-app/lib/glfw/src/cocoa_window.m */,
				46CBCF3166F94C859A6E45EB /* /Users/shanikawijerathna/projects/camid/video-app/lib/glfw/src/context.c */,
				82788ECC2FA043C69016A333 /* /Users/shanikawijerathna/projects/camid/video-app/lib/glfw/src/egl_context.c */,
				CF220D3F0A1F460C8AB83DDA /* /Users/shanikawijerathna/projects/camid/video-app/lib/glfw/src/init.c */,
				22377592B4DF48D28ECD4A54 /* /Users/shanikawijerathna/projects/camid/video-app/lib/glfw/src/input.c */,
				00D234F0F9F1417D80C17035 /* /Users/shanikawijerathna/projects/camid/video-app/lib/glfw/src/monitor.c */,
				C941F8886F0441DB8D477788 /* /Users/shanikawijerathna/projects/camid/video-app/lib/glfw/src/nsgl_context.m */,
				294C89B1225B4641AE68D0C2 /* /Users/shanikawijerathna/projects/camid/video-app/lib/glfw/src/osmesa_context.c */,
				DD11A6FC84B843A68F222D9D /* /Users/shanikawijerathna/projects/camid/video-app/lib/glfw/src/posix_thread.c */,
				45E566F0EDC64D74AB6FEE23 /* /Users/shanikawijerathna/projects/camid/video-app/lib/glfw/src/vulkan.c */,
				19D6B98394B9430ABCAFA160 /* /Users/shanikawijerathna/projects/camid/video-app/lib/glfw/src/window.c */,
			);
			runOnlyForDeploymentPostprocessing = 0;
		};
		CBEA1F46165141F0A5718187 /* Sources */ = {
			isa = PBXSourcesBuildPhase;
			buildActionMask = 2147483647;
			files = (
				C927AF7C23D34D63BFAFDC96 /* /Users/shanikawijerathna/projects/camid/video-app/src/main.cpp */,
			);
			runOnlyForDeploymentPostprocessing = 0;
		};
/* End PBXSourcesBuildPhase section */

/* Begin PBXTargetDependency section */
		3E84E99630464009A032AA30 /* PBXTargetDependency */ = {
			isa = PBXTargetDependency;
			target = 2CAD9FDD7E7F44E1AFC9A3AD /* ZERO_CHECK */;
			targetProxy = 4FCF153C98FE41C899629967 /* PBXContainerItemProxy */;
		};
		70CDE0829DBB45F891804CEC /* PBXTargetDependency */ = {
			isa = PBXTargetDependency;
			target = 2CAD9FDD7E7F44E1AFC9A3AD /* ZERO_CHECK */;
			targetProxy = B3C13B33DA57418A81AE130E /* PBXContainerItemProxy */;
		};
		97E69E59C5D745058A974700 /* PBXTargetDependency */ = {
			isa = PBXTargetDependency;
			target = 6E09F6CDFA1443FBB76FF498 /* glfw */;
			targetProxy = 1D36CA8187F24DC7B786588B /* PBXContainerItemProxy */;
		};
		97FA1203310E4749B391CD85 /* PBXTargetDependency */ = {
			isa = PBXTargetDependency;
			target = 99CA4098B8B6488A8BEBBEE9 /* video-app */;
			targetProxy = 9E2D133A6482455697FF431B /* PBXContainerItemProxy */;
		};
		9D70AB50127B46B88BF7DBA0 /* PBXTargetDependency */ = {
			isa = PBXTargetDependency;
			target = 59F9F2C1B1E2466CB42C03D7 /* ALL_BUILD */;
			targetProxy = 4968BE45661C414097DAD792 /* PBXContainerItemProxy */;
		};
		A37DDC4B787041F69F4D6A6D /* PBXTargetDependency */ = {
			isa = PBXTargetDependency;
			target = 2CAD9FDD7E7F44E1AFC9A3AD /* ZERO_CHECK */;
			targetProxy = 093951277C8B45A5AB164DE4 /* PBXContainerItemProxy */;
		};
		D2F980ACBB074F95B8E6F948 /* PBXTargetDependency */ = {
			isa = PBXTargetDependency;
			target = 6E09F6CDFA1443FBB76FF498 /* glfw */;
			targetProxy = DCAE1BE42E53444A8B2D1DA9 /* PBXContainerItemProxy */;
		};
/* End PBXTargetDependency section */

/* Begin XCBuildConfiguration section */
		01E54F0938AE4D0C820BC338 /* Debug */ = {
			isa = XCBuildConfiguration;
			buildSettings = {
				ONLY_ACTIVE_ARCH = YES;
				SDKROOT = /Applications/Xcode.app/Contents/Developer/Platforms/MacOSX.platform/Developer/SDKs/MacOSX10.15.sdk;
				SYMROOT = "/Users/shanikawijerathna/projects/camid/video-app/xcode/build";
			};
			name = Debug;
		};
		03DA107650364D3191CF61F0 /* RelWithDebInfo */ = {
			isa = XCBuildConfiguration;
			buildSettings = {
				COMBINE_HIDPI_IMAGES = YES;
				EXECUTABLE_PREFIX = lib;
				EXECUTABLE_SUFFIX = .a;
				GCC_GENERATE_DEBUGGING_SYMBOLS = YES;
				GCC_INLINES_ARE_PRIVATE_EXTERN = NO;
				GCC_OPTIMIZATION_LEVEL = 2;
				GCC_PREPROCESSOR_DEFINITIONS = ("'CMAKE_INTDIR=\"$(CONFIGURATION)$(EFFECTIVE_PLATFORM_NAME)\"'",_GLFW_USE_CONFIG_H);
				GCC_SYMBOLS_PRIVATE_EXTERN = NO;
				HEADER_SEARCH_PATHS = ("/Users/shanikawijerathna/projects/camid/video-app/lib/glfw/include","/Users/shanikawijerathna/projects/camid/video-app/lib/glfw/src","/Users/shanikawijerathna/projects/camid/video-app/xcode/lib/glfw/src");
				INSTALL_PATH = "";
				LIBRARY_STYLE = STATIC;
				OTHER_CFLAGS = "       -DNDEBUG -fPIC -Wall '-std=c99'  ";
				OTHER_LIBTOOLFLAGS = " ";
				OTHER_REZFLAGS = "";
				PRODUCT_NAME = glfw3;
				SECTORDER_FLAGS = "";
				SYMROOT = "/Users/shanikawijerathna/projects/camid/video-app/xcode/lib/glfw/src";
				USE_HEADERMAP = NO;
				WARNING_CFLAGS = ("$(inherited)");
			};
			name = RelWithDebInfo;
		};
		03DAE417D3DF4505B94EFA7A /* MinSizeRel */ = {
			isa = XCBuildConfiguration;
			buildSettings = {
				COMBINE_HIDPI_IMAGES = YES;
				EXECUTABLE_PREFIX = "";
				EXECUTABLE_SUFFIX = "";
				GCC_GENERATE_DEBUGGING_SYMBOLS = NO;
				GCC_INLINES_ARE_PRIVATE_EXTERN = NO;
				GCC_OPTIMIZATION_LEVEL = s;
				GCC_PREPROCESSOR_DEFINITIONS = ("'CMAKE_INTDIR=\"$(CONFIGURATION)$(EFFECTIVE_PLATFORM_NAME)\"'");
				GCC_SYMBOLS_PRIVATE_EXTERN = NO;
				HEADER_SEARCH_PATHS = ("/Users/shanikawijerathna/projects/camid/video-app/lib/glfw/include");
				INSTALL_PATH = "";
				LIBRARY_SEARCH_PATHS = "";
				OTHER_CPLUSPLUSFLAGS = "    -DNDEBUG '-std=gnu++14'  ";
				OTHER_LDFLAGS = " -Wl,-search_paths_first -Wl,-headerpad_max_install_names  /Users/shanikawijerathna/projects/camid/video-app/xcode/lib/glfw/src/MinSizeRel/libglfw3.a -framework OpenGL  -framework Cocoa -framework IOKit -framework CoreFoundation";
				OTHER_REZFLAGS = "";
				PRODUCT_NAME = "video-app";
				SECTORDER_FLAGS = "";
				SYMROOT = "/Users/shanikawijerathna/projects/camid/video-app/xcode";
				USE_HEADERMAP = NO;
				WARNING_CFLAGS = ("$(inherited)");
			};
			name = MinSizeRel;
		};
		0C573504922E4E55B113A8F7 /* Debug */ = {
			isa = XCBuildConfiguration;
			buildSettings = {
				COMBINE_HIDPI_IMAGES = YES;
				EXECUTABLE_PREFIX = "";
				EXECUTABLE_SUFFIX = "";
				GCC_GENERATE_DEBUGGING_SYMBOLS = YES;
				GCC_INLINES_ARE_PRIVATE_EXTERN = NO;
				GCC_OPTIMIZATION_LEVEL = 0;
				GCC_PREPROCESSOR_DEFINITIONS = ("'CMAKE_INTDIR=\"$(CONFIGURATION)$(EFFECTIVE_PLATFORM_NAME)\"'");
				GCC_SYMBOLS_PRIVATE_EXTERN = NO;
				HEADER_SEARCH_PATHS = ("/Users/shanikawijerathna/projects/camid/video-app/lib/glfw/include");
				INSTALL_PATH = "";
				LIBRARY_SEARCH_PATHS = "";
				OTHER_CPLUSPLUSFLAGS = "   '-std=gnu++14'  ";
				OTHER_LDFLAGS = " -Wl,-search_paths_first -Wl,-headerpad_max_install_names  /Users/shanikawijerathna/projects/camid/video-app/xcode/lib/glfw/src/Debug/libglfw3.a -framework OpenGL  -framework Cocoa -framework IOKit -framework CoreFoundation";
				OTHER_REZFLAGS = "";
				PRODUCT_NAME = "video-app";
				SECTORDER_FLAGS = "";
				SYMROOT = "/Users/shanikawijerathna/projects/camid/video-app/xcode";
				USE_HEADERMAP = NO;
				WARNING_CFLAGS = ("$(inherited)");
			};
			name = Debug;
		};
		1330510E9C23408BB685B1BE /* Release */ = {
			isa = XCBuildConfiguration;
			buildSettings = {
				COMBINE_HIDPI_IMAGES = YES;
				EXECUTABLE_PREFIX = "";
				EXECUTABLE_SUFFIX = "";
				GCC_GENERATE_DEBUGGING_SYMBOLS = NO;
				GCC_INLINES_ARE_PRIVATE_EXTERN = NO;
				GCC_OPTIMIZATION_LEVEL = 3;
				GCC_PREPROCESSOR_DEFINITIONS = ("'CMAKE_INTDIR=\"$(CONFIGURATION)$(EFFECTIVE_PLATFORM_NAME)\"'");
				GCC_SYMBOLS_PRIVATE_EXTERN = NO;
				HEADER_SEARCH_PATHS = ("/Users/shanikawijerathna/projects/camid/video-app/lib/glfw/include");
				INSTALL_PATH = "";
				LIBRARY_SEARCH_PATHS = "";
				OTHER_CPLUSPLUSFLAGS = "    -DNDEBUG '-std=gnu++14'  ";
				OTHER_LDFLAGS = " -Wl,-search_paths_first -Wl,-headerpad_max_install_names  /Users/shanikawijerathna/projects/camid/video-app/xcode/lib/glfw/src/Release/libglfw3.a -framework OpenGL  -framework Cocoa -framework IOKit -framework CoreFoundation";
				OTHER_REZFLAGS = "";
				PRODUCT_NAME = "video-app";
				SECTORDER_FLAGS = "";
				SYMROOT = "/Users/shanikawijerathna/projects/camid/video-app/xcode";
				USE_HEADERMAP = NO;
				WARNING_CFLAGS = ("$(inherited)");
			};
			name = Release;
		};
		141A274D4DEA45A2A8EF19F1 /* Debug */ = {
			isa = XCBuildConfiguration;
			buildSettings = {
				COMBINE_HIDPI_IMAGES = YES;
				GCC_GENERATE_DEBUGGING_SYMBOLS = YES;
				GCC_INLINES_ARE_PRIVATE_EXTERN = NO;
				GCC_OPTIMIZATION_LEVEL = 0;
				GCC_PREPROCESSOR_DEFINITIONS = ("'CMAKE_INTDIR=\"$(CONFIGURATION)$(EFFECTIVE_PLATFORM_NAME)\"'");
				GCC_SYMBOLS_PRIVATE_EXTERN = NO;
				INSTALL_PATH = "";
				OTHER_LDFLAGS = " ";
				OTHER_REZFLAGS = "";
				PRODUCT_NAME = ZERO_CHECK;
				SECTORDER_FLAGS = "";
				SYMROOT = "/Users/shanikawijerathna/projects/camid/video-app/xcode";
				USE_HEADERMAP = NO;
				WARNING_CFLAGS = ("$(inherited)");
			};
			name = Debug;
		};
		1546EA8314164F40B8ECCDDE /* RelWithDebInfo */ = {
			isa = XCBuildConfiguration;
			buildSettings = {
				COMBINE_HIDPI_IMAGES = YES;
				EXECUTABLE_PREFIX = "";
				EXECUTABLE_SUFFIX = "";
				GCC_GENERATE_DEBUGGING_SYMBOLS = YES;
				GCC_INLINES_ARE_PRIVATE_EXTERN = NO;
				GCC_OPTIMIZATION_LEVEL = 2;
				GCC_PREPROCESSOR_DEFINITIONS = ("'CMAKE_INTDIR=\"$(CONFIGURATION)$(EFFECTIVE_PLATFORM_NAME)\"'");
				GCC_SYMBOLS_PRIVATE_EXTERN = NO;
				HEADER_SEARCH_PATHS = ("/Users/shanikawijerathna/projects/camid/video-app/lib/glfw/include");
				INSTALL_PATH = "";
				LIBRARY_SEARCH_PATHS = "";
				OTHER_CPLUSPLUSFLAGS = "       -DNDEBUG '-std=gnu++14'  ";
				OTHER_LDFLAGS = " -Wl,-search_paths_first -Wl,-headerpad_max_install_names  /Users/shanikawijerathna/projects/camid/video-app/xcode/lib/glfw/src/RelWithDebInfo/libglfw3.a -framework OpenGL  -framework Cocoa -framework IOKit -framework CoreFoundation";
				OTHER_REZFLAGS = "";
				PRODUCT_NAME = "video-app";
				SECTORDER_FLAGS = "";
				SYMROOT = "/Users/shanikawijerathna/projects/camid/video-app/xcode";
				USE_HEADERMAP = NO;
				WARNING_CFLAGS = ("$(inherited)");
			};
			name = RelWithDebInfo;
		};
		185FF6A0C50F470B865578FB /* MinSizeRel */ = {
			isa = XCBuildConfiguration;
			buildSettings = {
				COMBINE_HIDPI_IMAGES = YES;
				EXECUTABLE_PREFIX = lib;
				EXECUTABLE_SUFFIX = .a;
				GCC_GENERATE_DEBUGGING_SYMBOLS = NO;
				GCC_INLINES_ARE_PRIVATE_EXTERN = NO;
				GCC_OPTIMIZATION_LEVEL = s;
				GCC_PREPROCESSOR_DEFINITIONS = ("'CMAKE_INTDIR=\"$(CONFIGURATION)$(EFFECTIVE_PLATFORM_NAME)\"'",_GLFW_USE_CONFIG_H);
				GCC_SYMBOLS_PRIVATE_EXTERN = NO;
				HEADER_SEARCH_PATHS = ("/Users/shanikawijerathna/projects/camid/video-app/lib/glfw/include","/Users/shanikawijerathna/projects/camid/video-app/lib/glfw/src","/Users/shanikawijerathna/projects/camid/video-app/xcode/lib/glfw/src");
				INSTALL_PATH = "";
				LIBRARY_STYLE = STATIC;
				OTHER_CFLAGS = "    -DNDEBUG -fPIC -Wall '-std=c99'  ";
				OTHER_LIBTOOLFLAGS = " ";
				OTHER_REZFLAGS = "";
				PRODUCT_NAME = glfw3;
				SECTORDER_FLAGS = "";
				SYMROOT = "/Users/shanikawijerathna/projects/camid/video-app/xcode/lib/glfw/src";
				USE_HEADERMAP = NO;
				WARNING_CFLAGS = ("$(inherited)");
			};
			name = MinSizeRel;
		};
		2A86B8EA40FA405682907812 /* RelWithDebInfo */ = {
			isa = XCBuildConfiguration;
			buildSettings = {
				COMBINE_HIDPI_IMAGES = YES;
				GCC_GENERATE_DEBUGGING_SYMBOLS = YES;
				GCC_INLINES_ARE_PRIVATE_EXTERN = NO;
				GCC_OPTIMIZATION_LEVEL = 0;
				GCC_PREPROCESSOR_DEFINITIONS = ("'CMAKE_INTDIR=\"$(CONFIGURATION)$(EFFECTIVE_PLATFORM_NAME)\"'");
				GCC_SYMBOLS_PRIVATE_EXTERN = NO;
				INSTALL_PATH = "";
				OTHER_LDFLAGS = " ";
				OTHER_REZFLAGS = "";
				PRODUCT_NAME = install;
				SECTORDER_FLAGS = "";
				SYMROOT = "/Users/shanikawijerathna/projects/camid/video-app/xcode";
				USE_HEADERMAP = NO;
				WARNING_CFLAGS = ("$(inherited)");
			};
			name = RelWithDebInfo;
		};
		3908B5DC1979409B97647DF7 /* Release */ = {
			isa = XCBuildConfiguration;
			buildSettings = {
				COMBINE_HIDPI_IMAGES = YES;
				EXECUTABLE_PREFIX = lib;
				EXECUTABLE_SUFFIX = .a;
				GCC_GENERATE_DEBUGGING_SYMBOLS = NO;
				GCC_INLINES_ARE_PRIVATE_EXTERN = NO;
				GCC_OPTIMIZATION_LEVEL = 3;
				GCC_PREPROCESSOR_DEFINITIONS = ("'CMAKE_INTDIR=\"$(CONFIGURATION)$(EFFECTIVE_PLATFORM_NAME)\"'",_GLFW_USE_CONFIG_H);
				GCC_SYMBOLS_PRIVATE_EXTERN = NO;
				HEADER_SEARCH_PATHS = ("/Users/shanikawijerathna/projects/camid/video-app/lib/glfw/include","/Users/shanikawijerathna/projects/camid/video-app/lib/glfw/src","/Users/shanikawijerathna/projects/camid/video-app/xcode/lib/glfw/src");
				INSTALL_PATH = "";
				LIBRARY_STYLE = STATIC;
				OTHER_CFLAGS = "    -DNDEBUG -fPIC -Wall '-std=c99'  ";
				OTHER_LIBTOOLFLAGS = " ";
				OTHER_REZFLAGS = "";
				PRODUCT_NAME = glfw3;
				SECTORDER_FLAGS = "";
				SYMROOT = "/Users/shanikawijerathna/projects/camid/video-app/xcode/lib/glfw/src";
				USE_HEADERMAP = NO;
				WARNING_CFLAGS = ("$(inherited)");
			};
			name = Release;
		};
		4675828B7CD24EA896AD88B7 /* Release */ = {
			isa = XCBuildConfiguration;
			buildSettings = {
				ONLY_ACTIVE_ARCH = YES;
				SDKROOT = /Applications/Xcode.app/Contents/Developer/Platforms/MacOSX.platform/Developer/SDKs/MacOSX10.15.sdk;
				SYMROOT = "/Users/shanikawijerathna/projects/camid/video-app/xcode/build";
			};
			name = Release;
		};
		4DDC9450950D4D869B34A7E1 /* RelWithDebInfo */ = {
			isa = XCBuildConfiguration;
			buildSettings = {
				COMBINE_HIDPI_IMAGES = YES;
				GCC_GENERATE_DEBUGGING_SYMBOLS = YES;
				GCC_INLINES_ARE_PRIVATE_EXTERN = NO;
				GCC_OPTIMIZATION_LEVEL = 0;
				GCC_PREPROCESSOR_DEFINITIONS = ("'CMAKE_INTDIR=\"$(CONFIGURATION)$(EFFECTIVE_PLATFORM_NAME)\"'");
				GCC_SYMBOLS_PRIVATE_EXTERN = NO;
				INSTALL_PATH = "";
				OTHER_LDFLAGS = " ";
				OTHER_REZFLAGS = "";
				PRODUCT_NAME = ZERO_CHECK;
				SECTORDER_FLAGS = "";
				SYMROOT = "/Users/shanikawijerathna/projects/camid/video-app/xcode";
				USE_HEADERMAP = NO;
				WARNING_CFLAGS = ("$(inherited)");
			};
			name = RelWithDebInfo;
		};
		6BD3E8DF66FF4C7C97EC13A4 /* MinSizeRel */ = {
			isa = XCBuildConfiguration;
			buildSettings = {
				ONLY_ACTIVE_ARCH = YES;
				SDKROOT = /Applications/Xcode.app/Contents/Developer/Platforms/MacOSX.platform/Developer/SDKs/MacOSX10.15.sdk;
				SYMROOT = "/Users/shanikawijerathna/projects/camid/video-app/xcode/build";
			};
			name = MinSizeRel;
		};
		6EC6D3384D6F4E45B0663C75 /* MinSizeRel */ = {
			isa = XCBuildConfiguration;
			buildSettings = {
				COMBINE_HIDPI_IMAGES = YES;
				GCC_GENERATE_DEBUGGING_SYMBOLS = YES;
				GCC_INLINES_ARE_PRIVATE_EXTERN = NO;
				GCC_OPTIMIZATION_LEVEL = 0;
				GCC_PREPROCESSOR_DEFINITIONS = ("'CMAKE_INTDIR=\"$(CONFIGURATION)$(EFFECTIVE_PLATFORM_NAME)\"'");
				GCC_SYMBOLS_PRIVATE_EXTERN = NO;
				INSTALL_PATH = "";
				OTHER_LDFLAGS = " ";
				OTHER_REZFLAGS = "";
				PRODUCT_NAME = install;
				SECTORDER_FLAGS = "";
				SYMROOT = "/Users/shanikawijerathna/projects/camid/video-app/xcode";
				USE_HEADERMAP = NO;
				WARNING_CFLAGS = ("$(inherited)");
			};
			name = MinSizeRel;
		};
		76206774090D411EA35B1A53 /* MinSizeRel */ = {
			isa = XCBuildConfiguration;
			buildSettings = {
				COMBINE_HIDPI_IMAGES = YES;
				GCC_GENERATE_DEBUGGING_SYMBOLS = YES;
				GCC_INLINES_ARE_PRIVATE_EXTERN = NO;
				GCC_OPTIMIZATION_LEVEL = 0;
				GCC_PREPROCESSOR_DEFINITIONS = ("'CMAKE_INTDIR=\"$(CONFIGURATION)$(EFFECTIVE_PLATFORM_NAME)\"'");
				GCC_SYMBOLS_PRIVATE_EXTERN = NO;
				INSTALL_PATH = "";
				OTHER_LDFLAGS = " ";
				OTHER_REZFLAGS = "";
				PRODUCT_NAME = ALL_BUILD;
				SECTORDER_FLAGS = "";
				SYMROOT = "/Users/shanikawijerathna/projects/camid/video-app/xcode";
				USE_HEADERMAP = NO;
				WARNING_CFLAGS = ("$(inherited)");
			};
			name = MinSizeRel;
		};
		7C00840E584046F699A68FE3 /* RelWithDebInfo */ = {
			isa = XCBuildConfiguration;
			buildSettings = {
				COMBINE_HIDPI_IMAGES = YES;
				GCC_GENERATE_DEBUGGING_SYMBOLS = YES;
				GCC_INLINES_ARE_PRIVATE_EXTERN = NO;
				GCC_OPTIMIZATION_LEVEL = 0;
				GCC_PREPROCESSOR_DEFINITIONS = ("'CMAKE_INTDIR=\"$(CONFIGURATION)$(EFFECTIVE_PLATFORM_NAME)\"'");
				GCC_SYMBOLS_PRIVATE_EXTERN = NO;
				INSTALL_PATH = "";
				OTHER_LDFLAGS = " ";
				OTHER_REZFLAGS = "";
				PRODUCT_NAME = uninstall;
				SECTORDER_FLAGS = "";
				SYMROOT = "/Users/shanikawijerathna/projects/camid/video-app/xcode/lib/glfw";
				USE_HEADERMAP = NO;
				WARNING_CFLAGS = ("$(inherited)");
			};
			name = RelWithDebInfo;
		};
		9931990FF092439AA86FF549 /* MinSizeRel */ = {
			isa = XCBuildConfiguration;
			buildSettings = {
				COMBINE_HIDPI_IMAGES = YES;
				GCC_GENERATE_DEBUGGING_SYMBOLS = YES;
				GCC_INLINES_ARE_PRIVATE_EXTERN = NO;
				GCC_OPTIMIZATION_LEVEL = 0;
				GCC_PREPROCESSOR_DEFINITIONS = ("'CMAKE_INTDIR=\"$(CONFIGURATION)$(EFFECTIVE_PLATFORM_NAME)\"'");
				GCC_SYMBOLS_PRIVATE_EXTERN = NO;
				INSTALL_PATH = "";
				OTHER_LDFLAGS = " ";
				OTHER_REZFLAGS = "";
				PRODUCT_NAME = uninstall;
				SECTORDER_FLAGS = "";
				SYMROOT = "/Users/shanikawijerathna/projects/camid/video-app/xcode/lib/glfw";
				USE_HEADERMAP = NO;
				WARNING_CFLAGS = ("$(inherited)");
			};
			name = MinSizeRel;
		};
		9B7CA5A4EFF34FCCACCDA98C /* Release */ = {
			isa = XCBuildConfiguration;
			buildSettings = {
				COMBINE_HIDPI_IMAGES = YES;
				GCC_GENERATE_DEBUGGING_SYMBOLS = YES;
				GCC_INLINES_ARE_PRIVATE_EXTERN = NO;
				GCC_OPTIMIZATION_LEVEL = 0;
				GCC_PREPROCESSOR_DEFINITIONS = ("'CMAKE_INTDIR=\"$(CONFIGURATION)$(EFFECTIVE_PLATFORM_NAME)\"'");
				GCC_SYMBOLS_PRIVATE_EXTERN = NO;
				INSTALL_PATH = "";
				OTHER_LDFLAGS = " ";
				OTHER_REZFLAGS = "";
				PRODUCT_NAME = ZERO_CHECK;
				SECTORDER_FLAGS = "";
				SYMROOT = "/Users/shanikawijerathna/projects/camid/video-app/xcode";
				USE_HEADERMAP = NO;
				WARNING_CFLAGS = ("$(inherited)");
			};
			name = Release;
		};
		A3FE0A6DD3BD4A59BFB20CFE /* RelWithDebInfo */ = {
			isa = XCBuildConfiguration;
			buildSettings = {
				COMBINE_HIDPI_IMAGES = YES;
				GCC_GENERATE_DEBUGGING_SYMBOLS = YES;
				GCC_INLINES_ARE_PRIVATE_EXTERN = NO;
				GCC_OPTIMIZATION_LEVEL = 0;
				GCC_PREPROCESSOR_DEFINITIONS = ("'CMAKE_INTDIR=\"$(CONFIGURATION)$(EFFECTIVE_PLATFORM_NAME)\"'");
				GCC_SYMBOLS_PRIVATE_EXTERN = NO;
				INSTALL_PATH = "";
				OTHER_LDFLAGS = " ";
				OTHER_REZFLAGS = "";
				PRODUCT_NAME = ALL_BUILD;
				SECTORDER_FLAGS = "";
				SYMROOT = "/Users/shanikawijerathna/projects/camid/video-app/xcode";
				USE_HEADERMAP = NO;
				WARNING_CFLAGS = ("$(inherited)");
			};
			name = RelWithDebInfo;
		};
		AFB4865D6122415F911A8767 /* Debug */ = {
			isa = XCBuildConfiguration;
			buildSettings = {
				COMBINE_HIDPI_IMAGES = YES;
				GCC_GENERATE_DEBUGGING_SYMBOLS = YES;
				GCC_INLINES_ARE_PRIVATE_EXTERN = NO;
				GCC_OPTIMIZATION_LEVEL = 0;
				GCC_PREPROCESSOR_DEFINITIONS = ("'CMAKE_INTDIR=\"$(CONFIGURATION)$(EFFECTIVE_PLATFORM_NAME)\"'");
				GCC_SYMBOLS_PRIVATE_EXTERN = NO;
				INSTALL_PATH = "";
				OTHER_LDFLAGS = " ";
				OTHER_REZFLAGS = "";
				PRODUCT_NAME = ALL_BUILD;
				SECTORDER_FLAGS = "";
				SYMROOT = "/Users/shanikawijerathna/projects/camid/video-app/xcode";
				USE_HEADERMAP = NO;
				WARNING_CFLAGS = ("$(inherited)");
			};
			name = Debug;
		};
		B5E7002D3AEC46C8B137335F /* MinSizeRel */ = {
			isa = XCBuildConfiguration;
			buildSettings = {
				COMBINE_HIDPI_IMAGES = YES;
				GCC_GENERATE_DEBUGGING_SYMBOLS = YES;
				GCC_INLINES_ARE_PRIVATE_EXTERN = NO;
				GCC_OPTIMIZATION_LEVEL = 0;
				GCC_PREPROCESSOR_DEFINITIONS = ("'CMAKE_INTDIR=\"$(CONFIGURATION)$(EFFECTIVE_PLATFORM_NAME)\"'");
				GCC_SYMBOLS_PRIVATE_EXTERN = NO;
				INSTALL_PATH = "";
				OTHER_LDFLAGS = " ";
				OTHER_REZFLAGS = "";
				PRODUCT_NAME = ZERO_CHECK;
				SECTORDER_FLAGS = "";
				SYMROOT = "/Users/shanikawijerathna/projects/camid/video-app/xcode";
				USE_HEADERMAP = NO;
				WARNING_CFLAGS = ("$(inherited)");
			};
			name = MinSizeRel;
		};
		BE655F424CFA43678EA9BA8A /* RelWithDebInfo */ = {
			isa = XCBuildConfiguration;
			buildSettings = {
				ONLY_ACTIVE_ARCH = YES;
				SDKROOT = /Applications/Xcode.app/Contents/Developer/Platforms/MacOSX.platform/Developer/SDKs/MacOSX10.15.sdk;
				SYMROOT = "/Users/shanikawijerathna/projects/camid/video-app/xcode/build";
			};
			name = RelWithDebInfo;
		};
		C97F6C8C0A96450D86E6296A /* Debug */ = {
			isa = XCBuildConfiguration;
			buildSettings = {
				COMBINE_HIDPI_IMAGES = YES;
				GCC_GENERATE_DEBUGGING_SYMBOLS = YES;
				GCC_INLINES_ARE_PRIVATE_EXTERN = NO;
				GCC_OPTIMIZATION_LEVEL = 0;
				GCC_PREPROCESSOR_DEFINITIONS = ("'CMAKE_INTDIR=\"$(CONFIGURATION)$(EFFECTIVE_PLATFORM_NAME)\"'");
				GCC_SYMBOLS_PRIVATE_EXTERN = NO;
				INSTALL_PATH = "";
				OTHER_LDFLAGS = " ";
				OTHER_REZFLAGS = "";
				PRODUCT_NAME = uninstall;
				SECTORDER_FLAGS = "";
				SYMROOT = "/Users/shanikawijerathna/projects/camid/video-app/xcode/lib/glfw";
				USE_HEADERMAP = NO;
				WARNING_CFLAGS = ("$(inherited)");
			};
			name = Debug;
		};
		C9902193C24F4958920E5632 /* Debug */ = {
			isa = XCBuildConfiguration;
			buildSettings = {
				COMBINE_HIDPI_IMAGES = YES;
				GCC_GENERATE_DEBUGGING_SYMBOLS = YES;
				GCC_INLINES_ARE_PRIVATE_EXTERN = NO;
				GCC_OPTIMIZATION_LEVEL = 0;
				GCC_PREPROCESSOR_DEFINITIONS = ("'CMAKE_INTDIR=\"$(CONFIGURATION)$(EFFECTIVE_PLATFORM_NAME)\"'");
				GCC_SYMBOLS_PRIVATE_EXTERN = NO;
				INSTALL_PATH = "";
				OTHER_LDFLAGS = " ";
				OTHER_REZFLAGS = "";
				PRODUCT_NAME = install;
				SECTORDER_FLAGS = "";
				SYMROOT = "/Users/shanikawijerathna/projects/camid/video-app/xcode";
				USE_HEADERMAP = NO;
				WARNING_CFLAGS = ("$(inherited)");
			};
			name = Debug;
		};
		DDA18398A8DD4D3C807E608B /* Release */ = {
			isa = XCBuildConfiguration;
			buildSettings = {
				COMBINE_HIDPI_IMAGES = YES;
				GCC_GENERATE_DEBUGGING_SYMBOLS = YES;
				GCC_INLINES_ARE_PRIVATE_EXTERN = NO;
				GCC_OPTIMIZATION_LEVEL = 0;
				GCC_PREPROCESSOR_DEFINITIONS = ("'CMAKE_INTDIR=\"$(CONFIGURATION)$(EFFECTIVE_PLATFORM_NAME)\"'");
				GCC_SYMBOLS_PRIVATE_EXTERN = NO;
				INSTALL_PATH = "";
				OTHER_LDFLAGS = " ";
				OTHER_REZFLAGS = "";
				PRODUCT_NAME = ALL_BUILD;
				SECTORDER_FLAGS = "";
				SYMROOT = "/Users/shanikawijerathna/projects/camid/video-app/xcode";
				USE_HEADERMAP = NO;
				WARNING_CFLAGS = ("$(inherited)");
			};
			name = Release;
		};
		DDEB2A2818BA496499B1E0B8 /* Release */ = {
			isa = XCBuildConfiguration;
			buildSettings = {
				COMBINE_HIDPI_IMAGES = YES;
				GCC_GENERATE_DEBUGGING_SYMBOLS = YES;
				GCC_INLINES_ARE_PRIVATE_EXTERN = NO;
				GCC_OPTIMIZATION_LEVEL = 0;
				GCC_PREPROCESSOR_DEFINITIONS = ("'CMAKE_INTDIR=\"$(CONFIGURATION)$(EFFECTIVE_PLATFORM_NAME)\"'");
				GCC_SYMBOLS_PRIVATE_EXTERN = NO;
				INSTALL_PATH = "";
				OTHER_LDFLAGS = " ";
				OTHER_REZFLAGS = "";
				PRODUCT_NAME = install;
				SECTORDER_FLAGS = "";
				SYMROOT = "/Users/shanikawijerathna/projects/camid/video-app/xcode";
				USE_HEADERMAP = NO;
				WARNING_CFLAGS = ("$(inherited)");
			};
			name = Release;
		};
		E22C43BF9ECF4CAE9A9E84B1 /* Debug */ = {
			isa = XCBuildConfiguration;
			buildSettings = {
				COMBINE_HIDPI_IMAGES = YES;
				EXECUTABLE_PREFIX = lib;
				EXECUTABLE_SUFFIX = .a;
				GCC_GENERATE_DEBUGGING_SYMBOLS = YES;
				GCC_INLINES_ARE_PRIVATE_EXTERN = NO;
				GCC_OPTIMIZATION_LEVEL = 0;
				GCC_PREPROCESSOR_DEFINITIONS = ("'CMAKE_INTDIR=\"$(CONFIGURATION)$(EFFECTIVE_PLATFORM_NAME)\"'",_GLFW_USE_CONFIG_H);
				GCC_SYMBOLS_PRIVATE_EXTERN = NO;
				HEADER_SEARCH_PATHS = ("/Users/shanikawijerathna/projects/camid/video-app/lib/glfw/include","/Users/shanikawijerathna/projects/camid/video-app/lib/glfw/src","/Users/shanikawijerathna/projects/camid/video-app/xcode/lib/glfw/src");
				INSTALL_PATH = "";
				LIBRARY_STYLE = STATIC;
				OTHER_CFLAGS = "   -fPIC -Wall '-std=c99'  ";
				OTHER_LIBTOOLFLAGS = " ";
				OTHER_REZFLAGS = "";
				PRODUCT_NAME = glfw3;
				SECTORDER_FLAGS = "";
				SYMROOT = "/Users/shanikawijerathna/projects/camid/video-app/xcode/lib/glfw/src";
				USE_HEADERMAP = NO;
				WARNING_CFLAGS = ("$(inherited)");
			};
			name = Debug;
		};
		FF6DBD38C2264F3AAAF31279 /* Release */ = {
			isa = XCBuildConfiguration;
			buildSettings = {
				COMBINE_HIDPI_IMAGES = YES;
				GCC_GENERATE_DEBUGGING_SYMBOLS = YES;
				GCC_INLINES_ARE_PRIVATE_EXTERN = NO;
				GCC_OPTIMIZATION_LEVEL = 0;
				GCC_PREPROCESSOR_DEFINITIONS = ("'CMAKE_INTDIR=\"$(CONFIGURATION)$(EFFECTIVE_PLATFORM_NAME)\"'");
				GCC_SYMBOLS_PRIVATE_EXTERN = NO;
				INSTALL_PATH = "";
				OTHER_LDFLAGS = " ";
				OTHER_REZFLAGS = "";
				PRODUCT_NAME = uninstall;
				SECTORDER_FLAGS = "";
				SYMROOT = "/Users/shanikawijerathna/projects/camid/video-app/xcode/lib/glfw";
				USE_HEADERMAP = NO;
				WARNING_CFLAGS = ("$(inherited)");
			};
			name = Release;
		};
/* End XCBuildConfiguration section */

/* Begin XCConfigurationList section */
		23B63B507142449D9694E670 /* Build configuration list for PBXProject "video-app" */ = {
			isa = XCConfigurationList;
			buildConfigurations = (
				01E54F0938AE4D0C820BC338 /* Debug */,
				4675828B7CD24EA896AD88B7 /* Release */,
				6BD3E8DF66FF4C7C97EC13A4 /* MinSizeRel */,
				BE655F424CFA43678EA9BA8A /* RelWithDebInfo */,
			);
			defaultConfigurationIsVisible = 0;
			defaultConfigurationName = Debug;
		};
		2B7C9E537D244746B3F82E03 /* Build configuration list for PBXAggregateTarget "install" */ = {
			isa = XCConfigurationList;
			buildConfigurations = (
				C9902193C24F4958920E5632 /* Debug */,
				DDEB2A2818BA496499B1E0B8 /* Release */,
				6EC6D3384D6F4E45B0663C75 /* MinSizeRel */,
				2A86B8EA40FA405682907812 /* RelWithDebInfo */,
			);
			defaultConfigurationIsVisible = 0;
			defaultConfigurationName = Debug;
		};
		39F233CC8F9D4D21AE4FC441 /* Build configuration list for PBXAggregateTarget "uninstall" */ = {
			isa = XCConfigurationList;
			buildConfigurations = (
				C97F6C8C0A96450D86E6296A /* Debug */,
				FF6DBD38C2264F3AAAF31279 /* Release */,
				9931990FF092439AA86FF549 /* MinSizeRel */,
				7C00840E584046F699A68FE3 /* RelWithDebInfo */,
			);
			defaultConfigurationIsVisible = 0;
			defaultConfigurationName = Debug;
		};
		6487C3E0AE5B4EB88956D992 /* Build configuration list for PBXNativeTarget "glfw" */ = {
			isa = XCConfigurationList;
			buildConfigurations = (
				E22C43BF9ECF4CAE9A9E84B1 /* Debug */,
				3908B5DC1979409B97647DF7 /* Release */,
				185FF6A0C50F470B865578FB /* MinSizeRel */,
				03DA107650364D3191CF61F0 /* RelWithDebInfo */,
			);
			defaultConfigurationIsVisible = 0;
			defaultConfigurationName = Debug;
		};
		7228BE5980744C16B9D3AA19 /* Build configuration list for PBXNativeTarget "video-app" */ = {
			isa = XCConfigurationList;
			buildConfigurations = (
				0C573504922E4E55B113A8F7 /* Debug */,
				1330510E9C23408BB685B1BE /* Release */,
				03DAE417D3DF4505B94EFA7A /* MinSizeRel */,
				1546EA8314164F40B8ECCDDE /* RelWithDebInfo */,
			);
			defaultConfigurationIsVisible = 0;
			defaultConfigurationName = Debug;
		};
		E7EF0449BDBA472D94DF13E6 /* Build configuration list for PBXAggregateTarget "ALL_BUILD" */ = {
			isa = XCConfigurationList;
			buildConfigurations = (
				AFB4865D6122415F911A8767 /* Debug */,
				DDA18398A8DD4D3C807E608B /* Release */,
				76206774090D411EA35B1A53 /* MinSizeRel */,
				A3FE0A6DD3BD4A59BFB20CFE /* RelWithDebInfo */,
			);
			defaultConfigurationIsVisible = 0;
			defaultConfigurationName = Debug;
		};
		E8C75EBB0BEB42A8A26242C8 /* Build configuration list for PBXAggregateTarget "ZERO_CHECK" */ = {
			isa = XCConfigurationList;
			buildConfigurations = (
				141A274D4DEA45A2A8EF19F1 /* Debug */,
				9B7CA5A4EFF34FCCACCDA98C /* Release */,
				B5E7002D3AEC46C8B137335F /* MinSizeRel */,
				4DDC9450950D4D869B34A7E1 /* RelWithDebInfo */,
			);
			defaultConfigurationIsVisible = 0;
			defaultConfigurationName = Debug;
		};
/* End XCConfigurationList section */
	};
	rootObject = 8A0C9BEF4C984AFDB59CD48D /* Project object */;
}
