// !$*UTF8*$!
{
	archiveVersion = 1;
	classes = {
	};
	objectVersion = 46;
	objects = {

/* Begin PBXAggregateTarget section */
		2CAD9FDD7E7F44E1AFC9A3AD /* ZERO_CHECK */ = {
			isa = PBXAggregateTarget;
			buildConfigurationList = 9649CC7CBA94438F9350EBE2 /* Build configuration list for PBXAggregateTarget "ZERO_CHECK" */;
			buildPhases = (
				55DA40F609C744FE9230CA0C /* CMake Rules */,
			);
			dependencies = (
			);
			name = ZERO_CHECK;
			productName = ZERO_CHECK;
		};
		59F9F2C1B1E2466CB42C03D7 /* ALL_BUILD */ = {
			isa = PBXAggregateTarget;
			buildConfigurationList = AFB2E33469CE4B9296D5EF11 /* Build configuration list for PBXAggregateTarget "ALL_BUILD" */;
			buildPhases = (
				FFEE023BF76843549088802C /* CMake Rules */,
			);
			dependencies = (
				6A2ADE42FE234777AB9AB3F1 /* PBXTargetDependency */,
				D21BEA8EDF964436B7FE804F /* PBXTargetDependency */,
				A7EAC688736A483FB934D8E9 /* PBXTargetDependency */,
			);
			name = ALL_BUILD;
			productName = ALL_BUILD;
		};
		ED5A9F841A214F728B8E2425 /* install */ = {
			isa = PBXAggregateTarget;
			buildConfigurationList = 31E271963F224F12B340525D /* Build configuration list for PBXAggregateTarget "install" */;
			buildPhases = (
				27FA8F2C80FF4805B0E5502D /* CMake PostBuild Rules */,
			);
			dependencies = (
				3E7B8C47329F429F8FCC7B2E /* PBXTargetDependency */,
			);
			name = install;
			productName = install;
		};
		EEDD7E4312D24F479F508786 /* uninstall */ = {
			isa = PBXAggregateTarget;
			buildConfigurationList = 8F9847C9F42943AEA73A220D /* Build configuration list for PBXAggregateTarget "uninstall" */;
			buildPhases = (
				5DFF4CEEC61146F3B8606595 /* CMake Rules */,
			);
			dependencies = (
			);
			name = uninstall;
			productName = uninstall;
		};
/* End PBXAggregateTarget section */

/* Begin PBXBuildFile section */
		0136883E9CE94DDE9E79857B /* /Users/shanikawijerathna/projects/camid/video-app/lib/glfw/src/posix_thread.c */ = {isa = PBXBuildFile; fileRef = DAF7571CE25E4FF7AAC82E10 /* /Users/shanikawijerathna/projects/camid/video-app/lib/glfw/src/posix_thread.c */; };
		196573B9F65043789F10E401 /* /Users/shanikawijerathna/projects/camid/video-app/lib/glfw/src/cocoa_init.m */ = {isa = PBXBuildFile; fileRef = B0E18CB5A4934994AB2F5514 /* /Users/shanikawijerathna/projects/camid/video-app/lib/glfw/src/cocoa_init.m */; };
		1A07A5EA47EB4D09B8A524F6 /* /Users/shanikawijerathna/projects/camid/video-app/xcode/lib/glfw/src/glfw_config.h */ = {isa = PBXBuildFile; fileRef = 5C5FAD915BB54AA6AA04D79B /* /Users/shanikawijerathna/projects/camid/video-app/xcode/lib/glfw/src/glfw_config.h */; };
		1EA6C9C1EF0B4066BE3C6068 /* /Users/shanikawijerathna/projects/camid/video-app/lib/glfw/src/osmesa_context.c */ = {isa = PBXBuildFile; fileRef = EF7E15363D3A48E7A23D353C /* /Users/shanikawijerathna/projects/camid/video-app/lib/glfw/src/osmesa_context.c */; settings = {COMPILER_FLAGS = "-Wdeclaration-after-statement"; }; };
		311E9F9A8F8E4656B2FAF985 /* /Users/shanikawijerathna/projects/camid/video-app/lib/glfw/src/egl_context.c */ = {isa = PBXBuildFile; fileRef = 3E59694CD08C4B22A718BBCF /* /Users/shanikawijerathna/projects/camid/video-app/lib/glfw/src/egl_context.c */; settings = {COMPILER_FLAGS = "-Wdeclaration-after-statement"; }; };
		324B6C1F71DF48878CE60B83 /* /Users/shanikawijerathna/projects/camid/video-app/lib/glfw/src/nsgl_context.h */ = {isa = PBXBuildFile; fileRef = 734A5E6EB0A848E9B700F32E /* /Users/shanikawijerathna/projects/camid/video-app/lib/glfw/src/nsgl_context.h */; };
		328BF50E6D1743EB87D67761 /* /Users/shanikawijerathna/projects/camid/video-app/lib/glfw/src/cocoa_joystick.h */ = {isa = PBXBuildFile; fileRef = 529496D852A34EEB98E4A23F /* /Users/shanikawijerathna/projects/camid/video-app/lib/glfw/src/cocoa_joystick.h */; };
		33D4B2694F53462394678578 /* /Users/shanikawijerathna/projects/camid/video-app/lib/glfw/src/CMakeLists.txt */ = {isa = PBXBuildFile; fileRef = A25A41B4A2C149409B42139C /* /Users/shanikawijerathna/projects/camid/video-app/lib/glfw/src/CMakeLists.txt */; };
		360CA7C0294F4433B0B3CABC /* /Users/shanikawijerathna/projects/camid/video-app/src/main.cpp */ = {isa = PBXBuildFile; fileRef = 73528B40BE45422FB3642665 /* /Users/shanikawijerathna/projects/camid/video-app/src/main.cpp */; };
		3F4244EADEF3491199534A8F /* /Users/shanikawijerathna/projects/camid/video-app/lib/glfw/src/osmesa_context.h */ = {isa = PBXBuildFile; fileRef = 584A3B0A333E4044AF6468BC /* /Users/shanikawijerathna/projects/camid/video-app/lib/glfw/src/osmesa_context.h */; };
		463BAB7463CB4C92AB871747 /* /Users/shanikawijerathna/projects/camid/video-app/lib/glfw/src/cocoa_joystick.m */ = {isa = PBXBuildFile; fileRef = 9AC1F93EFAC740B2BF59A553 /* /Users/shanikawijerathna/projects/camid/video-app/lib/glfw/src/cocoa_joystick.m */; };
		51216C87719440A2A9D64F9D /* /Users/shanikawijerathna/projects/camid/video-app/lib/glfw/src/monitor.c */ = {isa = PBXBuildFile; fileRef = 7BF9899CA3A14AA88C11663B /* /Users/shanikawijerathna/projects/camid/video-app/lib/glfw/src/monitor.c */; settings = {COMPILER_FLAGS = "-Wdeclaration-after-statement"; }; };
		5670BF832870413A80036052 /* /Users/shanikawijerathna/projects/camid/video-app/lib/glfw/include/GLFW/glfw3.h */ = {isa = PBXBuildFile; fileRef = 10E0ED96CDF043289D98112E /* /Users/shanikawijerathna/projects/camid/video-app/lib/glfw/include/GLFW/glfw3.h */; };
		58ED877F38B64EAB807F732B /* /Users/shanikawijerathna/projects/camid/video-app/lib/glfw/src/input.c */ = {isa = PBXBuildFile; fileRef = 1BF03B93CE1244FD89EE98BC /* /Users/shanikawijerathna/projects/camid/video-app/lib/glfw/src/input.c */; settings = {COMPILER_FLAGS = "-Wdeclaration-after-statement"; }; };
		65AADD89F34C4239B8D78266 /* /Users/shanikawijerathna/projects/camid/video-app/lib/glfw/src/vulkan.c */ = {isa = PBXBuildFile; fileRef = 71564C992D1A41EDA2BF2BDF /* /Users/shanikawijerathna/projects/camid/video-app/lib/glfw/src/vulkan.c */; settings = {COMPILER_FLAGS = "-Wdeclaration-after-statement"; }; };
		6682AD368AD84763B37F5FA1 /* /Users/shanikawijerathna/projects/camid/video-app/lib/glfw/src/internal.h */ = {isa = PBXBuildFile; fileRef = 4788F55D5238456BBAA47D12 /* /Users/shanikawijerathna/projects/camid/video-app/lib/glfw/src/internal.h */; };
		7C337CB46FD64982B77FA966 /* /Users/shanikawijerathna/projects/camid/video-app/lib/glfw/src/cocoa_monitor.m */ = {isa = PBXBuildFile; fileRef = D8C458008F774388A37E8722 /* /Users/shanikawijerathna/projects/camid/video-app/lib/glfw/src/cocoa_monitor.m */; };
		86767327331F421BAEEA6FC0 /* /Users/shanikawijerathna/projects/camid/video-app/lib/glfw/src/cocoa_window.m */ = {isa = PBXBuildFile; fileRef = 512B715CB8634E64A1CC437F /* /Users/shanikawijerathna/projects/camid/video-app/lib/glfw/src/cocoa_window.m */; };
		8D7F6E312AFB41FEB30EA5BB /* /Users/shanikawijerathna/projects/camid/video-app/lib/glfw/src/init.c */ = {isa = PBXBuildFile; fileRef = 3632F96D931B4C06894EEFCC /* /Users/shanikawijerathna/projects/camid/video-app/lib/glfw/src/init.c */; settings = {COMPILER_FLAGS = "-Wdeclaration-after-statement"; }; };
		9A5EB0E78B604BC4B90908D5 /* /Users/shanikawijerathna/projects/camid/video-app/lib/glfw/include/GLFW/glfw3native.h */ = {isa = PBXBuildFile; fileRef = F3177121D77346B484295F62 /* /Users/shanikawijerathna/projects/camid/video-app/lib/glfw/include/GLFW/glfw3native.h */; };
		9A7A8BFB0FC04D7EA550194A /* /Users/shanikawijerathna/projects/camid/video-app/lib/glfw/src/cocoa_platform.h */ = {isa = PBXBuildFile; fileRef = 9C82297C47784156A5108AC2 /* /Users/shanikawijerathna/projects/camid/video-app/lib/glfw/src/cocoa_platform.h */; };
		9DC35D1F24AB4374B7BF124A /* /Users/shanikawijerathna/projects/camid/video-app/lib/glfw/src/cocoa_time.c */ = {isa = PBXBuildFile; fileRef = 0D66B524632246B5B4C61A6D /* /Users/shanikawijerathna/projects/camid/video-app/lib/glfw/src/cocoa_time.c */; };
		B1C9ECE49332460BAAC67D6F /* /Users/shanikawijerathna/projects/camid/video-app/lib/glfw/src/nsgl_context.m */ = {isa = PBXBuildFile; fileRef = E21EBA1D411844BEA14F839F /* /Users/shanikawijerathna/projects/camid/video-app/lib/glfw/src/nsgl_context.m */; };
		B9202729A81C4B2C91E5127D /* /Users/shanikawijerathna/projects/camid/video-app/lib/glfw/src/posix_thread.h */ = {isa = PBXBuildFile; fileRef = 6F21236AFFB341A5A5B23CF6 /* /Users/shanikawijerathna/projects/camid/video-app/lib/glfw/src/posix_thread.h */; };
		BC11968F0C84454F8C6E50F3 /* /Users/shanikawijerathna/projects/camid/video-app/lib/glfw/src/window.c */ = {isa = PBXBuildFile; fileRef = 99BE97FD24AC4A8A925D0DC2 /* /Users/shanikawijerathna/projects/camid/video-app/lib/glfw/src/window.c */; settings = {COMPILER_FLAGS = "-Wdeclaration-after-statement"; }; };
		C56E20D8FDD845D287F87D36 /* /Users/shanikawijerathna/projects/camid/video-app/lib/glfw/src/context.c */ = {isa = PBXBuildFile; fileRef = 74C2CCA8C9924510A0B1C826 /* /Users/shanikawijerathna/projects/camid/video-app/lib/glfw/src/context.c */; settings = {COMPILER_FLAGS = "-Wdeclaration-after-statement"; }; };
		D1B303CFFDB3460B935C13D2 /* /Users/shanikawijerathna/projects/camid/video-app/CMakeLists.txt */ = {isa = PBXBuildFile; fileRef = 05AA665F25344BB98EA30670 /* /Users/shanikawijerathna/projects/camid/video-app/CMakeLists.txt */; };
		DA1AD887AC5B4F639ADF3242 /* /Users/shanikawijerathna/projects/camid/video-app/lib/glfw/src/mappings.h */ = {isa = PBXBuildFile; fileRef = C4A8DBF9AC8147C0A1098801 /* /Users/shanikawijerathna/projects/camid/video-app/lib/glfw/src/mappings.h */; };
		FA74288301EC4451BF185B9F /* /Users/shanikawijerathna/projects/camid/video-app/lib/glfw/src/egl_context.h */ = {isa = PBXBuildFile; fileRef = 5C34F579277B43FB93F73800 /* /Users/shanikawijerathna/projects/camid/video-app/lib/glfw/src/egl_context.h */; };
/* End PBXBuildFile section */

/* Begin PBXBuildStyle section */
		37027AD63F784974B8717EB0 /* RelWithDebInfo */ = {
			isa = PBXBuildStyle;
			buildSettings = {
				COPY_PHASE_STRIP = NO;
			};
			name = RelWithDebInfo;
		};
		56E37F03411E406EAE8013CC /* Release */ = {
			isa = PBXBuildStyle;
			buildSettings = {
				COPY_PHASE_STRIP = NO;
			};
			name = Release;
		};
		678821CBD3704D5B8F64FBA7 /* Debug */ = {
			isa = PBXBuildStyle;
			buildSettings = {
				COPY_PHASE_STRIP = NO;
			};
			name = Debug;
		};
		C4DAC638C65F4AE0ACCBA7CE /* MinSizeRel */ = {
			isa = PBXBuildStyle;
			buildSettings = {
				COPY_PHASE_STRIP = NO;
			};
			name = MinSizeRel;
		};
/* End PBXBuildStyle section */

/* Begin PBXContainerItemProxy section */
		0AD2159A0FD3469C8983BC6B /* PBXContainerItemProxy */ = {
			isa = PBXContainerItemProxy;
			containerPortal = 8A0C9BEF4C984AFDB59CD48D /* Project object */;
			proxyType = 1;
			remoteGlobalIDString = 6E09F6CDFA1443FBB76FF498;
			remoteInfo = glfw;
		};
		808D5644BA884AE19766B245 /* PBXContainerItemProxy */ = {
			isa = PBXContainerItemProxy;
			containerPortal = 8A0C9BEF4C984AFDB59CD48D /* Project object */;
			proxyType = 1;
			remoteGlobalIDString = 59F9F2C1B1E2466CB42C03D7;
			remoteInfo = ALL_BUILD;
		};
		82946999ACED42D78D249D62 /* PBXContainerItemProxy */ = {
			isa = PBXContainerItemProxy;
			containerPortal = 8A0C9BEF4C984AFDB59CD48D /* Project object */;
			proxyType = 1;
			remoteGlobalIDString = 2CAD9FDD7E7F44E1AFC9A3AD;
			remoteInfo = ZERO_CHECK;
		};
		83936F49848F403EB6C0E6D8 /* PBXContainerItemProxy */ = {
			isa = PBXContainerItemProxy;
			containerPortal = 8A0C9BEF4C984AFDB59CD48D /* Project object */;
			proxyType = 1;
			remoteGlobalIDString = 2CAD9FDD7E7F44E1AFC9A3AD;
			remoteInfo = ZERO_CHECK;
		};
		85A71016F98242DE95B18C7A /* PBXContainerItemProxy */ = {
			isa = PBXContainerItemProxy;
			containerPortal = 8A0C9BEF4C984AFDB59CD48D /* Project object */;
			proxyType = 1;
			remoteGlobalIDString = 6E09F6CDFA1443FBB76FF498;
			remoteInfo = glfw;
		};
		DBC9EEB0D22945D4BDF740F4 /* PBXContainerItemProxy */ = {
			isa = PBXContainerItemProxy;
			containerPortal = 8A0C9BEF4C984AFDB59CD48D /* Project object */;
			proxyType = 1;
			remoteGlobalIDString = 99CA4098B8B6488A8BEBBEE9;
			remoteInfo = "video-app";
		};
		FC2BE099555A44AB88261672 /* PBXContainerItemProxy */ = {
			isa = PBXContainerItemProxy;
			containerPortal = 8A0C9BEF4C984AFDB59CD48D /* Project object */;
			proxyType = 1;
			remoteGlobalIDString = 2CAD9FDD7E7F44E1AFC9A3AD;
			remoteInfo = ZERO_CHECK;
		};
/* End PBXContainerItemProxy section */

/* Begin PBXFileReference section */
		05AA665F25344BB98EA30670 /* /Users/shanikawijerathna/projects/camid/video-app/CMakeLists.txt */ = {isa = PBXFileReference; explicitFileType = sourcecode.text; fileEncoding = 4; name = CMakeLists.txt; path = CMakeLists.txt; sourceTree = SOURCE_ROOT; };
		0D66B524632246B5B4C61A6D /* /Users/shanikawijerathna/projects/camid/video-app/lib/glfw/src/cocoa_time.c */ = {isa = PBXFileReference; explicitFileType = sourcecode.c.c; fileEncoding = 4; name = cocoa_time.c; path = lib/glfw/src/cocoa_time.c; sourceTree = SOURCE_ROOT; };
		10E0ED96CDF043289D98112E /* /Users/shanikawijerathna/projects/camid/video-app/lib/glfw/include/GLFW/glfw3.h */ = {isa = PBXFileReference; explicitFileType = sourcecode.c.h; fileEncoding = 4; name = glfw3.h; path = lib/glfw/include/GLFW/glfw3.h; sourceTree = SOURCE_ROOT; };
		1BF03B93CE1244FD89EE98BC /* /Users/shanikawijerathna/projects/camid/video-app/lib/glfw/src/input.c */ = {isa = PBXFileReference; explicitFileType = sourcecode.c.c; fileEncoding = 4; name = input.c; path = lib/glfw/src/input.c; sourceTree = SOURCE_ROOT; };
		3632F96D931B4C06894EEFCC /* /Users/shanikawijerathna/projects/camid/video-app/lib/glfw/src/init.c */ = {isa = PBXFileReference; explicitFileType = sourcecode.c.c; fileEncoding = 4; name = init.c; path = lib/glfw/src/init.c; sourceTree = SOURCE_ROOT; };
		3E59694CD08C4B22A718BBCF /* /Users/shanikawijerathna/projects/camid/video-app/lib/glfw/src/egl_context.c */ = {isa = PBXFileReference; explicitFileType = sourcecode.c.c; fileEncoding = 4; name = egl_context.c; path = lib/glfw/src/egl_context.c; sourceTree = SOURCE_ROOT; };
		4788F55D5238456BBAA47D12 /* /Users/shanikawijerathna/projects/camid/video-app/lib/glfw/src/internal.h */ = {isa = PBXFileReference; explicitFileType = sourcecode.c.h; fileEncoding = 4; name = internal.h; path = lib/glfw/src/internal.h; sourceTree = SOURCE_ROOT; };
		512B715CB8634E64A1CC437F /* /Users/shanikawijerathna/projects/camid/video-app/lib/glfw/src/cocoa_window.m */ = {isa = PBXFileReference; explicitFileType = sourcecode.c.objc; fileEncoding = 4; name = cocoa_window.m; path = lib/glfw/src/cocoa_window.m; sourceTree = SOURCE_ROOT; };
		529496D852A34EEB98E4A23F /* /Users/shanikawijerathna/projects/camid/video-app/lib/glfw/src/cocoa_joystick.h */ = {isa = PBXFileReference; explicitFileType = sourcecode.c.h; fileEncoding = 4; name = cocoa_joystick.h; path = lib/glfw/src/cocoa_joystick.h; sourceTree = SOURCE_ROOT; };
		584A3B0A333E4044AF6468BC /* /Users/shanikawijerathna/projects/camid/video-app/lib/glfw/src/osmesa_context.h */ = {isa = PBXFileReference; explicitFileType = sourcecode.c.h; fileEncoding = 4; name = osmesa_context.h; path = lib/glfw/src/osmesa_context.h; sourceTree = SOURCE_ROOT; };
		5C34F579277B43FB93F73800 /* /Users/shanikawijerathna/projects/camid/video-app/lib/glfw/src/egl_context.h */ = {isa = PBXFileReference; explicitFileType = sourcecode.c.h; fileEncoding = 4; name = egl_context.h; path = lib/glfw/src/egl_context.h; sourceTree = SOURCE_ROOT; };
		5C5FAD915BB54AA6AA04D79B /* /Users/shanikawijerathna/projects/camid/video-app/xcode/lib/glfw/src/glfw_config.h */ = {isa = PBXFileReference; explicitFileType = sourcecode.c.h; fileEncoding = 4; name = glfw_config.h; path = xcode/lib/glfw/src/glfw_config.h; sourceTree = SOURCE_ROOT; };
		68A48C0AEBF844C59831B92C /* /Users/shanikawijerathna/projects/camid/video-app/CMakeLists.txt */ = {isa = PBXFileReference; explicitFileType = sourcecode.text; fileEncoding = 4; name = CMakeLists.txt; path = CMakeLists.txt; sourceTree = SOURCE_ROOT; };
		6F21236AFFB341A5A5B23CF6 /* /Users/shanikawijerathna/projects/camid/video-app/lib/glfw/src/posix_thread.h */ = {isa = PBXFileReference; explicitFileType = sourcecode.c.h; fileEncoding = 4; name = posix_thread.h; path = lib/glfw/src/posix_thread.h; sourceTree = SOURCE_ROOT; };
		71564C992D1A41EDA2BF2BDF /* /Users/shanikawijerathna/projects/camid/video-app/lib/glfw/src/vulkan.c */ = {isa = PBXFileReference; explicitFileType = sourcecode.c.c; fileEncoding = 4; name = vulkan.c; path = lib/glfw/src/vulkan.c; sourceTree = SOURCE_ROOT; };
		734A5E6EB0A848E9B700F32E /* /Users/shanikawijerathna/projects/camid/video-app/lib/glfw/src/nsgl_context.h */ = {isa = PBXFileReference; explicitFileType = sourcecode.c.h; fileEncoding = 4; name = nsgl_context.h; path = lib/glfw/src/nsgl_context.h; sourceTree = SOURCE_ROOT; };
		73528B40BE45422FB3642665 /* /Users/shanikawijerathna/projects/camid/video-app/src/main.cpp */ = {isa = PBXFileReference; explicitFileType = sourcecode.cpp.cpp; fileEncoding = 4; name = main.cpp; path = src/main.cpp; sourceTree = SOURCE_ROOT; };
		74C2CCA8C9924510A0B1C826 /* /Users/shanikawijerathna/projects/camid/video-app/lib/glfw/src/context.c */ = {isa = PBXFileReference; explicitFileType = sourcecode.c.c; fileEncoding = 4; name = context.c; path = lib/glfw/src/context.c; sourceTree = SOURCE_ROOT; };
		7BF9899CA3A14AA88C11663B /* /Users/shanikawijerathna/projects/camid/video-app/lib/glfw/src/monitor.c */ = {isa = PBXFileReference; explicitFileType = sourcecode.c.c; fileEncoding = 4; name = monitor.c; path = lib/glfw/src/monitor.c; sourceTree = SOURCE_ROOT; };
		93247AE342324697A39C75BE /* video-app */ = {isa = PBXFileReference; explicitFileType = "compiled.mach-o.executable"; path = "video-app"; sourceTree = BUILT_PRODUCTS_DIR; };
		99BE97FD24AC4A8A925D0DC2 /* /Users/shanikawijerathna/projects/camid/video-app/lib/glfw/src/window.c */ = {isa = PBXFileReference; explicitFileType = sourcecode.c.c; fileEncoding = 4; name = window.c; path = lib/glfw/src/window.c; sourceTree = SOURCE_ROOT; };
		9AC1F93EFAC740B2BF59A553 /* /Users/shanikawijerathna/projects/camid/video-app/lib/glfw/src/cocoa_joystick.m */ = {isa = PBXFileReference; explicitFileType = sourcecode.c.objc; fileEncoding = 4; name = cocoa_joystick.m; path = lib/glfw/src/cocoa_joystick.m; sourceTree = SOURCE_ROOT; };
		9C82297C47784156A5108AC2 /* /Users/shanikawijerathna/projects/camid/video-app/lib/glfw/src/cocoa_platform.h */ = {isa = PBXFileReference; explicitFileType = sourcecode.c.h; fileEncoding = 4; name = cocoa_platform.h; path = lib/glfw/src/cocoa_platform.h; sourceTree = SOURCE_ROOT; };
		A25A41B4A2C149409B42139C /* /Users/shanikawijerathna/projects/camid/video-app/lib/glfw/src/CMakeLists.txt */ = {isa = PBXFileReference; explicitFileType = sourcecode.text; fileEncoding = 4; name = CMakeLists.txt; path = lib/glfw/src/CMakeLists.txt; sourceTree = SOURCE_ROOT; };
		B0E18CB5A4934994AB2F5514 /* /Users/shanikawijerathna/projects/camid/video-app/lib/glfw/src/cocoa_init.m */ = {isa = PBXFileReference; explicitFileType = sourcecode.c.objc; fileEncoding = 4; name = cocoa_init.m; path = lib/glfw/src/cocoa_init.m; sourceTree = SOURCE_ROOT; };
		C4A8DBF9AC8147C0A1098801 /* /Users/shanikawijerathna/projects/camid/video-app/lib/glfw/src/mappings.h */ = {isa = PBXFileReference; explicitFileType = sourcecode.c.h; fileEncoding = 4; name = mappings.h; path = lib/glfw/src/mappings.h; sourceTree = SOURCE_ROOT; };
		D8C458008F774388A37E8722 /* /Users/shanikawijerathna/projects/camid/video-app/lib/glfw/src/cocoa_monitor.m */ = {isa = PBXFileReference; explicitFileType = sourcecode.c.objc; fileEncoding = 4; name = cocoa_monitor.m; path = lib/glfw/src/cocoa_monitor.m; sourceTree = SOURCE_ROOT; };
		DAF7571CE25E4FF7AAC82E10 /* /Users/shanikawijerathna/projects/camid/video-app/lib/glfw/src/posix_thread.c */ = {isa = PBXFileReference; explicitFileType = sourcecode.c.c; fileEncoding = 4; name = posix_thread.c; path = lib/glfw/src/posix_thread.c; sourceTree = SOURCE_ROOT; };
		E21EBA1D411844BEA14F839F /* /Users/shanikawijerathna/projects/camid/video-app/lib/glfw/src/nsgl_context.m */ = {isa = PBXFileReference; explicitFileType = sourcecode.c.objc; fileEncoding = 4; name = nsgl_context.m; path = lib/glfw/src/nsgl_context.m; sourceTree = SOURCE_ROOT; };
		E40D9FC18F4E414D83137A16 /* /Users/shanikawijerathna/projects/camid/video-app/lib/glfw/CMakeLists.txt */ = {isa = PBXFileReference; explicitFileType = sourcecode.text; fileEncoding = 4; name = CMakeLists.txt; path = lib/glfw/CMakeLists.txt; sourceTree = SOURCE_ROOT; };
		EF7E15363D3A48E7A23D353C /* /Users/shanikawijerathna/projects/camid/video-app/lib/glfw/src/osmesa_context.c */ = {isa = PBXFileReference; explicitFileType = sourcecode.c.c; fileEncoding = 4; name = osmesa_context.c; path = lib/glfw/src/osmesa_context.c; sourceTree = SOURCE_ROOT; };
		F3177121D77346B484295F62 /* /Users/shanikawijerathna/projects/camid/video-app/lib/glfw/include/GLFW/glfw3native.h */ = {isa = PBXFileReference; explicitFileType = sourcecode.c.h; fileEncoding = 4; name = glfw3native.h; path = lib/glfw/include/GLFW/glfw3native.h; sourceTree = SOURCE_ROOT; };
		F52DDDD4638A403692A434DA /* glfw */ = {isa = PBXFileReference; explicitFileType = archive.ar; path = libglfw3.a; sourceTree = BUILT_PRODUCTS_DIR; };
/* End PBXFileReference section */

/* Begin PBXGroup section */
		0419B73326854DE6BF5E536A /* ALL_BUILD */ = {
			isa = PBXGroup;
			children = (
				970E5CCBC7314BDEB6B669B8 /* CMake Rules */,
				68A48C0AEBF844C59831B92C /* /Users/shanikawijerathna/projects/camid/video-app/CMakeLists.txt */,
			);
			name = ALL_BUILD;
			sourceTree = "<group>";
		};
		16AD3F191EE0498E8D9EDEC5 /* CMake Rules */ = {
			isa = PBXGroup;
			children = (
			);
			name = "CMake Rules";
			sourceTree = "<group>";
		};
		1E8E8DF3A9494ED3A2F5D90E /* Header Files */ = {
			isa = PBXGroup;
			children = (
				10E0ED96CDF043289D98112E /* /Users/shanikawijerathna/projects/camid/video-app/lib/glfw/include/GLFW/glfw3.h */,
				F3177121D77346B484295F62 /* /Users/shanikawijerathna/projects/camid/video-app/lib/glfw/include/GLFW/glfw3native.h */,
				529496D852A34EEB98E4A23F /* /Users/shanikawijerathna/projects/camid/video-app/lib/glfw/src/cocoa_joystick.h */,
				9C82297C47784156A5108AC2 /* /Users/shanikawijerathna/projects/camid/video-app/lib/glfw/src/cocoa_platform.h */,
				5C34F579277B43FB93F73800 /* /Users/shanikawijerathna/projects/camid/video-app/lib/glfw/src/egl_context.h */,
				4788F55D5238456BBAA47D12 /* /Users/shanikawijerathna/projects/camid/video-app/lib/glfw/src/internal.h */,
				C4A8DBF9AC8147C0A1098801 /* /Users/shanikawijerathna/projects/camid/video-app/lib/glfw/src/mappings.h */,
				734A5E6EB0A848E9B700F32E /* /Users/shanikawijerathna/projects/camid/video-app/lib/glfw/src/nsgl_context.h */,
				584A3B0A333E4044AF6468BC /* /Users/shanikawijerathna/projects/camid/video-app/lib/glfw/src/osmesa_context.h */,
				6F21236AFFB341A5A5B23CF6 /* /Users/shanikawijerathna/projects/camid/video-app/lib/glfw/src/posix_thread.h */,
				5C5FAD915BB54AA6AA04D79B /* /Users/shanikawijerathna/projects/camid/video-app/xcode/lib/glfw/src/glfw_config.h */,
			);
			name = "Header Files";
			sourceTree = "<group>";
		};
		8D14E7D0630D44BDBCA975A2 /* uninstall */ = {
			isa = PBXGroup;
			children = (
				16AD3F191EE0498E8D9EDEC5 /* CMake Rules */,
				E40D9FC18F4E414D83137A16 /* /Users/shanikawijerathna/projects/camid/video-app/lib/glfw/CMakeLists.txt */,
			);
			name = uninstall;
			sourceTree = "<group>";
		};
		8DEC0B992C5A4FB6B04B4556 = {
			isa = PBXGroup;
			children = (
				B012897F257B47FEADC1C896 /* video-app */,
				0419B73326854DE6BF5E536A /* ALL_BUILD */,
				B9D349F1EA9C4F5FB5D98652 /* GLFW3 */,
				A227A89ED87E47358CF54C63 /* Products */,
			);
			sourceTree = "<group>";
		};
		970E5CCBC7314BDEB6B669B8 /* CMake Rules */ = {
			isa = PBXGroup;
			children = (
			);
			name = "CMake Rules";
			sourceTree = "<group>";
		};
		A227A89ED87E47358CF54C63 /* Products */ = {
			isa = PBXGroup;
			children = (
				F52DDDD4638A403692A434DA /* glfw */,
				93247AE342324697A39C75BE /* video-app */,
			);
			name = Products;
			sourceTree = "<group>";
		};
		B012897F257B47FEADC1C896 /* video-app */ = {
			isa = PBXGroup;
			children = (
				DA2F9FBCBD4647969378AB41 /* Source Files */,
				05AA665F25344BB98EA30670 /* /Users/shanikawijerathna/projects/camid/video-app/CMakeLists.txt */,
			);
			name = "video-app";
			sourceTree = "<group>";
		};
		B1DB9AA0CA784C3D819BFF78 /* Source Files */ = {
			isa = PBXGroup;
			children = (
				B0E18CB5A4934994AB2F5514 /* /Users/shanikawijerathna/projects/camid/video-app/lib/glfw/src/cocoa_init.m */,
				9AC1F93EFAC740B2BF59A553 /* /Users/shanikawijerathna/projects/camid/video-app/lib/glfw/src/cocoa_joystick.m */,
				D8C458008F774388A37E8722 /* /Users/shanikawijerathna/projects/camid/video-app/lib/glfw/src/cocoa_monitor.m */,
				0D66B524632246B5B4C61A6D /* /Users/shanikawijerathna/projects/camid/video-app/lib/glfw/src/cocoa_time.c */,
				512B715CB8634E64A1CC437F /* /Users/shanikawijerathna/projects/camid/video-app/lib/glfw/src/cocoa_window.m */,
				74C2CCA8C9924510A0B1C826 /* /Users/shanikawijerathna/projects/camid/video-app/lib/glfw/src/context.c */,
				3E59694CD08C4B22A718BBCF /* /Users/shanikawijerathna/projects/camid/video-app/lib/glfw/src/egl_context.c */,
				3632F96D931B4C06894EEFCC /* /Users/shanikawijerathna/projects/camid/video-app/lib/glfw/src/init.c */,
				1BF03B93CE1244FD89EE98BC /* /Users/shanikawijerathna/projects/camid/video-app/lib/glfw/src/input.c */,
				7BF9899CA3A14AA88C11663B /* /Users/shanikawijerathna/projects/camid/video-app/lib/glfw/src/monitor.c */,
				E21EBA1D411844BEA14F839F /* /Users/shanikawijerathna/projects/camid/video-app/lib/glfw/src/nsgl_context.m */,
				EF7E15363D3A48E7A23D353C /* /Users/shanikawijerathna/projects/camid/video-app/lib/glfw/src/osmesa_context.c */,
				DAF7571CE25E4FF7AAC82E10 /* /Users/shanikawijerathna/projects/camid/video-app/lib/glfw/src/posix_thread.c */,
				71564C992D1A41EDA2BF2BDF /* /Users/shanikawijerathna/projects/camid/video-app/lib/glfw/src/vulkan.c */,
				99BE97FD24AC4A8A925D0DC2 /* /Users/shanikawijerathna/projects/camid/video-app/lib/glfw/src/window.c */,
			);
			name = "Source Files";
			sourceTree = "<group>";
		};
		B9D349F1EA9C4F5FB5D98652 /* GLFW3 */ = {
			isa = PBXGroup;
			children = (
				8D14E7D0630D44BDBCA975A2 /* uninstall */,
				B9D865FB3CA84FAF8264EA38 /* glfw */,
			);
			name = GLFW3;
			sourceTree = "<group>";
		};
		B9D865FB3CA84FAF8264EA38 /* glfw */ = {
			isa = PBXGroup;
			children = (
				1E8E8DF3A9494ED3A2F5D90E /* Header Files */,
				B1DB9AA0CA784C3D819BFF78 /* Source Files */,
				A25A41B4A2C149409B42139C /* /Users/shanikawijerathna/projects/camid/video-app/lib/glfw/src/CMakeLists.txt */,
			);
			name = glfw;
			sourceTree = "<group>";
		};
		DA2F9FBCBD4647969378AB41 /* Source Files */ = {
			isa = PBXGroup;
			children = (
				73528B40BE45422FB3642665 /* /Users/shanikawijerathna/projects/camid/video-app/src/main.cpp */,
			);
			name = "Source Files";
			sourceTree = "<group>";
		};
/* End PBXGroup section */

/* Begin PBXNativeTarget section */
		6E09F6CDFA1443FBB76FF498 /* glfw */ = {
			isa = PBXNativeTarget;
			buildConfigurationList = 881C71ACF9EE43B9BC1D3F28 /* Build configuration list for PBXNativeTarget "glfw" */;
			buildPhases = (
				797DDC61AD174232BC8C939F /* Sources */,
			);
			buildRules = (
			);
			dependencies = (
				6AABA739DDEA45EB831147C2 /* PBXTargetDependency */,
			);
			name = glfw;
			productName = glfw;
			productReference = F52DDDD4638A403692A434DA /* glfw */;
			productType = "com.apple.product-type.library.static";
		};
		99CA4098B8B6488A8BEBBEE9 /* video-app */ = {
			isa = PBXNativeTarget;
			buildConfigurationList = F4FCDE677EB942DCA2E28251 /* Build configuration list for PBXNativeTarget "video-app" */;
			buildPhases = (
				4049D01184F540EE952CA9E4 /* Sources */,
			);
			buildRules = (
			);
			dependencies = (
				60E51E7CDC424FBEBA4E8443 /* PBXTargetDependency */,
				AAF0450978C64F99B862D331 /* PBXTargetDependency */,
			);
			name = "video-app";
			productName = "video-app";
			productReference = 93247AE342324697A39C75BE /* video-app */;
			productType = "com.apple.product-type.tool";
		};
/* End PBXNativeTarget section */

/* Begin PBXProject section */
		8A0C9BEF4C984AFDB59CD48D /* Project object */ = {
			isa = PBXProject;
			attributes = {
				BuildIndependentTargetsInParallel = YES;
				LastUpgradeCheck = 1140;
			};
			buildConfigurationList = F608C91D79EB4C2E829CE08C /* Build configuration list for PBXProject "video-app" */;
			buildSettings = {
			};
			buildStyles = (
				678821CBD3704D5B8F64FBA7 /* Debug */,
				56E37F03411E406EAE8013CC /* Release */,
				C4DAC638C65F4AE0ACCBA7CE /* MinSizeRel */,
				37027AD63F784974B8717EB0 /* RelWithDebInfo */,
			);
			compatibilityVersion = "Xcode 3.2";
			hasScannedForEncodings = 0;
			mainGroup = 8DEC0B992C5A4FB6B04B4556;
			projectDirPath = ../;
			projectRoot = "";
			targets = (
				59F9F2C1B1E2466CB42C03D7 /* ALL_BUILD */,
				2CAD9FDD7E7F44E1AFC9A3AD /* ZERO_CHECK */,
				6E09F6CDFA1443FBB76FF498 /* glfw */,
				ED5A9F841A214F728B8E2425 /* install */,
				EEDD7E4312D24F479F508786 /* uninstall */,
				99CA4098B8B6488A8BEBBEE9 /* video-app */,
			);
		};
/* End PBXProject section */

/* Begin PBXShellScriptBuildPhase section */
		27FA8F2C80FF4805B0E5502D /* CMake PostBuild Rules */ = {
			isa = PBXShellScriptBuildPhase;
			buildActionMask = 2147483647;
			files = (
			);
			name = "CMake PostBuild Rules";
			runOnlyForDeploymentPostprocessing = 0;
			shellPath = /bin/sh;
			shellScript = "make -C /Users/shanikawijerathna/projects/camid/video-app/xcode -f /Users/shanikawijerathna/projects/camid/video-app/xcode/CMakeScripts/install_postBuildPhase.make$CONFIGURATION OBJDIR=$(basename \"$OBJECT_FILE_DIR_normal\") all";
			showEnvVarsInLog = 0;
		};
		423322F0CACC4B498C0023FD = {
			isa = PBXShellScriptBuildPhase;
			buildActionMask = 2147483647;
			files = (
			);
			inputPaths = (
			);
			outputPaths = (
			);
			runOnlyForDeploymentPostprocessing = 0;
			shellPath = /bin/sh;
			shellScript = "# shell script goes here
exit 0";
			showEnvVarsInLog = 0;
		};
		4A57672106864FC1A50C6F00 = {
			isa = PBXShellScriptBuildPhase;
			buildActionMask = 2147483647;
			files = (
			);
			inputPaths = (
			);
			outputPaths = (
			);
			runOnlyForDeploymentPostprocessing = 0;
			shellPath = /bin/sh;
			shellScript = "# shell script goes here
exit 0";
			showEnvVarsInLog = 0;
		};
		55DA40F609C744FE9230CA0C /* CMake Rules */ = {
			isa = PBXShellScriptBuildPhase;
			buildActionMask = 2147483647;
			files = (
			);
			name = "CMake Rules";
			runOnlyForDeploymentPostprocessing = 0;
			shellPath = /bin/sh;
			shellScript = "make -C /Users/shanikawijerathna/projects/camid/video-app/xcode -f /Users/shanikawijerathna/projects/camid/video-app/xcode/CMakeScripts/ZERO_CHECK_cmakeRulesBuildPhase.make$CONFIGURATION OBJDIR=$(basename \"$OBJECT_FILE_DIR_normal\") all";
			showEnvVarsInLog = 0;
		};
		5DFF4CEEC61146F3B8606595 /* CMake Rules */ = {
			isa = PBXShellScriptBuildPhase;
			buildActionMask = 2147483647;
			files = (
			);
			name = "CMake Rules";
			runOnlyForDeploymentPostprocessing = 0;
			shellPath = /bin/sh;
			shellScript = "make -C /Users/shanikawijerathna/projects/camid/video-app/xcode/lib/glfw -f /Users/shanikawijerathna/projects/camid/video-app/xcode/lib/glfw/CMakeScripts/uninstall_cmakeRulesBuildPhase.make$CONFIGURATION OBJDIR=$(basename \"$OBJECT_FILE_DIR_normal\") all";
			showEnvVarsInLog = 0;
		};
		F170553F033943F1AE9B252A = {
			isa = PBXShellScriptBuildPhase;
			buildActionMask = 2147483647;
			files = (
			);
			inputPaths = (
			);
			outputPaths = (
			);
			runOnlyForDeploymentPostprocessing = 0;
			shellPath = /bin/sh;
			shellScript = "# shell script goes here
exit 0";
			showEnvVarsInLog = 0;
		};
		FC0E7BD3466A464DB615C0DD = {
			isa = PBXShellScriptBuildPhase;
			buildActionMask = 2147483647;
			files = (
			);
			inputPaths = (
			);
			outputPaths = (
			);
			runOnlyForDeploymentPostprocessing = 0;
			shellPath = /bin/sh;
			shellScript = "# shell script goes here
exit 0";
			showEnvVarsInLog = 0;
		};
		FFEE023BF76843549088802C /* CMake Rules */ = {
			isa = PBXShellScriptBuildPhase;
			buildActionMask = 2147483647;
			files = (
			);
			name = "CMake Rules";
			runOnlyForDeploymentPostprocessing = 0;
			shellPath = /bin/sh;
			shellScript = "make -C /Users/shanikawijerathna/projects/camid/video-app/xcode -f /Users/shanikawijerathna/projects/camid/video-app/xcode/CMakeScripts/ALL_BUILD_cmakeRulesBuildPhase.make$CONFIGURATION OBJDIR=$(basename \"$OBJECT_FILE_DIR_normal\") all";
			showEnvVarsInLog = 0;
		};
/* End PBXShellScriptBuildPhase section */

/* Begin PBXSourcesBuildPhase section */
		4049D01184F540EE952CA9E4 /* Sources */ = {
			isa = PBXSourcesBuildPhase;
			buildActionMask = 2147483647;
			files = (
				360CA7C0294F4433B0B3CABC /* /Users/shanikawijerathna/projects/camid/video-app/src/main.cpp */,
			);
			runOnlyForDeploymentPostprocessing = 0;
		};
		797DDC61AD174232BC8C939F /* Sources */ = {
			isa = PBXSourcesBuildPhase;
			buildActionMask = 2147483647;
			files = (
				196573B9F65043789F10E401 /* /Users/shanikawijerathna/projects/camid/video-app/lib/glfw/src/cocoa_init.m */,
				463BAB7463CB4C92AB871747 /* /Users/shanikawijerathna/projects/camid/video-app/lib/glfw/src/cocoa_joystick.m */,
				7C337CB46FD64982B77FA966 /* /Users/shanikawijerathna/projects/camid/video-app/lib/glfw/src/cocoa_monitor.m */,
				9DC35D1F24AB4374B7BF124A /* /Users/shanikawijerathna/projects/camid/video-app/lib/glfw/src/cocoa_time.c */,
				86767327331F421BAEEA6FC0 /* /Users/shanikawijerathna/projects/camid/video-app/lib/glfw/src/cocoa_window.m */,
				C56E20D8FDD845D287F87D36 /* /Users/shanikawijerathna/projects/camid/video-app/lib/glfw/src/context.c */,
				311E9F9A8F8E4656B2FAF985 /* /Users/shanikawijerathna/projects/camid/video-app/lib/glfw/src/egl_context.c */,
				8D7F6E312AFB41FEB30EA5BB /* /Users/shanikawijerathna/projects/camid/video-app/lib/glfw/src/init.c */,
				58ED877F38B64EAB807F732B /* /Users/shanikawijerathna/projects/camid/video-app/lib/glfw/src/input.c */,
				51216C87719440A2A9D64F9D /* /Users/shanikawijerathna/projects/camid/video-app/lib/glfw/src/monitor.c */,
				B1C9ECE49332460BAAC67D6F /* /Users/shanikawijerathna/projects/camid/video-app/lib/glfw/src/nsgl_context.m */,
				1EA6C9C1EF0B4066BE3C6068 /* /Users/shanikawijerathna/projects/camid/video-app/lib/glfw/src/osmesa_context.c */,
				0136883E9CE94DDE9E79857B /* /Users/shanikawijerathna/projects/camid/video-app/lib/glfw/src/posix_thread.c */,
				65AADD89F34C4239B8D78266 /* /Users/shanikawijerathna/projects/camid/video-app/lib/glfw/src/vulkan.c */,
				BC11968F0C84454F8C6E50F3 /* /Users/shanikawijerathna/projects/camid/video-app/lib/glfw/src/window.c */,
			);
			runOnlyForDeploymentPostprocessing = 0;
		};
/* End PBXSourcesBuildPhase section */

/* Begin PBXTargetDependency section */
		3E7B8C47329F429F8FCC7B2E /* PBXTargetDependency */ = {
			isa = PBXTargetDependency;
			target = 59F9F2C1B1E2466CB42C03D7 /* ALL_BUILD */;
			targetProxy = 808D5644BA884AE19766B245 /* PBXContainerItemProxy */;
		};
		60E51E7CDC424FBEBA4E8443 /* PBXTargetDependency */ = {
			isa = PBXTargetDependency;
			target = 6E09F6CDFA1443FBB76FF498 /* glfw */;
			targetProxy = 0AD2159A0FD3469C8983BC6B /* PBXContainerItemProxy */;
		};
		6A2ADE42FE234777AB9AB3F1 /* PBXTargetDependency */ = {
			isa = PBXTargetDependency;
			target = 6E09F6CDFA1443FBB76FF498 /* glfw */;
			targetProxy = 85A71016F98242DE95B18C7A /* PBXContainerItemProxy */;
		};
		6AABA739DDEA45EB831147C2 /* PBXTargetDependency */ = {
			isa = PBXTargetDependency;
			target = 2CAD9FDD7E7F44E1AFC9A3AD /* ZERO_CHECK */;
			targetProxy = FC2BE099555A44AB88261672 /* PBXContainerItemProxy */;
		};
		A7EAC688736A483FB934D8E9 /* PBXTargetDependency */ = {
			isa = PBXTargetDependency;
			target = 99CA4098B8B6488A8BEBBEE9 /* video-app */;
			targetProxy = DBC9EEB0D22945D4BDF740F4 /* PBXContainerItemProxy */;
		};
		AAF0450978C64F99B862D331 /* PBXTargetDependency */ = {
			isa = PBXTargetDependency;
			target = 2CAD9FDD7E7F44E1AFC9A3AD /* ZERO_CHECK */;
			targetProxy = 83936F49848F403EB6C0E6D8 /* PBXContainerItemProxy */;
		};
		D21BEA8EDF964436B7FE804F /* PBXTargetDependency */ = {
			isa = PBXTargetDependency;
			target = 2CAD9FDD7E7F44E1AFC9A3AD /* ZERO_CHECK */;
			targetProxy = 82946999ACED42D78D249D62 /* PBXContainerItemProxy */;
		};
/* End PBXTargetDependency section */

/* Begin XCBuildConfiguration section */
		101B822DA86243758A94DD0B /* MinSizeRel */ = {
			isa = XCBuildConfiguration;
			buildSettings = {
				ONLY_ACTIVE_ARCH = YES;
				SDKROOT = /Applications/Xcode.app/Contents/Developer/Platforms/MacOSX.platform/Developer/SDKs/MacOSX10.15.sdk;
				SYMROOT = "/Users/shanikawijerathna/projects/camid/video-app/xcode/build";
			};
			name = MinSizeRel;
		};
		1865407E4226475989A29D70 /* RelWithDebInfo */ = {
			isa = XCBuildConfiguration;
			buildSettings = {
				COMBINE_HIDPI_IMAGES = YES;
				GCC_GENERATE_DEBUGGING_SYMBOLS = YES;
				GCC_INLINES_ARE_PRIVATE_EXTERN = NO;
				GCC_OPTIMIZATION_LEVEL = 0;
				GCC_PREPROCESSOR_DEFINITIONS = ("'CMAKE_INTDIR=\"$(CONFIGURATION)$(EFFECTIVE_PLATFORM_NAME)\"'");
				GCC_SYMBOLS_PRIVATE_EXTERN = NO;
				INSTALL_PATH = "";
				OTHER_LDFLAGS = " ";
				OTHER_REZFLAGS = "";
				PRODUCT_NAME = ALL_BUILD;
				SECTORDER_FLAGS = "";
				SYMROOT = "/Users/shanikawijerathna/projects/camid/video-app/xcode";
				USE_HEADERMAP = NO;
				WARNING_CFLAGS = ("$(inherited)");
			};
			name = RelWithDebInfo;
		};
		196FAAD633A846D1AD45A218 /* Debug */ = {
			isa = XCBuildConfiguration;
			buildSettings = {
				COMBINE_HIDPI_IMAGES = YES;
				GCC_GENERATE_DEBUGGING_SYMBOLS = YES;
				GCC_INLINES_ARE_PRIVATE_EXTERN = NO;
				GCC_OPTIMIZATION_LEVEL = 0;
				GCC_PREPROCESSOR_DEFINITIONS = ("'CMAKE_INTDIR=\"$(CONFIGURATION)$(EFFECTIVE_PLATFORM_NAME)\"'");
				GCC_SYMBOLS_PRIVATE_EXTERN = NO;
				INSTALL_PATH = "";
				OTHER_LDFLAGS = " ";
				OTHER_REZFLAGS = "";
				PRODUCT_NAME = ZERO_CHECK;
				SECTORDER_FLAGS = "";
				SYMROOT = "/Users/shanikawijerathna/projects/camid/video-app/xcode";
				USE_HEADERMAP = NO;
				WARNING_CFLAGS = ("$(inherited)");
			};
			name = Debug;
		};
		1A0E1320442540B3B66B1C96 /* RelWithDebInfo */ = {
			isa = XCBuildConfiguration;
			buildSettings = {
				COMBINE_HIDPI_IMAGES = YES;
				GCC_GENERATE_DEBUGGING_SYMBOLS = YES;
				GCC_INLINES_ARE_PRIVATE_EXTERN = NO;
				GCC_OPTIMIZATION_LEVEL = 0;
				GCC_PREPROCESSOR_DEFINITIONS = ("'CMAKE_INTDIR=\"$(CONFIGURATION)$(EFFECTIVE_PLATFORM_NAME)\"'");
				GCC_SYMBOLS_PRIVATE_EXTERN = NO;
				INSTALL_PATH = "";
				OTHER_LDFLAGS = " ";
				OTHER_REZFLAGS = "";
				PRODUCT_NAME = uninstall;
				SECTORDER_FLAGS = "";
				SYMROOT = "/Users/shanikawijerathna/projects/camid/video-app/xcode/lib/glfw";
				USE_HEADERMAP = NO;
				WARNING_CFLAGS = ("$(inherited)");
			};
			name = RelWithDebInfo;
		};
		2593111196194B2C81A75D01 /* Release */ = {
			isa = XCBuildConfiguration;
			buildSettings = {
				ONLY_ACTIVE_ARCH = YES;
				SDKROOT = /Applications/Xcode.app/Contents/Developer/Platforms/MacOSX.platform/Developer/SDKs/MacOSX10.15.sdk;
				SYMROOT = "/Users/shanikawijerathna/projects/camid/video-app/xcode/build";
			};
			name = Release;
		};
		54233352EF204A16B7750A59 /* Release */ = {
			isa = XCBuildConfiguration;
			buildSettings = {
				COMBINE_HIDPI_IMAGES = YES;
				GCC_GENERATE_DEBUGGING_SYMBOLS = YES;
				GCC_INLINES_ARE_PRIVATE_EXTERN = NO;
				GCC_OPTIMIZATION_LEVEL = 0;
				GCC_PREPROCESSOR_DEFINITIONS = ("'CMAKE_INTDIR=\"$(CONFIGURATION)$(EFFECTIVE_PLATFORM_NAME)\"'");
				GCC_SYMBOLS_PRIVATE_EXTERN = NO;
				INSTALL_PATH = "";
				OTHER_LDFLAGS = " ";
				OTHER_REZFLAGS = "";
				PRODUCT_NAME = uninstall;
				SECTORDER_FLAGS = "";
				SYMROOT = "/Users/shanikawijerathna/projects/camid/video-app/xcode/lib/glfw";
				USE_HEADERMAP = NO;
				WARNING_CFLAGS = ("$(inherited)");
			};
			name = Release;
		};
		5E5D846DB1454DC9B308198C /* MinSizeRel */ = {
			isa = XCBuildConfiguration;
			buildSettings = {
				COMBINE_HIDPI_IMAGES = YES;
				GCC_GENERATE_DEBUGGING_SYMBOLS = YES;
				GCC_INLINES_ARE_PRIVATE_EXTERN = NO;
				GCC_OPTIMIZATION_LEVEL = 0;
				GCC_PREPROCESSOR_DEFINITIONS = ("'CMAKE_INTDIR=\"$(CONFIGURATION)$(EFFECTIVE_PLATFORM_NAME)\"'");
				GCC_SYMBOLS_PRIVATE_EXTERN = NO;
				INSTALL_PATH = "";
				OTHER_LDFLAGS = " ";
				OTHER_REZFLAGS = "";
				PRODUCT_NAME = ZERO_CHECK;
				SECTORDER_FLAGS = "";
				SYMROOT = "/Users/shanikawijerathna/projects/camid/video-app/xcode";
				USE_HEADERMAP = NO;
				WARNING_CFLAGS = ("$(inherited)");
			};
			name = MinSizeRel;
		};
		65E50AAC0B8B4038B685751E /* RelWithDebInfo */ = {
			isa = XCBuildConfiguration;
			buildSettings = {
				COMBINE_HIDPI_IMAGES = YES;
				GCC_GENERATE_DEBUGGING_SYMBOLS = YES;
				GCC_INLINES_ARE_PRIVATE_EXTERN = NO;
				GCC_OPTIMIZATION_LEVEL = 0;
				GCC_PREPROCESSOR_DEFINITIONS = ("'CMAKE_INTDIR=\"$(CONFIGURATION)$(EFFECTIVE_PLATFORM_NAME)\"'");
				GCC_SYMBOLS_PRIVATE_EXTERN = NO;
				INSTALL_PATH = "";
				OTHER_LDFLAGS = " ";
				OTHER_REZFLAGS = "";
				PRODUCT_NAME = ZERO_CHECK;
				SECTORDER_FLAGS = "";
				SYMROOT = "/Users/shanikawijerathna/projects/camid/video-app/xcode";
				USE_HEADERMAP = NO;
				WARNING_CFLAGS = ("$(inherited)");
			};
			name = RelWithDebInfo;
		};
		68C04C07A19742EF913C553C /* MinSizeRel */ = {
			isa = XCBuildConfiguration;
			buildSettings = {
				COMBINE_HIDPI_IMAGES = YES;
				EXECUTABLE_PREFIX = lib;
				EXECUTABLE_SUFFIX = .a;
				GCC_GENERATE_DEBUGGING_SYMBOLS = NO;
				GCC_INLINES_ARE_PRIVATE_EXTERN = NO;
				GCC_OPTIMIZATION_LEVEL = s;
				GCC_PREPROCESSOR_DEFINITIONS = ("'CMAKE_INTDIR=\"$(CONFIGURATION)$(EFFECTIVE_PLATFORM_NAME)\"'",_GLFW_USE_CONFIG_H);
				GCC_SYMBOLS_PRIVATE_EXTERN = NO;
				HEADER_SEARCH_PATHS = ("/Users/shanikawijerathna/projects/camid/video-app/lib/glfw/include","/Users/shanikawijerathna/projects/camid/video-app/lib/glfw/src","/Users/shanikawijerathna/projects/camid/video-app/xcode/lib/glfw/src");
				INSTALL_PATH = "";
				LIBRARY_STYLE = STATIC;
				OTHER_CFLAGS = "    -DNDEBUG -fPIC -Wall '-std=c99'  ";
				OTHER_LIBTOOLFLAGS = " ";
				OTHER_REZFLAGS = "";
				PRODUCT_NAME = glfw3;
				SECTORDER_FLAGS = "";
				SYMROOT = "/Users/shanikawijerathna/projects/camid/video-app/xcode/lib/glfw/src";
				USE_HEADERMAP = NO;
				WARNING_CFLAGS = ("$(inherited)");
			};
			name = MinSizeRel;
		};
		6A2D113078E44CD993F4A5F3 /* MinSizeRel */ = {
			isa = XCBuildConfiguration;
			buildSettings = {
				COMBINE_HIDPI_IMAGES = YES;
				EXECUTABLE_PREFIX = "";
				EXECUTABLE_SUFFIX = "";
				GCC_GENERATE_DEBUGGING_SYMBOLS = NO;
				GCC_INLINES_ARE_PRIVATE_EXTERN = NO;
				GCC_OPTIMIZATION_LEVEL = s;
				GCC_PREPROCESSOR_DEFINITIONS = ("'CMAKE_INTDIR=\"$(CONFIGURATION)$(EFFECTIVE_PLATFORM_NAME)\"'",GL_SILENCE_DEPRICATION);
				GCC_SYMBOLS_PRIVATE_EXTERN = NO;
				HEADER_SEARCH_PATHS = ("/Users/shanikawijerathna/projects/camid/video-app/lib/glfw/include");
				INSTALL_PATH = "";
				LIBRARY_SEARCH_PATHS = "";
				OTHER_CPLUSPLUSFLAGS = "    -DNDEBUG '-std=gnu++14'  ";
				OTHER_LDFLAGS = " -Wl,-search_paths_first -Wl,-headerpad_max_install_names  /Users/shanikawijerathna/projects/camid/video-app/xcode/lib/glfw/src/MinSizeRel/libglfw3.a -framework OpenGL  -framework Cocoa -framework IOKit -framework CoreFoundation";
				OTHER_REZFLAGS = "";
				PRODUCT_NAME = "video-app";
				SECTORDER_FLAGS = "";
				SYMROOT = "/Users/shanikawijerathna/projects/camid/video-app/xcode";
				USE_HEADERMAP = NO;
				WARNING_CFLAGS = ("$(inherited)");
			};
			name = MinSizeRel;
		};
		7B0215F7FAB042208F406F2D /* RelWithDebInfo */ = {
			isa = XCBuildConfiguration;
			buildSettings = {
				ONLY_ACTIVE_ARCH = YES;
				SDKROOT = /Applications/Xcode.app/Contents/Developer/Platforms/MacOSX.platform/Developer/SDKs/MacOSX10.15.sdk;
				SYMROOT = "/Users/shanikawijerathna/projects/camid/video-app/xcode/build";
			};
			name = RelWithDebInfo;
		};
		82764B064937499D8C8C600D /* MinSizeRel */ = {
			isa = XCBuildConfiguration;
			buildSettings = {
				COMBINE_HIDPI_IMAGES = YES;
				GCC_GENERATE_DEBUGGING_SYMBOLS = YES;
				GCC_INLINES_ARE_PRIVATE_EXTERN = NO;
				GCC_OPTIMIZATION_LEVEL = 0;
				GCC_PREPROCESSOR_DEFINITIONS = ("'CMAKE_INTDIR=\"$(CONFIGURATION)$(EFFECTIVE_PLATFORM_NAME)\"'");
				GCC_SYMBOLS_PRIVATE_EXTERN = NO;
				INSTALL_PATH = "";
				OTHER_LDFLAGS = " ";
				OTHER_REZFLAGS = "";
				PRODUCT_NAME = ALL_BUILD;
				SECTORDER_FLAGS = "";
				SYMROOT = "/Users/shanikawijerathna/projects/camid/video-app/xcode";
				USE_HEADERMAP = NO;
				WARNING_CFLAGS = ("$(inherited)");
			};
			name = MinSizeRel;
		};
		8D3C82D22DC643F985429605 /* RelWithDebInfo */ = {
			isa = XCBuildConfiguration;
			buildSettings = {
				COMBINE_HIDPI_IMAGES = YES;
				EXECUTABLE_PREFIX = "";
				EXECUTABLE_SUFFIX = "";
				GCC_GENERATE_DEBUGGING_SYMBOLS = YES;
				GCC_INLINES_ARE_PRIVATE_EXTERN = NO;
				GCC_OPTIMIZATION_LEVEL = 2;
				GCC_PREPROCESSOR_DEFINITIONS = ("'CMAKE_INTDIR=\"$(CONFIGURATION)$(EFFECTIVE_PLATFORM_NAME)\"'",GL_SILENCE_DEPRICATION);
				GCC_SYMBOLS_PRIVATE_EXTERN = NO;
				HEADER_SEARCH_PATHS = ("/Users/shanikawijerathna/projects/camid/video-app/lib/glfw/include");
				INSTALL_PATH = "";
				LIBRARY_SEARCH_PATHS = "";
				OTHER_CPLUSPLUSFLAGS = "       -DNDEBUG '-std=gnu++14'  ";
				OTHER_LDFLAGS = " -Wl,-search_paths_first -Wl,-headerpad_max_install_names  /Users/shanikawijerathna/projects/camid/video-app/xcode/lib/glfw/src/RelWithDebInfo/libglfw3.a -framework OpenGL  -framework Cocoa -framework IOKit -framework CoreFoundation";
				OTHER_REZFLAGS = "";
				PRODUCT_NAME = "video-app";
				SECTORDER_FLAGS = "";
				SYMROOT = "/Users/shanikawijerathna/projects/camid/video-app/xcode";
				USE_HEADERMAP = NO;
				WARNING_CFLAGS = ("$(inherited)");
			};
			name = RelWithDebInfo;
		};
		973B9E6BB9024205B5CF8E18 /* Release */ = {
			isa = XCBuildConfiguration;
			buildSettings = {
				COMBINE_HIDPI_IMAGES = YES;
				GCC_GENERATE_DEBUGGING_SYMBOLS = YES;
				GCC_INLINES_ARE_PRIVATE_EXTERN = NO;
				GCC_OPTIMIZATION_LEVEL = 0;
				GCC_PREPROCESSOR_DEFINITIONS = ("'CMAKE_INTDIR=\"$(CONFIGURATION)$(EFFECTIVE_PLATFORM_NAME)\"'");
				GCC_SYMBOLS_PRIVATE_EXTERN = NO;
				INSTALL_PATH = "";
				OTHER_LDFLAGS = " ";
				OTHER_REZFLAGS = "";
				PRODUCT_NAME = ALL_BUILD;
				SECTORDER_FLAGS = "";
				SYMROOT = "/Users/shanikawijerathna/projects/camid/video-app/xcode";
				USE_HEADERMAP = NO;
				WARNING_CFLAGS = ("$(inherited)");
			};
			name = Release;
		};
		994BE6BEACE345D5A6F8A367 /* Release */ = {
			isa = XCBuildConfiguration;
			buildSettings = {
				COMBINE_HIDPI_IMAGES = YES;
				GCC_GENERATE_DEBUGGING_SYMBOLS = YES;
				GCC_INLINES_ARE_PRIVATE_EXTERN = NO;
				GCC_OPTIMIZATION_LEVEL = 0;
				GCC_PREPROCESSOR_DEFINITIONS = ("'CMAKE_INTDIR=\"$(CONFIGURATION)$(EFFECTIVE_PLATFORM_NAME)\"'");
				GCC_SYMBOLS_PRIVATE_EXTERN = NO;
				INSTALL_PATH = "";
				OTHER_LDFLAGS = " ";
				OTHER_REZFLAGS = "";
				PRODUCT_NAME = ZERO_CHECK;
				SECTORDER_FLAGS = "";
				SYMROOT = "/Users/shanikawijerathna/projects/camid/video-app/xcode";
				USE_HEADERMAP = NO;
				WARNING_CFLAGS = ("$(inherited)");
			};
			name = Release;
		};
		99F7851393CD4F5881EE9378 /* RelWithDebInfo */ = {
			isa = XCBuildConfiguration;
			buildSettings = {
				COMBINE_HIDPI_IMAGES = YES;
				GCC_GENERATE_DEBUGGING_SYMBOLS = YES;
				GCC_INLINES_ARE_PRIVATE_EXTERN = NO;
				GCC_OPTIMIZATION_LEVEL = 0;
				GCC_PREPROCESSOR_DEFINITIONS = ("'CMAKE_INTDIR=\"$(CONFIGURATION)$(EFFECTIVE_PLATFORM_NAME)\"'");
				GCC_SYMBOLS_PRIVATE_EXTERN = NO;
				INSTALL_PATH = "";
				OTHER_LDFLAGS = " ";
				OTHER_REZFLAGS = "";
				PRODUCT_NAME = install;
				SECTORDER_FLAGS = "";
				SYMROOT = "/Users/shanikawijerathna/projects/camid/video-app/xcode";
				USE_HEADERMAP = NO;
				WARNING_CFLAGS = ("$(inherited)");
			};
			name = RelWithDebInfo;
		};
		AC68751DE4B94BFA9D1CA1E5 /* Debug */ = {
			isa = XCBuildConfiguration;
			buildSettings = {
				COMBINE_HIDPI_IMAGES = YES;
				GCC_GENERATE_DEBUGGING_SYMBOLS = YES;
				GCC_INLINES_ARE_PRIVATE_EXTERN = NO;
				GCC_OPTIMIZATION_LEVEL = 0;
				GCC_PREPROCESSOR_DEFINITIONS = ("'CMAKE_INTDIR=\"$(CONFIGURATION)$(EFFECTIVE_PLATFORM_NAME)\"'");
				GCC_SYMBOLS_PRIVATE_EXTERN = NO;
				INSTALL_PATH = "";
				OTHER_LDFLAGS = " ";
				OTHER_REZFLAGS = "";
				PRODUCT_NAME = uninstall;
				SECTORDER_FLAGS = "";
				SYMROOT = "/Users/shanikawijerathna/projects/camid/video-app/xcode/lib/glfw";
				USE_HEADERMAP = NO;
				WARNING_CFLAGS = ("$(inherited)");
			};
			name = Debug;
		};
		AF5A6EA5819B4276A3E191D0 /* MinSizeRel */ = {
			isa = XCBuildConfiguration;
			buildSettings = {
				COMBINE_HIDPI_IMAGES = YES;
				GCC_GENERATE_DEBUGGING_SYMBOLS = YES;
				GCC_INLINES_ARE_PRIVATE_EXTERN = NO;
				GCC_OPTIMIZATION_LEVEL = 0;
				GCC_PREPROCESSOR_DEFINITIONS = ("'CMAKE_INTDIR=\"$(CONFIGURATION)$(EFFECTIVE_PLATFORM_NAME)\"'");
				GCC_SYMBOLS_PRIVATE_EXTERN = NO;
				INSTALL_PATH = "";
				OTHER_LDFLAGS = " ";
				OTHER_REZFLAGS = "";
				PRODUCT_NAME = uninstall;
				SECTORDER_FLAGS = "";
				SYMROOT = "/Users/shanikawijerathna/projects/camid/video-app/xcode/lib/glfw";
				USE_HEADERMAP = NO;
				WARNING_CFLAGS = ("$(inherited)");
			};
			name = MinSizeRel;
		};
		B52B726570E040AEAEF2C22D /* MinSizeRel */ = {
			isa = XCBuildConfiguration;
			buildSettings = {
				COMBINE_HIDPI_IMAGES = YES;
				GCC_GENERATE_DEBUGGING_SYMBOLS = YES;
				GCC_INLINES_ARE_PRIVATE_EXTERN = NO;
				GCC_OPTIMIZATION_LEVEL = 0;
				GCC_PREPROCESSOR_DEFINITIONS = ("'CMAKE_INTDIR=\"$(CONFIGURATION)$(EFFECTIVE_PLATFORM_NAME)\"'");
				GCC_SYMBOLS_PRIVATE_EXTERN = NO;
				INSTALL_PATH = "";
				OTHER_LDFLAGS = " ";
				OTHER_REZFLAGS = "";
				PRODUCT_NAME = install;
				SECTORDER_FLAGS = "";
				SYMROOT = "/Users/shanikawijerathna/projects/camid/video-app/xcode";
				USE_HEADERMAP = NO;
				WARNING_CFLAGS = ("$(inherited)");
			};
			name = MinSizeRel;
		};
		B8FC508A04994B7997DBEFAF /* Debug */ = {
			isa = XCBuildConfiguration;
			buildSettings = {
				COMBINE_HIDPI_IMAGES = YES;
				EXECUTABLE_PREFIX = lib;
				EXECUTABLE_SUFFIX = .a;
				GCC_GENERATE_DEBUGGING_SYMBOLS = YES;
				GCC_INLINES_ARE_PRIVATE_EXTERN = NO;
				GCC_OPTIMIZATION_LEVEL = 0;
				GCC_PREPROCESSOR_DEFINITIONS = ("'CMAKE_INTDIR=\"$(CONFIGURATION)$(EFFECTIVE_PLATFORM_NAME)\"'",_GLFW_USE_CONFIG_H);
				GCC_SYMBOLS_PRIVATE_EXTERN = NO;
				HEADER_SEARCH_PATHS = ("/Users/shanikawijerathna/projects/camid/video-app/lib/glfw/include","/Users/shanikawijerathna/projects/camid/video-app/lib/glfw/src","/Users/shanikawijerathna/projects/camid/video-app/xcode/lib/glfw/src");
				INSTALL_PATH = "";
				LIBRARY_STYLE = STATIC;
				OTHER_CFLAGS = "   -fPIC -Wall '-std=c99'  ";
				OTHER_LIBTOOLFLAGS = " ";
				OTHER_REZFLAGS = "";
				PRODUCT_NAME = glfw3;
				SECTORDER_FLAGS = "";
				SYMROOT = "/Users/shanikawijerathna/projects/camid/video-app/xcode/lib/glfw/src";
				USE_HEADERMAP = NO;
				WARNING_CFLAGS = ("$(inherited)");
			};
			name = Debug;
		};
		C4028C5DF9924ACB992A6E09 /* Debug */ = {
			isa = XCBuildConfiguration;
			buildSettings = {
				COMBINE_HIDPI_IMAGES = YES;
				GCC_GENERATE_DEBUGGING_SYMBOLS = YES;
				GCC_INLINES_ARE_PRIVATE_EXTERN = NO;
				GCC_OPTIMIZATION_LEVEL = 0;
				GCC_PREPROCESSOR_DEFINITIONS = ("'CMAKE_INTDIR=\"$(CONFIGURATION)$(EFFECTIVE_PLATFORM_NAME)\"'");
				GCC_SYMBOLS_PRIVATE_EXTERN = NO;
				INSTALL_PATH = "";
				OTHER_LDFLAGS = " ";
				OTHER_REZFLAGS = "";
				PRODUCT_NAME = ALL_BUILD;
				SECTORDER_FLAGS = "";
				SYMROOT = "/Users/shanikawijerathna/projects/camid/video-app/xcode";
				USE_HEADERMAP = NO;
				WARNING_CFLAGS = ("$(inherited)");
			};
			name = Debug;
		};
		CEFB07373E10487E840A0772 /* Release */ = {
			isa = XCBuildConfiguration;
			buildSettings = {
				COMBINE_HIDPI_IMAGES = YES;
				EXECUTABLE_PREFIX = lib;
				EXECUTABLE_SUFFIX = .a;
				GCC_GENERATE_DEBUGGING_SYMBOLS = NO;
				GCC_INLINES_ARE_PRIVATE_EXTERN = NO;
				GCC_OPTIMIZATION_LEVEL = 3;
				GCC_PREPROCESSOR_DEFINITIONS = ("'CMAKE_INTDIR=\"$(CONFIGURATION)$(EFFECTIVE_PLATFORM_NAME)\"'",_GLFW_USE_CONFIG_H);
				GCC_SYMBOLS_PRIVATE_EXTERN = NO;
				HEADER_SEARCH_PATHS = ("/Users/shanikawijerathna/projects/camid/video-app/lib/glfw/include","/Users/shanikawijerathna/projects/camid/video-app/lib/glfw/src","/Users/shanikawijerathna/projects/camid/video-app/xcode/lib/glfw/src");
				INSTALL_PATH = "";
				LIBRARY_STYLE = STATIC;
				OTHER_CFLAGS = "    -DNDEBUG -fPIC -Wall '-std=c99'  ";
				OTHER_LIBTOOLFLAGS = " ";
				OTHER_REZFLAGS = "";
				PRODUCT_NAME = glfw3;
				SECTORDER_FLAGS = "";
				SYMROOT = "/Users/shanikawijerathna/projects/camid/video-app/xcode/lib/glfw/src";
				USE_HEADERMAP = NO;
				WARNING_CFLAGS = ("$(inherited)");
			};
			name = Release;
		};
		D8E7AE68244545E591DB000C /* RelWithDebInfo */ = {
			isa = XCBuildConfiguration;
			buildSettings = {
				COMBINE_HIDPI_IMAGES = YES;
				EXECUTABLE_PREFIX = lib;
				EXECUTABLE_SUFFIX = .a;
				GCC_GENERATE_DEBUGGING_SYMBOLS = YES;
				GCC_INLINES_ARE_PRIVATE_EXTERN = NO;
				GCC_OPTIMIZATION_LEVEL = 2;
				GCC_PREPROCESSOR_DEFINITIONS = ("'CMAKE_INTDIR=\"$(CONFIGURATION)$(EFFECTIVE_PLATFORM_NAME)\"'",_GLFW_USE_CONFIG_H);
				GCC_SYMBOLS_PRIVATE_EXTERN = NO;
				HEADER_SEARCH_PATHS = ("/Users/shanikawijerathna/projects/camid/video-app/lib/glfw/include","/Users/shanikawijerathna/projects/camid/video-app/lib/glfw/src","/Users/shanikawijerathna/projects/camid/video-app/xcode/lib/glfw/src");
				INSTALL_PATH = "";
				LIBRARY_STYLE = STATIC;
				OTHER_CFLAGS = "       -DNDEBUG -fPIC -Wall '-std=c99'  ";
				OTHER_LIBTOOLFLAGS = " ";
				OTHER_REZFLAGS = "";
				PRODUCT_NAME = glfw3;
				SECTORDER_FLAGS = "";
				SYMROOT = "/Users/shanikawijerathna/projects/camid/video-app/xcode/lib/glfw/src";
				USE_HEADERMAP = NO;
				WARNING_CFLAGS = ("$(inherited)");
			};
			name = RelWithDebInfo;
		};
		DD56D39B0F8F4453A05B6421 /* Debug */ = {
			isa = XCBuildConfiguration;
			buildSettings = {
				COMBINE_HIDPI_IMAGES = YES;
				GCC_GENERATE_DEBUGGING_SYMBOLS = YES;
				GCC_INLINES_ARE_PRIVATE_EXTERN = NO;
				GCC_OPTIMIZATION_LEVEL = 0;
				GCC_PREPROCESSOR_DEFINITIONS = ("'CMAKE_INTDIR=\"$(CONFIGURATION)$(EFFECTIVE_PLATFORM_NAME)\"'");
				GCC_SYMBOLS_PRIVATE_EXTERN = NO;
				INSTALL_PATH = "";
				OTHER_LDFLAGS = " ";
				OTHER_REZFLAGS = "";
				PRODUCT_NAME = install;
				SECTORDER_FLAGS = "";
				SYMROOT = "/Users/shanikawijerathna/projects/camid/video-app/xcode";
				USE_HEADERMAP = NO;
				WARNING_CFLAGS = ("$(inherited)");
			};
			name = Debug;
		};
		F3BC735A47214335A07995D8 /* Debug */ = {
			isa = XCBuildConfiguration;
			buildSettings = {
				COMBINE_HIDPI_IMAGES = YES;
				EXECUTABLE_PREFIX = "";
				EXECUTABLE_SUFFIX = "";
				GCC_GENERATE_DEBUGGING_SYMBOLS = YES;
				GCC_INLINES_ARE_PRIVATE_EXTERN = NO;
				GCC_OPTIMIZATION_LEVEL = 0;
				GCC_PREPROCESSOR_DEFINITIONS = ("'CMAKE_INTDIR=\"$(CONFIGURATION)$(EFFECTIVE_PLATFORM_NAME)\"'",GL_SILENCE_DEPRICATION);
				GCC_SYMBOLS_PRIVATE_EXTERN = NO;
				HEADER_SEARCH_PATHS = ("/Users/shanikawijerathna/projects/camid/video-app/lib/glfw/include");
				INSTALL_PATH = "";
				LIBRARY_SEARCH_PATHS = "";
				OTHER_CPLUSPLUSFLAGS = "   '-std=gnu++14'  ";
				OTHER_LDFLAGS = " -Wl,-search_paths_first -Wl,-headerpad_max_install_names  /Users/shanikawijerathna/projects/camid/video-app/xcode/lib/glfw/src/Debug/libglfw3.a -framework OpenGL  -framework Cocoa -framework IOKit -framework CoreFoundation";
				OTHER_REZFLAGS = "";
				PRODUCT_NAME = "video-app";
				SECTORDER_FLAGS = "";
				SYMROOT = "/Users/shanikawijerathna/projects/camid/video-app/xcode";
				USE_HEADERMAP = NO;
				WARNING_CFLAGS = ("$(inherited)");
			};
			name = Debug;
		};
		F4610E1B5B2E4F789C5491B3 /* Release */ = {
			isa = XCBuildConfiguration;
			buildSettings = {
				COMBINE_HIDPI_IMAGES = YES;
				EXECUTABLE_PREFIX = "";
				EXECUTABLE_SUFFIX = "";
				GCC_GENERATE_DEBUGGING_SYMBOLS = NO;
				GCC_INLINES_ARE_PRIVATE_EXTERN = NO;
				GCC_OPTIMIZATION_LEVEL = 3;
				GCC_PREPROCESSOR_DEFINITIONS = ("'CMAKE_INTDIR=\"$(CONFIGURATION)$(EFFECTIVE_PLATFORM_NAME)\"'",GL_SILENCE_DEPRICATION);
				GCC_SYMBOLS_PRIVATE_EXTERN = NO;
				HEADER_SEARCH_PATHS = ("/Users/shanikawijerathna/projects/camid/video-app/lib/glfw/include");
				INSTALL_PATH = "";
				LIBRARY_SEARCH_PATHS = "";
				OTHER_CPLUSPLUSFLAGS = "    -DNDEBUG '-std=gnu++14'  ";
				OTHER_LDFLAGS = " -Wl,-search_paths_first -Wl,-headerpad_max_install_names  /Users/shanikawijerathna/projects/camid/video-app/xcode/lib/glfw/src/Release/libglfw3.a -framework OpenGL  -framework Cocoa -framework IOKit -framework CoreFoundation";
				OTHER_REZFLAGS = "";
				PRODUCT_NAME = "video-app";
				SECTORDER_FLAGS = "";
				SYMROOT = "/Users/shanikawijerathna/projects/camid/video-app/xcode";
				USE_HEADERMAP = NO;
				WARNING_CFLAGS = ("$(inherited)");
			};
			name = Release;
		};
		FE23F2E37AE34DFC80AD7416 /* Release */ = {
			isa = XCBuildConfiguration;
			buildSettings = {
				COMBINE_HIDPI_IMAGES = YES;
				GCC_GENERATE_DEBUGGING_SYMBOLS = YES;
				GCC_INLINES_ARE_PRIVATE_EXTERN = NO;
				GCC_OPTIMIZATION_LEVEL = 0;
				GCC_PREPROCESSOR_DEFINITIONS = ("'CMAKE_INTDIR=\"$(CONFIGURATION)$(EFFECTIVE_PLATFORM_NAME)\"'");
				GCC_SYMBOLS_PRIVATE_EXTERN = NO;
				INSTALL_PATH = "";
				OTHER_LDFLAGS = " ";
				OTHER_REZFLAGS = "";
				PRODUCT_NAME = install;
				SECTORDER_FLAGS = "";
				SYMROOT = "/Users/shanikawijerathna/projects/camid/video-app/xcode";
				USE_HEADERMAP = NO;
				WARNING_CFLAGS = ("$(inherited)");
			};
			name = Release;
		};
		FF84F2F1F4DA497AAD520839 /* Debug */ = {
			isa = XCBuildConfiguration;
			buildSettings = {
				ONLY_ACTIVE_ARCH = YES;
				SDKROOT = /Applications/Xcode.app/Contents/Developer/Platforms/MacOSX.platform/Developer/SDKs/MacOSX10.15.sdk;
				SYMROOT = "/Users/shanikawijerathna/projects/camid/video-app/xcode/build";
			};
			name = Debug;
		};
/* End XCBuildConfiguration section */

/* Begin XCConfigurationList section */
		31E271963F224F12B340525D /* Build configuration list for PBXAggregateTarget "install" */ = {
			isa = XCConfigurationList;
			buildConfigurations = (
				DD56D39B0F8F4453A05B6421 /* Debug */,
				FE23F2E37AE34DFC80AD7416 /* Release */,
				B52B726570E040AEAEF2C22D /* MinSizeRel */,
				99F7851393CD4F5881EE9378 /* RelWithDebInfo */,
			);
			defaultConfigurationIsVisible = 0;
			defaultConfigurationName = Debug;
		};
		881C71ACF9EE43B9BC1D3F28 /* Build configuration list for PBXNativeTarget "glfw" */ = {
			isa = XCConfigurationList;
			buildConfigurations = (
				B8FC508A04994B7997DBEFAF /* Debug */,
				CEFB07373E10487E840A0772 /* Release */,
				68C04C07A19742EF913C553C /* MinSizeRel */,
				D8E7AE68244545E591DB000C /* RelWithDebInfo */,
			);
			defaultConfigurationIsVisible = 0;
			defaultConfigurationName = Debug;
		};
		8F9847C9F42943AEA73A220D /* Build configuration list for PBXAggregateTarget "uninstall" */ = {
			isa = XCConfigurationList;
			buildConfigurations = (
				AC68751DE4B94BFA9D1CA1E5 /* Debug */,
				54233352EF204A16B7750A59 /* Release */,
				AF5A6EA5819B4276A3E191D0 /* MinSizeRel */,
				1A0E1320442540B3B66B1C96 /* RelWithDebInfo */,
			);
			defaultConfigurationIsVisible = 0;
			defaultConfigurationName = Debug;
		};
		9649CC7CBA94438F9350EBE2 /* Build configuration list for PBXAggregateTarget "ZERO_CHECK" */ = {
			isa = XCConfigurationList;
			buildConfigurations = (
				196FAAD633A846D1AD45A218 /* Debug */,
				994BE6BEACE345D5A6F8A367 /* Release */,
				5E5D846DB1454DC9B308198C /* MinSizeRel */,
				65E50AAC0B8B4038B685751E /* RelWithDebInfo */,
			);
			defaultConfigurationIsVisible = 0;
			defaultConfigurationName = Debug;
		};
		AFB2E33469CE4B9296D5EF11 /* Build configuration list for PBXAggregateTarget "ALL_BUILD" */ = {
			isa = XCConfigurationList;
			buildConfigurations = (
				C4028C5DF9924ACB992A6E09 /* Debug */,
				973B9E6BB9024205B5CF8E18 /* Release */,
				82764B064937499D8C8C600D /* MinSizeRel */,
				1865407E4226475989A29D70 /* RelWithDebInfo */,
			);
			defaultConfigurationIsVisible = 0;
			defaultConfigurationName = Debug;
		};
		F4FCDE677EB942DCA2E28251 /* Build configuration list for PBXNativeTarget "video-app" */ = {
			isa = XCConfigurationList;
			buildConfigurations = (
				F3BC735A47214335A07995D8 /* Debug */,
				F4610E1B5B2E4F789C5491B3 /* Release */,
				6A2D113078E44CD993F4A5F3 /* MinSizeRel */,
				8D3C82D22DC643F985429605 /* RelWithDebInfo */,
			);
			defaultConfigurationIsVisible = 0;
			defaultConfigurationName = Debug;
		};
		F608C91D79EB4C2E829CE08C /* Build configuration list for PBXProject "video-app" */ = {
			isa = XCConfigurationList;
			buildConfigurations = (
				FF84F2F1F4DA497AAD520839 /* Debug */,
				2593111196194B2C81A75D01 /* Release */,
				101B822DA86243758A94DD0B /* MinSizeRel */,
				7B0215F7FAB042208F406F2D /* RelWithDebInfo */,
			);
			defaultConfigurationIsVisible = 0;
			defaultConfigurationName = Debug;
		};
/* End XCConfigurationList section */
	};
	rootObject = 8A0C9BEF4C984AFDB59CD48D /* Project object */;
}
