// !$*UTF8*$!
{
	archiveVersion = 1;
	classes = {
	};
	objectVersion = 46;
	objects = {

/* Begin PBXAggregateTarget section */
		2CAD9FDD7E7F44E1AFC9A3AD /* ZERO_CHECK */ = {
			isa = PBXAggregateTarget;
			buildConfigurationList = 20A81DBF070A40D6B1AB6AD2 /* Build configuration list for PBXAggregateTarget "ZERO_CHECK" */;
			buildPhases = (
				439C16BBB00244AF8DFB57CE /* CMake Rules */,
			);
			dependencies = (
			);
			name = ZERO_CHECK;
			productName = ZERO_CHECK;
		};
		59F9F2C1B1E2466CB42C03D7 /* ALL_BUILD */ = {
			isa = PBXAggregateTarget;
			buildConfigurationList = 82246935CA9C41CBADE19589 /* Build configuration list for PBXAggregateTarget "ALL_BUILD" */;
			buildPhases = (
				AA5CDDCED997476AAD2B9E41 /* CMake Rules */,
			);
			dependencies = (
				14CF79268DED468390350D5F /* PBXTargetDependency */,
				98DD68A017D74F259778D7D3 /* PBXTargetDependency */,
			);
			name = ALL_BUILD;
			productName = ALL_BUILD;
		};
		ED5A9F841A214F728B8E2425 /* install */ = {
			isa = PBXAggregateTarget;
			buildConfigurationList = 0A8E20E2445E49AABE897209 /* Build configuration list for PBXAggregateTarget "install" */;
			buildPhases = (
				696C1B4D33B14DA09EFBBAAF /* CMake PostBuild Rules */,
			);
			dependencies = (
				1F007B04CADB4F38951C2E26 /* PBXTargetDependency */,
			);
			name = install;
			productName = install;
		};
		EEDD7E4312D24F479F508786 /* uninstall */ = {
			isa = PBXAggregateTarget;
			buildConfigurationList = 2BA3F51FB5884467A0ADAA6B /* Build configuration list for PBXAggregateTarget "uninstall" */;
			buildPhases = (
				4F533C5780644537957EA12F /* CMake Rules */,
			);
			dependencies = (
				887133A2749F480C8A3627FD /* PBXTargetDependency */,
			);
			name = uninstall;
			productName = uninstall;
		};
/* End PBXAggregateTarget section */

/* Begin PBXBuildFile section */
		1C4CB9B349CF4479A9581A33 /* /Users/shanikawijerathna/projects/camid/video-app/lib/glfw/src/osmesa_context.c */ = {isa = PBXBuildFile; fileRef = 60FC5EDACDA54859935A347A /* /Users/shanikawijerathna/projects/camid/video-app/lib/glfw/src/osmesa_context.c */; settings = {COMPILER_FLAGS = "-Wdeclaration-after-statement"; }; };
		2217ABE1FABA476EADE523BB /* /Users/shanikawijerathna/projects/camid/video-app/lib/glfw/src/cocoa_monitor.m */ = {isa = PBXBuildFile; fileRef = 2ACA23ED2DEA4D8FA4FF7765 /* /Users/shanikawijerathna/projects/camid/video-app/lib/glfw/src/cocoa_monitor.m */; };
		2625E0247066478880EE47FB /* /Users/shanikawijerathna/projects/camid/video-app/xcode/lib/glfw/src/glfw_config.h */ = {isa = PBXBuildFile; fileRef = 173F235F15D048E785E4BB3C /* /Users/shanikawijerathna/projects/camid/video-app/xcode/lib/glfw/src/glfw_config.h */; };
		29DAB033FAF14119BF441E31 /* /Users/shanikawijerathna/projects/camid/video-app/lib/glfw/src/cocoa_platform.h */ = {isa = PBXBuildFile; fileRef = EDED6A66804B4563B102D5FB /* /Users/shanikawijerathna/projects/camid/video-app/lib/glfw/src/cocoa_platform.h */; };
		2BC1CFE2CC4841729F33E3AA /* /Users/shanikawijerathna/projects/camid/video-app/lib/glfw/src/init.c */ = {isa = PBXBuildFile; fileRef = B2C381787CBB437882FC88D9 /* /Users/shanikawijerathna/projects/camid/video-app/lib/glfw/src/init.c */; settings = {COMPILER_FLAGS = "-Wdeclaration-after-statement"; }; };
		3F17D9606CC1466496C3D067 /* /Users/shanikawijerathna/projects/camid/video-app/lib/glfw/src/egl_context.h */ = {isa = PBXBuildFile; fileRef = D27E907F562A4D90A8C18C17 /* /Users/shanikawijerathna/projects/camid/video-app/lib/glfw/src/egl_context.h */; };
		4234BE56EDDB4002BF5C7F59 /* /Users/shanikawijerathna/projects/camid/video-app/lib/glfw/src/posix_thread.h */ = {isa = PBXBuildFile; fileRef = 4A60D18D5EDF45859DDFD4D2 /* /Users/shanikawijerathna/projects/camid/video-app/lib/glfw/src/posix_thread.h */; };
		48EE0F70C3C04656A37E91F4 /* /Users/shanikawijerathna/projects/camid/video-app/lib/glfw/src/monitor.c */ = {isa = PBXBuildFile; fileRef = 9B2B9659C0CD47028F3BAAD9 /* /Users/shanikawijerathna/projects/camid/video-app/lib/glfw/src/monitor.c */; settings = {COMPILER_FLAGS = "-Wdeclaration-after-statement"; }; };
		71FCD5C0B8E8428CBC0CF1FA /* /Users/shanikawijerathna/projects/camid/video-app/lib/glfw/src/egl_context.c */ = {isa = PBXBuildFile; fileRef = 92E31C246A0B4EA3920BA3BB /* /Users/shanikawijerathna/projects/camid/video-app/lib/glfw/src/egl_context.c */; settings = {COMPILER_FLAGS = "-Wdeclaration-after-statement"; }; };
		7ABB8F92281D4940B4F7A755 /* /Users/shanikawijerathna/projects/camid/video-app/lib/glfw/src/cocoa_joystick.h */ = {isa = PBXBuildFile; fileRef = 6AF8B05BF81844E4AEF711F7 /* /Users/shanikawijerathna/projects/camid/video-app/lib/glfw/src/cocoa_joystick.h */; };
		8180FD2376574086B547947A /* /Users/shanikawijerathna/projects/camid/video-app/lib/glfw/src/osmesa_context.h */ = {isa = PBXBuildFile; fileRef = 270DBB87C08B4B1A8E22DDD9 /* /Users/shanikawijerathna/projects/camid/video-app/lib/glfw/src/osmesa_context.h */; };
		848A3044731B470EB6B26F8A /* /Users/shanikawijerathna/projects/camid/video-app/lib/glfw/src/internal.h */ = {isa = PBXBuildFile; fileRef = 220806F820D64F8290DC3ABD /* /Users/shanikawijerathna/projects/camid/video-app/lib/glfw/src/internal.h */; };
		92ACA48C41EE45AF8C257D7F /* /Users/shanikawijerathna/projects/camid/video-app/lib/glfw/src/cocoa_time.c */ = {isa = PBXBuildFile; fileRef = 03F82665149545A49C7C4542 /* /Users/shanikawijerathna/projects/camid/video-app/lib/glfw/src/cocoa_time.c */; };
		9729404499734CF2B1D9C858 /* /Users/shanikawijerathna/projects/camid/video-app/lib/glfw/src/CMakeLists.txt */ = {isa = PBXBuildFile; fileRef = 06098515F1EA45D3A11432EA /* /Users/shanikawijerathna/projects/camid/video-app/lib/glfw/src/CMakeLists.txt */; };
		9E20F688911643069AC091B3 /* /Users/shanikawijerathna/projects/camid/video-app/lib/glfw/src/vulkan.c */ = {isa = PBXBuildFile; fileRef = 0E4F01ABEFE54925A0E10284 /* /Users/shanikawijerathna/projects/camid/video-app/lib/glfw/src/vulkan.c */; settings = {COMPILER_FLAGS = "-Wdeclaration-after-statement"; }; };
		A02D5B4AC062420E9B7A5962 /* /Users/shanikawijerathna/projects/camid/video-app/lib/glfw/include/GLFW/glfw3native.h */ = {isa = PBXBuildFile; fileRef = 559CC47CCEDB4F0BAE8D0A22 /* /Users/shanikawijerathna/projects/camid/video-app/lib/glfw/include/GLFW/glfw3native.h */; };
		A792B688A07748E084D6A4EE /* /Users/shanikawijerathna/projects/camid/video-app/lib/glfw/src/nsgl_context.h */ = {isa = PBXBuildFile; fileRef = 6D761E2054DA450F882EF4F7 /* /Users/shanikawijerathna/projects/camid/video-app/lib/glfw/src/nsgl_context.h */; };
		AB63A8EBE363411B954E2041 /* /Users/shanikawijerathna/projects/camid/video-app/lib/glfw/src/input.c */ = {isa = PBXBuildFile; fileRef = 2E41BC209B6347E5A07AAB04 /* /Users/shanikawijerathna/projects/camid/video-app/lib/glfw/src/input.c */; settings = {COMPILER_FLAGS = "-Wdeclaration-after-statement"; }; };
		AEBBB10BF6C648E0A5C5FE05 /* /Users/shanikawijerathna/projects/camid/video-app/lib/glfw/src/cocoa_window.m */ = {isa = PBXBuildFile; fileRef = 9A4A927A3DF045B7BB2022C5 /* /Users/shanikawijerathna/projects/camid/video-app/lib/glfw/src/cocoa_window.m */; };
		B7DB56FF66A445C38923FAE9 /* /Users/shanikawijerathna/projects/camid/video-app/lib/glfw/src/context.c */ = {isa = PBXBuildFile; fileRef = 7F15C53DC0514388B17BA339 /* /Users/shanikawijerathna/projects/camid/video-app/lib/glfw/src/context.c */; settings = {COMPILER_FLAGS = "-Wdeclaration-after-statement"; }; };
		B89656761CF4469DB6FBBC9B /* /Users/shanikawijerathna/projects/camid/video-app/lib/glfw/src/nsgl_context.m */ = {isa = PBXBuildFile; fileRef = D44C64ACA80C4090A099F9E9 /* /Users/shanikawijerathna/projects/camid/video-app/lib/glfw/src/nsgl_context.m */; };
		C46730C5F9AD457496A8E748 /* /Users/shanikawijerathna/projects/camid/video-app/lib/glfw/src/posix_thread.c */ = {isa = PBXBuildFile; fileRef = FFE925B2632F41419E1CD893 /* /Users/shanikawijerathna/projects/camid/video-app/lib/glfw/src/posix_thread.c */; };
		C65D0D7D53544150B544B5B3 /* /Users/shanikawijerathna/projects/camid/video-app/lib/glfw/src/cocoa_init.m */ = {isa = PBXBuildFile; fileRef = 572351536A3A4280A005D286 /* /Users/shanikawijerathna/projects/camid/video-app/lib/glfw/src/cocoa_init.m */; };
		C8CF53A57D1D436CBF01BC39 /* /Users/shanikawijerathna/projects/camid/video-app/lib/glfw/src/mappings.h */ = {isa = PBXBuildFile; fileRef = 5C10D9B9FA0A4E87967BE71F /* /Users/shanikawijerathna/projects/camid/video-app/lib/glfw/src/mappings.h */; };
		D1C3D2EC3DD640C4BB8A110A /* /Users/shanikawijerathna/projects/camid/video-app/lib/glfw/include/GLFW/glfw3.h */ = {isa = PBXBuildFile; fileRef = 5A29461804AD4BFCAB6CD964 /* /Users/shanikawijerathna/projects/camid/video-app/lib/glfw/include/GLFW/glfw3.h */; };
		E71D81E43F5D45D8BD990368 /* /Users/shanikawijerathna/projects/camid/video-app/lib/glfw/src/window.c */ = {isa = PBXBuildFile; fileRef = DFDC26760777418C9B97BD7E /* /Users/shanikawijerathna/projects/camid/video-app/lib/glfw/src/window.c */; settings = {COMPILER_FLAGS = "-Wdeclaration-after-statement"; }; };
		EA9013C3B1684C36AD7D397E /* /Users/shanikawijerathna/projects/camid/video-app/lib/glfw/src/cocoa_joystick.m */ = {isa = PBXBuildFile; fileRef = 98E1F414345E475C829BB690 /* /Users/shanikawijerathna/projects/camid/video-app/lib/glfw/src/cocoa_joystick.m */; };
/* End PBXBuildFile section */

/* Begin PBXBuildStyle section */
		3ED9E3CC30C9486C96E7C148 /* RelWithDebInfo */ = {
			isa = PBXBuildStyle;
			buildSettings = {
				COPY_PHASE_STRIP = NO;
			};
			name = RelWithDebInfo;
		};
		8B4F64B638404360B58D1CD8 /* Release */ = {
			isa = PBXBuildStyle;
			buildSettings = {
				COPY_PHASE_STRIP = NO;
			};
			name = Release;
		};
		CB2BB997CA224960A4232347 /* MinSizeRel */ = {
			isa = PBXBuildStyle;
			buildSettings = {
				COPY_PHASE_STRIP = NO;
			};
			name = MinSizeRel;
		};
		DA6237B3FDDA4F6EAC09FC16 /* Debug */ = {
			isa = PBXBuildStyle;
			buildSettings = {
				COPY_PHASE_STRIP = NO;
			};
			name = Debug;
		};
/* End PBXBuildStyle section */

/* Begin PBXContainerItemProxy section */
		301C5DFEE806473DB3ACAB08 /* PBXContainerItemProxy */ = {
			isa = PBXContainerItemProxy;
			containerPortal = E5216E0F0E7842F095C57B9E /* Project object */;
			proxyType = 1;
			remoteGlobalIDString = 2CAD9FDD7E7F44E1AFC9A3AD;
			remoteInfo = ZERO_CHECK;
		};
		370275A2CFB54FBA88C111AE /* PBXContainerItemProxy */ = {
			isa = PBXContainerItemProxy;
			containerPortal = E5216E0F0E7842F095C57B9E /* Project object */;
			proxyType = 1;
			remoteGlobalIDString = 2CAD9FDD7E7F44E1AFC9A3AD;
			remoteInfo = ZERO_CHECK;
		};
		408DC419FB204ED28CC95D0F /* PBXContainerItemProxy */ = {
			isa = PBXContainerItemProxy;
			containerPortal = E5216E0F0E7842F095C57B9E /* Project object */;
			proxyType = 1;
			remoteGlobalIDString = 59F9F2C1B1E2466CB42C03D7;
			remoteInfo = ALL_BUILD;
		};
		76330626E1F243698A6BAE02 /* PBXContainerItemProxy */ = {
			isa = PBXContainerItemProxy;
			containerPortal = E5216E0F0E7842F095C57B9E /* Project object */;
			proxyType = 1;
			remoteGlobalIDString = 6E09F6CDFA1443FBB76FF498;
			remoteInfo = glfw;
		};
/* End PBXContainerItemProxy section */

/* Begin PBXFileReference section */
		03F82665149545A49C7C4542 /* /Users/shanikawijerathna/projects/camid/video-app/lib/glfw/src/cocoa_time.c */ = {isa = PBXFileReference; explicitFileType = sourcecode.c.c; fileEncoding = 4; name = cocoa_time.c; path = src/cocoa_time.c; sourceTree = SOURCE_ROOT; };
		06098515F1EA45D3A11432EA /* /Users/shanikawijerathna/projects/camid/video-app/lib/glfw/src/CMakeLists.txt */ = {isa = PBXFileReference; explicitFileType = sourcecode.text; fileEncoding = 4; name = CMakeLists.txt; path = src/CMakeLists.txt; sourceTree = SOURCE_ROOT; };
		0E4F01ABEFE54925A0E10284 /* /Users/shanikawijerathna/projects/camid/video-app/lib/glfw/src/vulkan.c */ = {isa = PBXFileReference; explicitFileType = sourcecode.c.c; fileEncoding = 4; name = vulkan.c; path = src/vulkan.c; sourceTree = SOURCE_ROOT; };
		151FDF19AFCD478690F2520C /* glfw */ = {isa = PBXFileReference; explicitFileType = archive.ar; path = libglfw3.a; sourceTree = BUILT_PRODUCTS_DIR; };
		173F235F15D048E785E4BB3C /* /Users/shanikawijerathna/projects/camid/video-app/xcode/lib/glfw/src/glfw_config.h */ = {isa = PBXFileReference; explicitFileType = sourcecode.c.h; fileEncoding = 4; name = glfw_config.h; path = ../../xcode/lib/glfw/src/glfw_config.h; sourceTree = SOURCE_ROOT; };
		220806F820D64F8290DC3ABD /* /Users/shanikawijerathna/projects/camid/video-app/lib/glfw/src/internal.h */ = {isa = PBXFileReference; explicitFileType = sourcecode.c.h; fileEncoding = 4; name = internal.h; path = src/internal.h; sourceTree = SOURCE_ROOT; };
		270DBB87C08B4B1A8E22DDD9 /* /Users/shanikawijerathna/projects/camid/video-app/lib/glfw/src/osmesa_context.h */ = {isa = PBXFileReference; explicitFileType = sourcecode.c.h; fileEncoding = 4; name = osmesa_context.h; path = src/osmesa_context.h; sourceTree = SOURCE_ROOT; };
		2ACA23ED2DEA4D8FA4FF7765 /* /Users/shanikawijerathna/projects/camid/video-app/lib/glfw/src/cocoa_monitor.m */ = {isa = PBXFileReference; explicitFileType = sourcecode.c.objc; fileEncoding = 4; name = cocoa_monitor.m; path = src/cocoa_monitor.m; sourceTree = SOURCE_ROOT; };
		2E41BC209B6347E5A07AAB04 /* /Users/shanikawijerathna/projects/camid/video-app/lib/glfw/src/input.c */ = {isa = PBXFileReference; explicitFileType = sourcecode.c.c; fileEncoding = 4; name = input.c; path = src/input.c; sourceTree = SOURCE_ROOT; };
		4A60D18D5EDF45859DDFD4D2 /* /Users/shanikawijerathna/projects/camid/video-app/lib/glfw/src/posix_thread.h */ = {isa = PBXFileReference; explicitFileType = sourcecode.c.h; fileEncoding = 4; name = posix_thread.h; path = src/posix_thread.h; sourceTree = SOURCE_ROOT; };
		559CC47CCEDB4F0BAE8D0A22 /* /Users/shanikawijerathna/projects/camid/video-app/lib/glfw/include/GLFW/glfw3native.h */ = {isa = PBXFileReference; explicitFileType = sourcecode.c.h; fileEncoding = 4; name = glfw3native.h; path = include/GLFW/glfw3native.h; sourceTree = SOURCE_ROOT; };
		572351536A3A4280A005D286 /* /Users/shanikawijerathna/projects/camid/video-app/lib/glfw/src/cocoa_init.m */ = {isa = PBXFileReference; explicitFileType = sourcecode.c.objc; fileEncoding = 4; name = cocoa_init.m; path = src/cocoa_init.m; sourceTree = SOURCE_ROOT; };
		5A29461804AD4BFCAB6CD964 /* /Users/shanikawijerathna/projects/camid/video-app/lib/glfw/include/GLFW/glfw3.h */ = {isa = PBXFileReference; explicitFileType = sourcecode.c.h; fileEncoding = 4; name = glfw3.h; path = include/GLFW/glfw3.h; sourceTree = SOURCE_ROOT; };
		5C10D9B9FA0A4E87967BE71F /* /Users/shanikawijerathna/projects/camid/video-app/lib/glfw/src/mappings.h */ = {isa = PBXFileReference; explicitFileType = sourcecode.c.h; fileEncoding = 4; name = mappings.h; path = src/mappings.h; sourceTree = SOURCE_ROOT; };
		60FC5EDACDA54859935A347A /* /Users/shanikawijerathna/projects/camid/video-app/lib/glfw/src/osmesa_context.c */ = {isa = PBXFileReference; explicitFileType = sourcecode.c.c; fileEncoding = 4; name = osmesa_context.c; path = src/osmesa_context.c; sourceTree = SOURCE_ROOT; };
		6AF8B05BF81844E4AEF711F7 /* /Users/shanikawijerathna/projects/camid/video-app/lib/glfw/src/cocoa_joystick.h */ = {isa = PBXFileReference; explicitFileType = sourcecode.c.h; fileEncoding = 4; name = cocoa_joystick.h; path = src/cocoa_joystick.h; sourceTree = SOURCE_ROOT; };
		6D761E2054DA450F882EF4F7 /* /Users/shanikawijerathna/projects/camid/video-app/lib/glfw/src/nsgl_context.h */ = {isa = PBXFileReference; explicitFileType = sourcecode.c.h; fileEncoding = 4; name = nsgl_context.h; path = src/nsgl_context.h; sourceTree = SOURCE_ROOT; };
		7F15C53DC0514388B17BA339 /* /Users/shanikawijerathna/projects/camid/video-app/lib/glfw/src/context.c */ = {isa = PBXFileReference; explicitFileType = sourcecode.c.c; fileEncoding = 4; name = context.c; path = src/context.c; sourceTree = SOURCE_ROOT; };
		92E31C246A0B4EA3920BA3BB /* /Users/shanikawijerathna/projects/camid/video-app/lib/glfw/src/egl_context.c */ = {isa = PBXFileReference; explicitFileType = sourcecode.c.c; fileEncoding = 4; name = egl_context.c; path = src/egl_context.c; sourceTree = SOURCE_ROOT; };
		98E1F414345E475C829BB690 /* /Users/shanikawijerathna/projects/camid/video-app/lib/glfw/src/cocoa_joystick.m */ = {isa = PBXFileReference; explicitFileType = sourcecode.c.objc; fileEncoding = 4; name = cocoa_joystick.m; path = src/cocoa_joystick.m; sourceTree = SOURCE_ROOT; };
		9A4A927A3DF045B7BB2022C5 /* /Users/shanikawijerathna/projects/camid/video-app/lib/glfw/src/cocoa_window.m */ = {isa = PBXFileReference; explicitFileType = sourcecode.c.objc; fileEncoding = 4; name = cocoa_window.m; path = src/cocoa_window.m; sourceTree = SOURCE_ROOT; };
		9B2B9659C0CD47028F3BAAD9 /* /Users/shanikawijerathna/projects/camid/video-app/lib/glfw/src/monitor.c */ = {isa = PBXFileReference; explicitFileType = sourcecode.c.c; fileEncoding = 4; name = monitor.c; path = src/monitor.c; sourceTree = SOURCE_ROOT; };
		B2C381787CBB437882FC88D9 /* /Users/shanikawijerathna/projects/camid/video-app/lib/glfw/src/init.c */ = {isa = PBXFileReference; explicitFileType = sourcecode.c.c; fileEncoding = 4; name = init.c; path = src/init.c; sourceTree = SOURCE_ROOT; };
		D20D089127754AE993D4322F /* /Users/shanikawijerathna/projects/camid/video-app/lib/glfw/CMakeLists.txt */ = {isa = PBXFileReference; explicitFileType = sourcecode.text; fileEncoding = 4; name = CMakeLists.txt; path = CMakeLists.txt; sourceTree = SOURCE_ROOT; };
		D27E907F562A4D90A8C18C17 /* /Users/shanikawijerathna/projects/camid/video-app/lib/glfw/src/egl_context.h */ = {isa = PBXFileReference; explicitFileType = sourcecode.c.h; fileEncoding = 4; name = egl_context.h; path = src/egl_context.h; sourceTree = SOURCE_ROOT; };
		D44C64ACA80C4090A099F9E9 /* /Users/shanikawijerathna/projects/camid/video-app/lib/glfw/src/nsgl_context.m */ = {isa = PBXFileReference; explicitFileType = sourcecode.c.objc; fileEncoding = 4; name = nsgl_context.m; path = src/nsgl_context.m; sourceTree = SOURCE_ROOT; };
		DFDC26760777418C9B97BD7E /* /Users/shanikawijerathna/projects/camid/video-app/lib/glfw/src/window.c */ = {isa = PBXFileReference; explicitFileType = sourcecode.c.c; fileEncoding = 4; name = window.c; path = src/window.c; sourceTree = SOURCE_ROOT; };
		EDED6A66804B4563B102D5FB /* /Users/shanikawijerathna/projects/camid/video-app/lib/glfw/src/cocoa_platform.h */ = {isa = PBXFileReference; explicitFileType = sourcecode.c.h; fileEncoding = 4; name = cocoa_platform.h; path = src/cocoa_platform.h; sourceTree = SOURCE_ROOT; };
		FB985646F7454936B3A539D7 /* /Users/shanikawijerathna/projects/camid/video-app/lib/glfw/CMakeLists.txt */ = {isa = PBXFileReference; explicitFileType = sourcecode.text; fileEncoding = 4; name = CMakeLists.txt; path = CMakeLists.txt; sourceTree = SOURCE_ROOT; };
		FFE925B2632F41419E1CD893 /* /Users/shanikawijerathna/projects/camid/video-app/lib/glfw/src/posix_thread.c */ = {isa = PBXFileReference; explicitFileType = sourcecode.c.c; fileEncoding = 4; name = posix_thread.c; path = src/posix_thread.c; sourceTree = SOURCE_ROOT; };
/* End PBXFileReference section */

/* Begin PBXGroup section */
		1616BDF1C9B648EBB334D754 /* ALL_BUILD */ = {
			isa = PBXGroup;
			children = (
				DCD291D2491E4F5A9377E2DF /* CMake Rules */,
				D20D089127754AE993D4322F /* /Users/shanikawijerathna/projects/camid/video-app/lib/glfw/CMakeLists.txt */,
			);
			name = ALL_BUILD;
			sourceTree = "<group>";
		};
		1A83112BDBD1498EA5C2C2AB /* Products */ = {
			isa = PBXGroup;
			children = (
				151FDF19AFCD478690F2520C /* glfw */,
			);
			name = Products;
			sourceTree = "<group>";
		};
		3072DB96133F43E8B9B78B6D /* CMake Rules */ = {
			isa = PBXGroup;
			children = (
			);
			name = "CMake Rules";
			sourceTree = "<group>";
		};
		351B80B750414B94BD714570 = {
			isa = PBXGroup;
			children = (
				DC9B0744F76C4E568CDF421F /* GLFW3 */,
				1616BDF1C9B648EBB334D754 /* ALL_BUILD */,
				1A83112BDBD1498EA5C2C2AB /* Products */,
			);
			sourceTree = "<group>";
		};
		4A730A1EBD564E6996CC5A1B /* Header Files */ = {
			isa = PBXGroup;
			children = (
				5A29461804AD4BFCAB6CD964 /* /Users/shanikawijerathna/projects/camid/video-app/lib/glfw/include/GLFW/glfw3.h */,
				559CC47CCEDB4F0BAE8D0A22 /* /Users/shanikawijerathna/projects/camid/video-app/lib/glfw/include/GLFW/glfw3native.h */,
				6AF8B05BF81844E4AEF711F7 /* /Users/shanikawijerathna/projects/camid/video-app/lib/glfw/src/cocoa_joystick.h */,
				EDED6A66804B4563B102D5FB /* /Users/shanikawijerathna/projects/camid/video-app/lib/glfw/src/cocoa_platform.h */,
				D27E907F562A4D90A8C18C17 /* /Users/shanikawijerathna/projects/camid/video-app/lib/glfw/src/egl_context.h */,
				220806F820D64F8290DC3ABD /* /Users/shanikawijerathna/projects/camid/video-app/lib/glfw/src/internal.h */,
				5C10D9B9FA0A4E87967BE71F /* /Users/shanikawijerathna/projects/camid/video-app/lib/glfw/src/mappings.h */,
				6D761E2054DA450F882EF4F7 /* /Users/shanikawijerathna/projects/camid/video-app/lib/glfw/src/nsgl_context.h */,
				270DBB87C08B4B1A8E22DDD9 /* /Users/shanikawijerathna/projects/camid/video-app/lib/glfw/src/osmesa_context.h */,
				4A60D18D5EDF45859DDFD4D2 /* /Users/shanikawijerathna/projects/camid/video-app/lib/glfw/src/posix_thread.h */,
				173F235F15D048E785E4BB3C /* /Users/shanikawijerathna/projects/camid/video-app/xcode/lib/glfw/src/glfw_config.h */,
			);
			name = "Header Files";
			sourceTree = "<group>";
		};
		750E7486C36D49358404C4E6 /* uninstall */ = {
			isa = PBXGroup;
			children = (
				3072DB96133F43E8B9B78B6D /* CMake Rules */,
				FB985646F7454936B3A539D7 /* /Users/shanikawijerathna/projects/camid/video-app/lib/glfw/CMakeLists.txt */,
			);
			name = uninstall;
			sourceTree = "<group>";
		};
		75E317B975014C94B81F9438 /* Source Files */ = {
			isa = PBXGroup;
			children = (
				572351536A3A4280A005D286 /* /Users/shanikawijerathna/projects/camid/video-app/lib/glfw/src/cocoa_init.m */,
				98E1F414345E475C829BB690 /* /Users/shanikawijerathna/projects/camid/video-app/lib/glfw/src/cocoa_joystick.m */,
				2ACA23ED2DEA4D8FA4FF7765 /* /Users/shanikawijerathna/projects/camid/video-app/lib/glfw/src/cocoa_monitor.m */,
				03F82665149545A49C7C4542 /* /Users/shanikawijerathna/projects/camid/video-app/lib/glfw/src/cocoa_time.c */,
				9A4A927A3DF045B7BB2022C5 /* /Users/shanikawijerathna/projects/camid/video-app/lib/glfw/src/cocoa_window.m */,
				7F15C53DC0514388B17BA339 /* /Users/shanikawijerathna/projects/camid/video-app/lib/glfw/src/context.c */,
				92E31C246A0B4EA3920BA3BB /* /Users/shanikawijerathna/projects/camid/video-app/lib/glfw/src/egl_context.c */,
				B2C381787CBB437882FC88D9 /* /Users/shanikawijerathna/projects/camid/video-app/lib/glfw/src/init.c */,
				2E41BC209B6347E5A07AAB04 /* /Users/shanikawijerathna/projects/camid/video-app/lib/glfw/src/input.c */,
				9B2B9659C0CD47028F3BAAD9 /* /Users/shanikawijerathna/projects/camid/video-app/lib/glfw/src/monitor.c */,
				D44C64ACA80C4090A099F9E9 /* /Users/shanikawijerathna/projects/camid/video-app/lib/glfw/src/nsgl_context.m */,
				60FC5EDACDA54859935A347A /* /Users/shanikawijerathna/projects/camid/video-app/lib/glfw/src/osmesa_context.c */,
				FFE925B2632F41419E1CD893 /* /Users/shanikawijerathna/projects/camid/video-app/lib/glfw/src/posix_thread.c */,
				0E4F01ABEFE54925A0E10284 /* /Users/shanikawijerathna/projects/camid/video-app/lib/glfw/src/vulkan.c */,
				DFDC26760777418C9B97BD7E /* /Users/shanikawijerathna/projects/camid/video-app/lib/glfw/src/window.c */,
			);
			name = "Source Files";
			sourceTree = "<group>";
		};
		84B1854CD9154197A310DD30 /* glfw */ = {
			isa = PBXGroup;
			children = (
				4A730A1EBD564E6996CC5A1B /* Header Files */,
				75E317B975014C94B81F9438 /* Source Files */,
				06098515F1EA45D3A11432EA /* /Users/shanikawijerathna/projects/camid/video-app/lib/glfw/src/CMakeLists.txt */,
			);
			name = glfw;
			sourceTree = "<group>";
		};
		DC9B0744F76C4E568CDF421F /* GLFW3 */ = {
			isa = PBXGroup;
			children = (
				750E7486C36D49358404C4E6 /* uninstall */,
				84B1854CD9154197A310DD30 /* glfw */,
			);
			name = GLFW3;
			sourceTree = "<group>";
		};
		DCD291D2491E4F5A9377E2DF /* CMake Rules */ = {
			isa = PBXGroup;
			children = (
			);
			name = "CMake Rules";
			sourceTree = "<group>";
		};
/* End PBXGroup section */

/* Begin PBXNativeTarget section */
		6E09F6CDFA1443FBB76FF498 /* glfw */ = {
			isa = PBXNativeTarget;
			buildConfigurationList = E8754FFF250D4342ABDB8D6B /* Build configuration list for PBXNativeTarget "glfw" */;
			buildPhases = (
				02CCD351329C4B449B87391F /* Sources */,
			);
			buildRules = (
			);
			dependencies = (
			);
			name = glfw;
			productName = glfw;
			productReference = 151FDF19AFCD478690F2520C /* glfw */;
			productType = "com.apple.product-type.library.static";
		};
/* End PBXNativeTarget section */

/* Begin PBXProject section */
		E5216E0F0E7842F095C57B9E /* Project object */ = {
			isa = PBXProject;
			attributes = {
				BuildIndependentTargetsInParallel = YES;
				LastUpgradeCheck = 1140;
			};
			buildConfigurationList = 578364A74BEF4D1FB6D6F86D /* Build configuration list for PBXProject "GLFW" */;
			buildSettings = {
			};
			buildStyles = (
				DA6237B3FDDA4F6EAC09FC16 /* Debug */,
				8B4F64B638404360B58D1CD8 /* Release */,
				CB2BB997CA224960A4232347 /* MinSizeRel */,
				3ED9E3CC30C9486C96E7C148 /* RelWithDebInfo */,
			);
			compatibilityVersion = "Xcode 3.2";
			hasScannedForEncodings = 0;
			mainGroup = 351B80B750414B94BD714570;
			projectDirPath = ../../../lib/glfw;
			projectRoot = "";
			targets = (
				59F9F2C1B1E2466CB42C03D7 /* ALL_BUILD */,
				2CAD9FDD7E7F44E1AFC9A3AD /* ZERO_CHECK */,
				6E09F6CDFA1443FBB76FF498 /* glfw */,
				ED5A9F841A214F728B8E2425 /* install */,
				EEDD7E4312D24F479F508786 /* uninstall */,
			);
		};
/* End PBXProject section */

/* Begin PBXShellScriptBuildPhase section */
		10CE3E4CFFC847A794358D6C = {
			isa = PBXShellScriptBuildPhase;
			buildActionMask = 2147483647;
			files = (
			);
			inputPaths = (
			);
			outputPaths = (
			);
			runOnlyForDeploymentPostprocessing = 0;
			shellPath = /bin/sh;
			shellScript = "# shell script goes here
exit 0";
			showEnvVarsInLog = 0;
		};
		24ED79C70B2B41ABB3D019DF = {
			isa = PBXShellScriptBuildPhase;
			buildActionMask = 2147483647;
			files = (
			);
			inputPaths = (
			);
			outputPaths = (
			);
			runOnlyForDeploymentPostprocessing = 0;
			shellPath = /bin/sh;
			shellScript = "# shell script goes here
exit 0";
			showEnvVarsInLog = 0;
		};
		439C16BBB00244AF8DFB57CE /* CMake Rules */ = {
			isa = PBXShellScriptBuildPhase;
			buildActionMask = 2147483647;
			files = (
			);
			name = "CMake Rules";
			runOnlyForDeploymentPostprocessing = 0;
			shellPath = /bin/sh;
			shellScript = "make -C /Users/shanikawijerathna/projects/camid/video-app/xcode/lib/glfw -f /Users/shanikawijerathna/projects/camid/video-app/xcode/lib/glfw/CMakeScripts/ZERO_CHECK_cmakeRulesBuildPhase.make$CONFIGURATION OBJDIR=$(basename \"$OBJECT_FILE_DIR_normal\") all";
			showEnvVarsInLog = 0;
		};
		4F533C5780644537957EA12F /* CMake Rules */ = {
			isa = PBXShellScriptBuildPhase;
			buildActionMask = 2147483647;
			files = (
			);
			name = "CMake Rules";
			runOnlyForDeploymentPostprocessing = 0;
			shellPath = /bin/sh;
			shellScript = "make -C /Users/shanikawijerathna/projects/camid/video-app/xcode/lib/glfw -f /Users/shanikawijerathna/projects/camid/video-app/xcode/lib/glfw/CMakeScripts/uninstall_cmakeRulesBuildPhase.make$CONFIGURATION OBJDIR=$(basename \"$OBJECT_FILE_DIR_normal\") all";
			showEnvVarsInLog = 0;
		};
		696C1B4D33B14DA09EFBBAAF /* CMake PostBuild Rules */ = {
			isa = PBXShellScriptBuildPhase;
			buildActionMask = 2147483647;
			files = (
			);
			name = "CMake PostBuild Rules";
			runOnlyForDeploymentPostprocessing = 0;
			shellPath = /bin/sh;
			shellScript = "make -C /Users/shanikawijerathna/projects/camid/video-app/xcode/lib/glfw -f /Users/shanikawijerathna/projects/camid/video-app/xcode/lib/glfw/CMakeScripts/install_postBuildPhase.make$CONFIGURATION OBJDIR=$(basename \"$OBJECT_FILE_DIR_normal\") all";
			showEnvVarsInLog = 0;
		};
		AA5CDDCED997476AAD2B9E41 /* CMake Rules */ = {
			isa = PBXShellScriptBuildPhase;
			buildActionMask = 2147483647;
			files = (
			);
			name = "CMake Rules";
			runOnlyForDeploymentPostprocessing = 0;
			shellPath = /bin/sh;
			shellScript = "make -C /Users/shanikawijerathna/projects/camid/video-app/xcode/lib/glfw -f /Users/shanikawijerathna/projects/camid/video-app/xcode/lib/glfw/CMakeScripts/ALL_BUILD_cmakeRulesBuildPhase.make$CONFIGURATION OBJDIR=$(basename \"$OBJECT_FILE_DIR_normal\") all";
			showEnvVarsInLog = 0;
		};
		DF7A056F2B714BD1B83F032E = {
			isa = PBXShellScriptBuildPhase;
			buildActionMask = 2147483647;
			files = (
			);
			inputPaths = (
			);
			outputPaths = (
			);
			runOnlyForDeploymentPostprocessing = 0;
			shellPath = /bin/sh;
			shellScript = "# shell script goes here
exit 0";
			showEnvVarsInLog = 0;
		};
		F5CAF9D1CBD74AAE8452C5F5 = {
			isa = PBXShellScriptBuildPhase;
			buildActionMask = 2147483647;
			files = (
			);
			inputPaths = (
			);
			outputPaths = (
			);
			runOnlyForDeploymentPostprocessing = 0;
			shellPath = /bin/sh;
			shellScript = "# shell script goes here
exit 0";
			showEnvVarsInLog = 0;
		};
/* End PBXShellScriptBuildPhase section */

/* Begin PBXSourcesBuildPhase section */
		02CCD351329C4B449B87391F /* Sources */ = {
			isa = PBXSourcesBuildPhase;
			buildActionMask = 2147483647;
			files = (
				C65D0D7D53544150B544B5B3 /* /Users/shanikawijerathna/projects/camid/video-app/lib/glfw/src/cocoa_init.m */,
				EA9013C3B1684C36AD7D397E /* /Users/shanikawijerathna/projects/camid/video-app/lib/glfw/src/cocoa_joystick.m */,
				2217ABE1FABA476EADE523BB /* /Users/shanikawijerathna/projects/camid/video-app/lib/glfw/src/cocoa_monitor.m */,
				92ACA48C41EE45AF8C257D7F /* /Users/shanikawijerathna/projects/camid/video-app/lib/glfw/src/cocoa_time.c */,
				AEBBB10BF6C648E0A5C5FE05 /* /Users/shanikawijerathna/projects/camid/video-app/lib/glfw/src/cocoa_window.m */,
				B7DB56FF66A445C38923FAE9 /* /Users/shanikawijerathna/projects/camid/video-app/lib/glfw/src/context.c */,
				71FCD5C0B8E8428CBC0CF1FA /* /Users/shanikawijerathna/projects/camid/video-app/lib/glfw/src/egl_context.c */,
				2BC1CFE2CC4841729F33E3AA /* /Users/shanikawijerathna/projects/camid/video-app/lib/glfw/src/init.c */,
				AB63A8EBE363411B954E2041 /* /Users/shanikawijerathna/projects/camid/video-app/lib/glfw/src/input.c */,
				48EE0F70C3C04656A37E91F4 /* /Users/shanikawijerathna/projects/camid/video-app/lib/glfw/src/monitor.c */,
				B89656761CF4469DB6FBBC9B /* /Users/shanikawijerathna/projects/camid/video-app/lib/glfw/src/nsgl_context.m */,
				1C4CB9B349CF4479A9581A33 /* /Users/shanikawijerathna/projects/camid/video-app/lib/glfw/src/osmesa_context.c */,
				C46730C5F9AD457496A8E748 /* /Users/shanikawijerathna/projects/camid/video-app/lib/glfw/src/posix_thread.c */,
				9E20F688911643069AC091B3 /* /Users/shanikawijerathna/projects/camid/video-app/lib/glfw/src/vulkan.c */,
				E71D81E43F5D45D8BD990368 /* /Users/shanikawijerathna/projects/camid/video-app/lib/glfw/src/window.c */,
			);
			runOnlyForDeploymentPostprocessing = 0;
		};
/* End PBXSourcesBuildPhase section */

/* Begin PBXTargetDependency section */
		14CF79268DED468390350D5F /* PBXTargetDependency */ = {
			isa = PBXTargetDependency;
			target = 6E09F6CDFA1443FBB76FF498 /* glfw */;
			targetProxy = 76330626E1F243698A6BAE02 /* PBXContainerItemProxy */;
		};
		1F007B04CADB4F38951C2E26 /* PBXTargetDependency */ = {
			isa = PBXTargetDependency;
			target = 59F9F2C1B1E2466CB42C03D7 /* ALL_BUILD */;
			targetProxy = 408DC419FB204ED28CC95D0F /* PBXContainerItemProxy */;
		};
		887133A2749F480C8A3627FD /* PBXTargetDependency */ = {
			isa = PBXTargetDependency;
			target = 2CAD9FDD7E7F44E1AFC9A3AD /* ZERO_CHECK */;
			targetProxy = 301C5DFEE806473DB3ACAB08 /* PBXContainerItemProxy */;
		};
		98DD68A017D74F259778D7D3 /* PBXTargetDependency */ = {
			isa = PBXTargetDependency;
			target = 2CAD9FDD7E7F44E1AFC9A3AD /* ZERO_CHECK */;
			targetProxy = 370275A2CFB54FBA88C111AE /* PBXContainerItemProxy */;
		};
/* End PBXTargetDependency section */

/* Begin XCBuildConfiguration section */
		1FA593D6754F4614968489B7 /* Debug */ = {
			isa = XCBuildConfiguration;
			buildSettings = {
				ONLY_ACTIVE_ARCH = YES;
				SDKROOT = /Applications/Xcode.app/Contents/Developer/Platforms/MacOSX.platform/Developer/SDKs/MacOSX10.15.sdk;
				SYMROOT = "/Users/shanikawijerathna/projects/camid/video-app/xcode/lib/glfw/build";
			};
			name = Debug;
		};
		21164E6F3E584970ABB11E94 /* Debug */ = {
			isa = XCBuildConfiguration;
			buildSettings = {
				COMBINE_HIDPI_IMAGES = YES;
				GCC_GENERATE_DEBUGGING_SYMBOLS = YES;
				GCC_INLINES_ARE_PRIVATE_EXTERN = NO;
				GCC_OPTIMIZATION_LEVEL = 0;
				GCC_PREPROCESSOR_DEFINITIONS = ("'CMAKE_INTDIR=\"$(CONFIGURATION)$(EFFECTIVE_PLATFORM_NAME)\"'");
				GCC_SYMBOLS_PRIVATE_EXTERN = NO;
				INSTALL_PATH = "";
				OTHER_LDFLAGS = " ";
				OTHER_REZFLAGS = "";
				PRODUCT_NAME = install;
				SECTORDER_FLAGS = "";
				SYMROOT = "/Users/shanikawijerathna/projects/camid/video-app/xcode/lib/glfw";
				USE_HEADERMAP = NO;
				WARNING_CFLAGS = ("$(inherited)");
			};
			name = Debug;
		};
		22E7DA066D3B4EA5A5FB1D00 /* Debug */ = {
			isa = XCBuildConfiguration;
			buildSettings = {
				COMBINE_HIDPI_IMAGES = YES;
				GCC_GENERATE_DEBUGGING_SYMBOLS = YES;
				GCC_INLINES_ARE_PRIVATE_EXTERN = NO;
				GCC_OPTIMIZATION_LEVEL = 0;
				GCC_PREPROCESSOR_DEFINITIONS = ("'CMAKE_INTDIR=\"$(CONFIGURATION)$(EFFECTIVE_PLATFORM_NAME)\"'");
				GCC_SYMBOLS_PRIVATE_EXTERN = NO;
				INSTALL_PATH = "";
				OTHER_LDFLAGS = " ";
				OTHER_REZFLAGS = "";
				PRODUCT_NAME = uninstall;
				SECTORDER_FLAGS = "";
				SYMROOT = "/Users/shanikawijerathna/projects/camid/video-app/xcode/lib/glfw";
				USE_HEADERMAP = NO;
				WARNING_CFLAGS = ("$(inherited)");
			};
			name = Debug;
		};
		285EC622F49C4EECAAD567D9 /* MinSizeRel */ = {
			isa = XCBuildConfiguration;
			buildSettings = {
				ONLY_ACTIVE_ARCH = YES;
				SDKROOT = /Applications/Xcode.app/Contents/Developer/Platforms/MacOSX.platform/Developer/SDKs/MacOSX10.15.sdk;
				SYMROOT = "/Users/shanikawijerathna/projects/camid/video-app/xcode/lib/glfw/build";
			};
			name = MinSizeRel;
		};
		3072FDBAE9074F4BBAA94638 /* MinSizeRel */ = {
			isa = XCBuildConfiguration;
			buildSettings = {
				COMBINE_HIDPI_IMAGES = YES;
				EXECUTABLE_PREFIX = lib;
				EXECUTABLE_SUFFIX = .a;
				GCC_GENERATE_DEBUGGING_SYMBOLS = NO;
				GCC_INLINES_ARE_PRIVATE_EXTERN = NO;
				GCC_OPTIMIZATION_LEVEL = s;
				GCC_PREPROCESSOR_DEFINITIONS = ("'CMAKE_INTDIR=\"$(CONFIGURATION)$(EFFECTIVE_PLATFORM_NAME)\"'",_GLFW_USE_CONFIG_H);
				GCC_SYMBOLS_PRIVATE_EXTERN = NO;
				HEADER_SEARCH_PATHS = ("/Users/shanikawijerathna/projects/camid/video-app/lib/glfw/include","/Users/shanikawijerathna/projects/camid/video-app/lib/glfw/src","/Users/shanikawijerathna/projects/camid/video-app/xcode/lib/glfw/src");
				INSTALL_PATH = "";
				LIBRARY_STYLE = STATIC;
				OTHER_CFLAGS = "    -DNDEBUG -fPIC -Wall '-std=c99'  ";
				OTHER_LIBTOOLFLAGS = " ";
				OTHER_REZFLAGS = "";
				PRODUCT_NAME = glfw3;
				SECTORDER_FLAGS = "";
				SYMROOT = "/Users/shanikawijerathna/projects/camid/video-app/xcode/lib/glfw/src";
				USE_HEADERMAP = NO;
				WARNING_CFLAGS = ("$(inherited)");
			};
			name = MinSizeRel;
		};
		410C73ED8D444CE6A42673E5 /* RelWithDebInfo */ = {
			isa = XCBuildConfiguration;
			buildSettings = {
				ONLY_ACTIVE_ARCH = YES;
				SDKROOT = /Applications/Xcode.app/Contents/Developer/Platforms/MacOSX.platform/Developer/SDKs/MacOSX10.15.sdk;
				SYMROOT = "/Users/shanikawijerathna/projects/camid/video-app/xcode/lib/glfw/build";
			};
			name = RelWithDebInfo;
		};
		47E990FA7FB4413F8CFEFDE7 /* RelWithDebInfo */ = {
			isa = XCBuildConfiguration;
			buildSettings = {
				COMBINE_HIDPI_IMAGES = YES;
				GCC_GENERATE_DEBUGGING_SYMBOLS = YES;
				GCC_INLINES_ARE_PRIVATE_EXTERN = NO;
				GCC_OPTIMIZATION_LEVEL = 0;
				GCC_PREPROCESSOR_DEFINITIONS = ("'CMAKE_INTDIR=\"$(CONFIGURATION)$(EFFECTIVE_PLATFORM_NAME)\"'");
				GCC_SYMBOLS_PRIVATE_EXTERN = NO;
				INSTALL_PATH = "";
				OTHER_LDFLAGS = " ";
				OTHER_REZFLAGS = "";
				PRODUCT_NAME = uninstall;
				SECTORDER_FLAGS = "";
				SYMROOT = "/Users/shanikawijerathna/projects/camid/video-app/xcode/lib/glfw";
				USE_HEADERMAP = NO;
				WARNING_CFLAGS = ("$(inherited)");
			};
			name = RelWithDebInfo;
		};
		4C822B2CF7F044C69184EA92 /* MinSizeRel */ = {
			isa = XCBuildConfiguration;
			buildSettings = {
				COMBINE_HIDPI_IMAGES = YES;
				GCC_GENERATE_DEBUGGING_SYMBOLS = YES;
				GCC_INLINES_ARE_PRIVATE_EXTERN = NO;
				GCC_OPTIMIZATION_LEVEL = 0;
				GCC_PREPROCESSOR_DEFINITIONS = ("'CMAKE_INTDIR=\"$(CONFIGURATION)$(EFFECTIVE_PLATFORM_NAME)\"'");
				GCC_SYMBOLS_PRIVATE_EXTERN = NO;
				INSTALL_PATH = "";
				OTHER_LDFLAGS = " ";
				OTHER_REZFLAGS = "";
				PRODUCT_NAME = uninstall;
				SECTORDER_FLAGS = "";
				SYMROOT = "/Users/shanikawijerathna/projects/camid/video-app/xcode/lib/glfw";
				USE_HEADERMAP = NO;
				WARNING_CFLAGS = ("$(inherited)");
			};
			name = MinSizeRel;
		};
		4F2945944DDE49B0A400FB24 /* Debug */ = {
			isa = XCBuildConfiguration;
			buildSettings = {
				COMBINE_HIDPI_IMAGES = YES;
				EXECUTABLE_PREFIX = lib;
				EXECUTABLE_SUFFIX = .a;
				GCC_GENERATE_DEBUGGING_SYMBOLS = YES;
				GCC_INLINES_ARE_PRIVATE_EXTERN = NO;
				GCC_OPTIMIZATION_LEVEL = 0;
				GCC_PREPROCESSOR_DEFINITIONS = ("'CMAKE_INTDIR=\"$(CONFIGURATION)$(EFFECTIVE_PLATFORM_NAME)\"'",_GLFW_USE_CONFIG_H);
				GCC_SYMBOLS_PRIVATE_EXTERN = NO;
				HEADER_SEARCH_PATHS = ("/Users/shanikawijerathna/projects/camid/video-app/lib/glfw/include","/Users/shanikawijerathna/projects/camid/video-app/lib/glfw/src","/Users/shanikawijerathna/projects/camid/video-app/xcode/lib/glfw/src");
				INSTALL_PATH = "";
				LIBRARY_STYLE = STATIC;
				OTHER_CFLAGS = "   -fPIC -Wall '-std=c99'  ";
				OTHER_LIBTOOLFLAGS = " ";
				OTHER_REZFLAGS = "";
				PRODUCT_NAME = glfw3;
				SECTORDER_FLAGS = "";
				SYMROOT = "/Users/shanikawijerathna/projects/camid/video-app/xcode/lib/glfw/src";
				USE_HEADERMAP = NO;
				WARNING_CFLAGS = ("$(inherited)");
			};
			name = Debug;
		};
		55DECE918DA04536BDA90867 /* MinSizeRel */ = {
			isa = XCBuildConfiguration;
			buildSettings = {
				COMBINE_HIDPI_IMAGES = YES;
				GCC_GENERATE_DEBUGGING_SYMBOLS = YES;
				GCC_INLINES_ARE_PRIVATE_EXTERN = NO;
				GCC_OPTIMIZATION_LEVEL = 0;
				GCC_PREPROCESSOR_DEFINITIONS = ("'CMAKE_INTDIR=\"$(CONFIGURATION)$(EFFECTIVE_PLATFORM_NAME)\"'");
				GCC_SYMBOLS_PRIVATE_EXTERN = NO;
				INSTALL_PATH = "";
				OTHER_LDFLAGS = " ";
				OTHER_REZFLAGS = "";
				PRODUCT_NAME = ALL_BUILD;
				SECTORDER_FLAGS = "";
				SYMROOT = "/Users/shanikawijerathna/projects/camid/video-app/xcode/lib/glfw";
				USE_HEADERMAP = NO;
				WARNING_CFLAGS = ("$(inherited)");
			};
			name = MinSizeRel;
		};
		860F4E52F67143F9990930EB /* RelWithDebInfo */ = {
			isa = XCBuildConfiguration;
			buildSettings = {
				COMBINE_HIDPI_IMAGES = YES;
				GCC_GENERATE_DEBUGGING_SYMBOLS = YES;
				GCC_INLINES_ARE_PRIVATE_EXTERN = NO;
				GCC_OPTIMIZATION_LEVEL = 0;
				GCC_PREPROCESSOR_DEFINITIONS = ("'CMAKE_INTDIR=\"$(CONFIGURATION)$(EFFECTIVE_PLATFORM_NAME)\"'");
				GCC_SYMBOLS_PRIVATE_EXTERN = NO;
				INSTALL_PATH = "";
				OTHER_LDFLAGS = " ";
				OTHER_REZFLAGS = "";
				PRODUCT_NAME = ZERO_CHECK;
				SECTORDER_FLAGS = "";
				SYMROOT = "/Users/shanikawijerathna/projects/camid/video-app/xcode/lib/glfw";
				USE_HEADERMAP = NO;
				WARNING_CFLAGS = ("$(inherited)");
			};
			name = RelWithDebInfo;
		};
		8B78B7519A5F4ECEBD7830FD /* Release */ = {
			isa = XCBuildConfiguration;
			buildSettings = {
				COMBINE_HIDPI_IMAGES = YES;
				GCC_GENERATE_DEBUGGING_SYMBOLS = YES;
				GCC_INLINES_ARE_PRIVATE_EXTERN = NO;
				GCC_OPTIMIZATION_LEVEL = 0;
				GCC_PREPROCESSOR_DEFINITIONS = ("'CMAKE_INTDIR=\"$(CONFIGURATION)$(EFFECTIVE_PLATFORM_NAME)\"'");
				GCC_SYMBOLS_PRIVATE_EXTERN = NO;
				INSTALL_PATH = "";
				OTHER_LDFLAGS = " ";
				OTHER_REZFLAGS = "";
				PRODUCT_NAME = install;
				SECTORDER_FLAGS = "";
				SYMROOT = "/Users/shanikawijerathna/projects/camid/video-app/xcode/lib/glfw";
				USE_HEADERMAP = NO;
				WARNING_CFLAGS = ("$(inherited)");
			};
			name = Release;
		};
		95B9C4F4DB78457CB8C197CC /* Release */ = {
			isa = XCBuildConfiguration;
			buildSettings = {
				COMBINE_HIDPI_IMAGES = YES;
				GCC_GENERATE_DEBUGGING_SYMBOLS = YES;
				GCC_INLINES_ARE_PRIVATE_EXTERN = NO;
				GCC_OPTIMIZATION_LEVEL = 0;
				GCC_PREPROCESSOR_DEFINITIONS = ("'CMAKE_INTDIR=\"$(CONFIGURATION)$(EFFECTIVE_PLATFORM_NAME)\"'");
				GCC_SYMBOLS_PRIVATE_EXTERN = NO;
				INSTALL_PATH = "";
				OTHER_LDFLAGS = " ";
				OTHER_REZFLAGS = "";
				PRODUCT_NAME = ALL_BUILD;
				SECTORDER_FLAGS = "";
				SYMROOT = "/Users/shanikawijerathna/projects/camid/video-app/xcode/lib/glfw";
				USE_HEADERMAP = NO;
				WARNING_CFLAGS = ("$(inherited)");
			};
			name = Release;
		};
		963AF04ED57944378C394F4E /* RelWithDebInfo */ = {
			isa = XCBuildConfiguration;
			buildSettings = {
				COMBINE_HIDPI_IMAGES = YES;
				GCC_GENERATE_DEBUGGING_SYMBOLS = YES;
				GCC_INLINES_ARE_PRIVATE_EXTERN = NO;
				GCC_OPTIMIZATION_LEVEL = 0;
				GCC_PREPROCESSOR_DEFINITIONS = ("'CMAKE_INTDIR=\"$(CONFIGURATION)$(EFFECTIVE_PLATFORM_NAME)\"'");
				GCC_SYMBOLS_PRIVATE_EXTERN = NO;
				INSTALL_PATH = "";
				OTHER_LDFLAGS = " ";
				OTHER_REZFLAGS = "";
				PRODUCT_NAME = ALL_BUILD;
				SECTORDER_FLAGS = "";
				SYMROOT = "/Users/shanikawijerathna/projects/camid/video-app/xcode/lib/glfw";
				USE_HEADERMAP = NO;
				WARNING_CFLAGS = ("$(inherited)");
			};
			name = RelWithDebInfo;
		};
		9E2A5D5B368C46F0A53C9455 /* Release */ = {
			isa = XCBuildConfiguration;
			buildSettings = {
				ONLY_ACTIVE_ARCH = YES;
				SDKROOT = /Applications/Xcode.app/Contents/Developer/Platforms/MacOSX.platform/Developer/SDKs/MacOSX10.15.sdk;
				SYMROOT = "/Users/shanikawijerathna/projects/camid/video-app/xcode/lib/glfw/build";
			};
			name = Release;
		};
		A2D0F9E923F24FEA9A9DA1E6 /* MinSizeRel */ = {
			isa = XCBuildConfiguration;
			buildSettings = {
				COMBINE_HIDPI_IMAGES = YES;
				GCC_GENERATE_DEBUGGING_SYMBOLS = YES;
				GCC_INLINES_ARE_PRIVATE_EXTERN = NO;
				GCC_OPTIMIZATION_LEVEL = 0;
				GCC_PREPROCESSOR_DEFINITIONS = ("'CMAKE_INTDIR=\"$(CONFIGURATION)$(EFFECTIVE_PLATFORM_NAME)\"'");
				GCC_SYMBOLS_PRIVATE_EXTERN = NO;
				INSTALL_PATH = "";
				OTHER_LDFLAGS = " ";
				OTHER_REZFLAGS = "";
				PRODUCT_NAME = install;
				SECTORDER_FLAGS = "";
				SYMROOT = "/Users/shanikawijerathna/projects/camid/video-app/xcode/lib/glfw";
				USE_HEADERMAP = NO;
				WARNING_CFLAGS = ("$(inherited)");
			};
			name = MinSizeRel;
		};
		C2026DEE78F5416FA909FC77 /* RelWithDebInfo */ = {
			isa = XCBuildConfiguration;
			buildSettings = {
				COMBINE_HIDPI_IMAGES = YES;
				GCC_GENERATE_DEBUGGING_SYMBOLS = YES;
				GCC_INLINES_ARE_PRIVATE_EXTERN = NO;
				GCC_OPTIMIZATION_LEVEL = 0;
				GCC_PREPROCESSOR_DEFINITIONS = ("'CMAKE_INTDIR=\"$(CONFIGURATION)$(EFFECTIVE_PLATFORM_NAME)\"'");
				GCC_SYMBOLS_PRIVATE_EXTERN = NO;
				INSTALL_PATH = "";
				OTHER_LDFLAGS = " ";
				OTHER_REZFLAGS = "";
				PRODUCT_NAME = install;
				SECTORDER_FLAGS = "";
				SYMROOT = "/Users/shanikawijerathna/projects/camid/video-app/xcode/lib/glfw";
				USE_HEADERMAP = NO;
				WARNING_CFLAGS = ("$(inherited)");
			};
			name = RelWithDebInfo;
		};
		D2F2B09E9D3E49CEAD873D7F /* Release */ = {
			isa = XCBuildConfiguration;
			buildSettings = {
				COMBINE_HIDPI_IMAGES = YES;
				EXECUTABLE_PREFIX = lib;
				EXECUTABLE_SUFFIX = .a;
				GCC_GENERATE_DEBUGGING_SYMBOLS = NO;
				GCC_INLINES_ARE_PRIVATE_EXTERN = NO;
				GCC_OPTIMIZATION_LEVEL = 3;
				GCC_PREPROCESSOR_DEFINITIONS = ("'CMAKE_INTDIR=\"$(CONFIGURATION)$(EFFECTIVE_PLATFORM_NAME)\"'",_GLFW_USE_CONFIG_H);
				GCC_SYMBOLS_PRIVATE_EXTERN = NO;
				HEADER_SEARCH_PATHS = ("/Users/shanikawijerathna/projects/camid/video-app/lib/glfw/include","/Users/shanikawijerathna/projects/camid/video-app/lib/glfw/src","/Users/shanikawijerathna/projects/camid/video-app/xcode/lib/glfw/src");
				INSTALL_PATH = "";
				LIBRARY_STYLE = STATIC;
				OTHER_CFLAGS = "    -DNDEBUG -fPIC -Wall '-std=c99'  ";
				OTHER_LIBTOOLFLAGS = " ";
				OTHER_REZFLAGS = "";
				PRODUCT_NAME = glfw3;
				SECTORDER_FLAGS = "";
				SYMROOT = "/Users/shanikawijerathna/projects/camid/video-app/xcode/lib/glfw/src";
				USE_HEADERMAP = NO;
				WARNING_CFLAGS = ("$(inherited)");
			};
			name = Release;
		};
		D944CD361B78431293D62803 /* Debug */ = {
			isa = XCBuildConfiguration;
			buildSettings = {
				COMBINE_HIDPI_IMAGES = YES;
				GCC_GENERATE_DEBUGGING_SYMBOLS = YES;
				GCC_INLINES_ARE_PRIVATE_EXTERN = NO;
				GCC_OPTIMIZATION_LEVEL = 0;
				GCC_PREPROCESSOR_DEFINITIONS = ("'CMAKE_INTDIR=\"$(CONFIGURATION)$(EFFECTIVE_PLATFORM_NAME)\"'");
				GCC_SYMBOLS_PRIVATE_EXTERN = NO;
				INSTALL_PATH = "";
				OTHER_LDFLAGS = " ";
				OTHER_REZFLAGS = "";
				PRODUCT_NAME = ZERO_CHECK;
				SECTORDER_FLAGS = "";
				SYMROOT = "/Users/shanikawijerathna/projects/camid/video-app/xcode/lib/glfw";
				USE_HEADERMAP = NO;
				WARNING_CFLAGS = ("$(inherited)");
			};
			name = Debug;
		};
		DCDC9D981DEE472F8AC2538F /* Release */ = {
			isa = XCBuildConfiguration;
			buildSettings = {
				COMBINE_HIDPI_IMAGES = YES;
				GCC_GENERATE_DEBUGGING_SYMBOLS = YES;
				GCC_INLINES_ARE_PRIVATE_EXTERN = NO;
				GCC_OPTIMIZATION_LEVEL = 0;
				GCC_PREPROCESSOR_DEFINITIONS = ("'CMAKE_INTDIR=\"$(CONFIGURATION)$(EFFECTIVE_PLATFORM_NAME)\"'");
				GCC_SYMBOLS_PRIVATE_EXTERN = NO;
				INSTALL_PATH = "";
				OTHER_LDFLAGS = " ";
				OTHER_REZFLAGS = "";
				PRODUCT_NAME = uninstall;
				SECTORDER_FLAGS = "";
				SYMROOT = "/Users/shanikawijerathna/projects/camid/video-app/xcode/lib/glfw";
				USE_HEADERMAP = NO;
				WARNING_CFLAGS = ("$(inherited)");
			};
			name = Release;
		};
		DD58E929838C49A0AAA7B18C /* RelWithDebInfo */ = {
			isa = XCBuildConfiguration;
			buildSettings = {
				COMBINE_HIDPI_IMAGES = YES;
				EXECUTABLE_PREFIX = lib;
				EXECUTABLE_SUFFIX = .a;
				GCC_GENERATE_DEBUGGING_SYMBOLS = YES;
				GCC_INLINES_ARE_PRIVATE_EXTERN = NO;
				GCC_OPTIMIZATION_LEVEL = 2;
				GCC_PREPROCESSOR_DEFINITIONS = ("'CMAKE_INTDIR=\"$(CONFIGURATION)$(EFFECTIVE_PLATFORM_NAME)\"'",_GLFW_USE_CONFIG_H);
				GCC_SYMBOLS_PRIVATE_EXTERN = NO;
				HEADER_SEARCH_PATHS = ("/Users/shanikawijerathna/projects/camid/video-app/lib/glfw/include","/Users/shanikawijerathna/projects/camid/video-app/lib/glfw/src","/Users/shanikawijerathna/projects/camid/video-app/xcode/lib/glfw/src");
				INSTALL_PATH = "";
				LIBRARY_STYLE = STATIC;
				OTHER_CFLAGS = "       -DNDEBUG -fPIC -Wall '-std=c99'  ";
				OTHER_LIBTOOLFLAGS = " ";
				OTHER_REZFLAGS = "";
				PRODUCT_NAME = glfw3;
				SECTORDER_FLAGS = "";
				SYMROOT = "/Users/shanikawijerathna/projects/camid/video-app/xcode/lib/glfw/src";
				USE_HEADERMAP = NO;
				WARNING_CFLAGS = ("$(inherited)");
			};
			name = RelWithDebInfo;
		};
		EBA465DCFF9846B3BDAD2A01 /* Debug */ = {
			isa = XCBuildConfiguration;
			buildSettings = {
				COMBINE_HIDPI_IMAGES = YES;
				GCC_GENERATE_DEBUGGING_SYMBOLS = YES;
				GCC_INLINES_ARE_PRIVATE_EXTERN = NO;
				GCC_OPTIMIZATION_LEVEL = 0;
				GCC_PREPROCESSOR_DEFINITIONS = ("'CMAKE_INTDIR=\"$(CONFIGURATION)$(EFFECTIVE_PLATFORM_NAME)\"'");
				GCC_SYMBOLS_PRIVATE_EXTERN = NO;
				INSTALL_PATH = "";
				OTHER_LDFLAGS = " ";
				OTHER_REZFLAGS = "";
				PRODUCT_NAME = ALL_BUILD;
				SECTORDER_FLAGS = "";
				SYMROOT = "/Users/shanikawijerathna/projects/camid/video-app/xcode/lib/glfw";
				USE_HEADERMAP = NO;
				WARNING_CFLAGS = ("$(inherited)");
			};
			name = Debug;
		};
		FE843859C8744A2191B83C74 /* MinSizeRel */ = {
			isa = XCBuildConfiguration;
			buildSettings = {
				COMBINE_HIDPI_IMAGES = YES;
				GCC_GENERATE_DEBUGGING_SYMBOLS = YES;
				GCC_INLINES_ARE_PRIVATE_EXTERN = NO;
				GCC_OPTIMIZATION_LEVEL = 0;
				GCC_PREPROCESSOR_DEFINITIONS = ("'CMAKE_INTDIR=\"$(CONFIGURATION)$(EFFECTIVE_PLATFORM_NAME)\"'");
				GCC_SYMBOLS_PRIVATE_EXTERN = NO;
				INSTALL_PATH = "";
				OTHER_LDFLAGS = " ";
				OTHER_REZFLAGS = "";
				PRODUCT_NAME = ZERO_CHECK;
				SECTORDER_FLAGS = "";
				SYMROOT = "/Users/shanikawijerathna/projects/camid/video-app/xcode/lib/glfw";
				USE_HEADERMAP = NO;
				WARNING_CFLAGS = ("$(inherited)");
			};
			name = MinSizeRel;
		};
		FF172FCA1C0D43EF946A44A7 /* Release */ = {
			isa = XCBuildConfiguration;
			buildSettings = {
				COMBINE_HIDPI_IMAGES = YES;
				GCC_GENERATE_DEBUGGING_SYMBOLS = YES;
				GCC_INLINES_ARE_PRIVATE_EXTERN = NO;
				GCC_OPTIMIZATION_LEVEL = 0;
				GCC_PREPROCESSOR_DEFINITIONS = ("'CMAKE_INTDIR=\"$(CONFIGURATION)$(EFFECTIVE_PLATFORM_NAME)\"'");
				GCC_SYMBOLS_PRIVATE_EXTERN = NO;
				INSTALL_PATH = "";
				OTHER_LDFLAGS = " ";
				OTHER_REZFLAGS = "";
				PRODUCT_NAME = ZERO_CHECK;
				SECTORDER_FLAGS = "";
				SYMROOT = "/Users/shanikawijerathna/projects/camid/video-app/xcode/lib/glfw";
				USE_HEADERMAP = NO;
				WARNING_CFLAGS = ("$(inherited)");
			};
			name = Release;
		};
/* End XCBuildConfiguration section */

/* Begin XCConfigurationList section */
		0A8E20E2445E49AABE897209 /* Build configuration list for PBXAggregateTarget "install" */ = {
			isa = XCConfigurationList;
			buildConfigurations = (
				21164E6F3E584970ABB11E94 /* Debug */,
				8B78B7519A5F4ECEBD7830FD /* Release */,
				A2D0F9E923F24FEA9A9DA1E6 /* MinSizeRel */,
				C2026DEE78F5416FA909FC77 /* RelWithDebInfo */,
			);
			defaultConfigurationIsVisible = 0;
			defaultConfigurationName = Debug;
		};
		20A81DBF070A40D6B1AB6AD2 /* Build configuration list for PBXAggregateTarget "ZERO_CHECK" */ = {
			isa = XCConfigurationList;
			buildConfigurations = (
				D944CD361B78431293D62803 /* Debug */,
				FF172FCA1C0D43EF946A44A7 /* Release */,
				FE843859C8744A2191B83C74 /* MinSizeRel */,
				860F4E52F67143F9990930EB /* RelWithDebInfo */,
			);
			defaultConfigurationIsVisible = 0;
			defaultConfigurationName = Debug;
		};
		2BA3F51FB5884467A0ADAA6B /* Build configuration list for PBXAggregateTarget "uninstall" */ = {
			isa = XCConfigurationList;
			buildConfigurations = (
				22E7DA066D3B4EA5A5FB1D00 /* Debug */,
				DCDC9D981DEE472F8AC2538F /* Release */,
				4C822B2CF7F044C69184EA92 /* MinSizeRel */,
				47E990FA7FB4413F8CFEFDE7 /* RelWithDebInfo */,
			);
			defaultConfigurationIsVisible = 0;
			defaultConfigurationName = Debug;
		};
		578364A74BEF4D1FB6D6F86D /* Build configuration list for PBXProject "GLFW" */ = {
			isa = XCConfigurationList;
			buildConfigurations = (
				1FA593D6754F4614968489B7 /* Debug */,
				9E2A5D5B368C46F0A53C9455 /* Release */,
				285EC622F49C4EECAAD567D9 /* MinSizeRel */,
				410C73ED8D444CE6A42673E5 /* RelWithDebInfo */,
			);
			defaultConfigurationIsVisible = 0;
			defaultConfigurationName = Debug;
		};
		82246935CA9C41CBADE19589 /* Build configuration list for PBXAggregateTarget "ALL_BUILD" */ = {
			isa = XCConfigurationList;
			buildConfigurations = (
				EBA465DCFF9846B3BDAD2A01 /* Debug */,
				95B9C4F4DB78457CB8C197CC /* Release */,
				55DECE918DA04536BDA90867 /* MinSizeRel */,
				963AF04ED57944378C394F4E /* RelWithDebInfo */,
			);
			defaultConfigurationIsVisible = 0;
			defaultConfigurationName = Debug;
		};
		E8754FFF250D4342ABDB8D6B /* Build configuration list for PBXNativeTarget "glfw" */ = {
			isa = XCConfigurationList;
			buildConfigurations = (
				4F2945944DDE49B0A400FB24 /* Debug */,
				D2F2B09E9D3E49CEAD873D7F /* Release */,
				3072FDBAE9074F4BBAA94638 /* MinSizeRel */,
				DD58E929838C49A0AAA7B18C /* RelWithDebInfo */,
			);
			defaultConfigurationIsVisible = 0;
			defaultConfigurationName = Debug;
		};
/* End XCConfigurationList section */
	};
	rootObject = E5216E0F0E7842F095C57B9E /* Project object */;
}
